
Microsoft Visual Studio Solution File, Format Version 11.00
# Visual Studio 2010
Project("{8BC9CEB8-8B4A-11D0-8D11-00A0C91BC942}") = "NUTS", "NUTS.vcxproj", "{D0670178-BE3B-4B70-A3B8-3861B10B04C6}"
EndProject
Project("{8BC9CEB8-8B4A-11D0-8D11-00A0C91BC942}") = "AcornDLL", "..\AcornDLL\AcornDLL.vcxproj", "{31D245BE-388B-4818-8959-E7C0BD197BDF}"
EndProject
Project("{8BC9CEB8-8B4A-11D0-8D11-00A0C91BC942}") = "CBMDLL", "..\CBMDLL\CBMDLL.vcxproj", "{74E247C7-AC26-42E2-AC75-8B6F19ECB287}"
EndProject
Project("{8BC9CEB8-8B4A-11D0-8D11-00A0C91BC942}") = "SinclairDLL", "..\SinclairDLL\SinclairDLL.vcxproj", "{9B5B2DC2-2D96-4FD0-8295-EAC43216754C}"
EndProject
Project("{8BC9CEB8-8B4A-11D0-8D11-00A0C91BC942}") = "AmigaDLL", "..\AmigaDLL\AmigaDLL.vcxproj", "{E3FA5BC5-B08E-457B-AED9-8CC639519496}"
EndProject
Global
	GlobalSection(SolutionConfigurationPlatforms) = preSolution
		Debug|Win32 = Debug|Win32
		Release|Win32 = Release|Win32
	EndGlobalSection
	GlobalSection(ProjectConfigurationPlatforms) = postSolution
		{D0670178-BE3B-4B70-A3B8-3861B10B04C6}.Debug|Win32.ActiveCfg = Debug|Win32
		{D0670178-BE3B-4B70-A3B8-3861B10B04C6}.Debug|Win32.Build.0 = Debug|Win32
		{D0670178-BE3B-4B70-A3B8-3861B10B04C6}.Release|Win32.ActiveCfg = Release|Win32
		{D0670178-BE3B-4B70-A3B8-3861B10B04C6}.Release|Win32.Build.0 = Release|Win32
		{31D245BE-388B-4818-8959-E7C0BD197BDF}.Debug|Win32.ActiveCfg = Debug|Win32
		{31D245BE-388B-4818-8959-E7C0BD197BDF}.Debug|Win32.Build.0 = Debug|Win32
		{31D245BE-388B-4818-8959-E7C0BD197BDF}.Release|Win32.ActiveCfg = Release|Win32
		{31D245BE-388B-4818-8959-E7C0BD197BDF}.Release|Win32.Build.0 = Release|Win32
		{74E247C7-AC26-42E2-AC75-8B6F19ECB287}.Debug|Win32.ActiveCfg = Debug|Win32
		{74E247C7-AC26-42E2-AC75-8B6F19ECB287}.Debug|Win32.Build.0 = Debug|Win32
		{74E247C7-AC26-42E2-AC75-8B6F19ECB287}.Release|Win32.ActiveCfg = Release|Win32
		{74E247C7-AC26-42E2-AC75-8B6F19ECB287}.Release|Win32.Build.0 = Release|Win32
		{9B5B2DC2-2D96-4FD0-8295-EAC43216754C}.Debug|Win32.ActiveCfg = Debug|Win32
		{9B5B2DC2-2D96-4FD0-8295-EAC43216754C}.Debug|Win32.Build.0 = Debug|Win32
		{9B5B2DC2-2D96-4FD0-8295-EAC43216754C}.Release|Win32.ActiveCfg = Release|Win32
		{9B5B2DC2-2D96-4FD0-8295-EAC43216754C}.Release|Win32.Build.0 = Release|Win32
		{E3FA5BC5-B08E-457B-AED9-8CC639519496}.Debug|Win32.ActiveCfg = Debug|Win32
		{E3FA5BC5-B08E-457B-AED9-8CC639519496}.Debug|Win32.Build.0 = Debug|Win32
		{E3FA5BC5-B08E-457B-AED9-8CC639519496}.Release|Win32.ActiveCfg = Release|Win32
		{E3FA5BC5-B08E-457B-AED9-8CC639519496}.Release|Win32.Build.0 = Release|Win32
	EndGlobalSection
	GlobalSection(SolutionProperties) = preSolution
		HideSolutionNode = FALSE
	EndGlobalSection
EndGlobal
