
Microsoft Visual Studio Solution File, Format Version 11.00
# Visual Studio 2010
Project("{8BC9CEB8-8B4A-11D0-8D11-00A0C91BC942}") = "NUTS", "NUTS.vcxproj", "{D0670178-BE3B-4B70-A3B8-3861B10B04C6}"
	ProjectSection(ProjectDependencies) = postProject
		{C2BA9F23-E697-29DC-3D5A-8A787920F081} = {C2BA9F23-E697-29DC-3D5A-8A787920F081}
		{778F702C-01A5-3643-9CA3-554202E321ED} = {778F702C-01A5-3643-9CA3-554202E321ED}
		{C490F8C7-D8E8-43C9-8D09-9BC8AB705098} = {C490F8C7-D8E8-43C9-8D09-9BC8AB705098}
		{AB6840C8-A6FC-4360-BD48-A1F026B03930} = {AB6840C8-A6FC-4360-BD48-A1F026B03930}
	EndProjectSection
EndProject
Project("{8BC9CEB8-8B4A-11D0-8D11-00A0C91BC942}") = "AcornDLL", "..\AcornDLL\AcornDLL.vcxproj", "{31D245BE-388B-4818-8959-E7C0BD197BDF}"
EndProject
Project("{8BC9CEB8-8B4A-11D0-8D11-00A0C91BC942}") = "CBMDLL", "..\CBMDLL\CBMDLL.vcxproj", "{74E247C7-AC26-42E2-AC75-8B6F19ECB287}"
EndProject
Project("{8BC9CEB8-8B4A-11D0-8D11-00A0C91BC942}") = "SinclairDLL", "..\SinclairDLL\SinclairDLL.vcxproj", "{9B5B2DC2-2D96-4FD0-8295-EAC43216754C}"
	ProjectSection(ProjectDependencies) = postProject
		{AB6840C8-A6FC-4360-BD48-A1F026B03930} = {AB6840C8-A6FC-4360-BD48-A1F026B03930}
	EndProjectSection
EndProject
Project("{8BC9CEB8-8B4A-11D0-8D11-00A0C91BC942}") = "AmigaDLL", "..\AmigaDLL\AmigaDLL.vcxproj", "{E3FA5BC5-B08E-457B-AED9-8CC639519496}"
EndProject
Project("{8BC9CEB8-8B4A-11D0-8D11-00A0C91BC942}") = "archive_static", "..\libarchive-3.4.3\libarchive\archive_static.vcxproj", "{778F702C-01A5-3643-9CA3-554202E321ED}"
	ProjectSection(ProjectDependencies) = postProject
		{C2BA9F23-E697-29DC-3D5A-8A787920F081} = {C2BA9F23-E697-29DC-3D5A-8A787920F081}
	EndProjectSection
EndProject
Project("{8BC9CEB8-8B4A-11D0-8D11-00A0C91BC942}") = "zlib", "..\zlib-1.2.3\projects\visualc6\zlib.vcxproj", "{C2BA9F23-E697-29DC-3D5A-8A787920F081}"
EndProject
Project("{8BC9CEB8-8B4A-11D0-8D11-00A0C91BC942}") = "libzip-static", "..\libzip\build-VS2010\libzip-static\libzip-static.vcxproj", "{C490F8C7-D8E8-43C9-8D09-9BC8AB705098}"
EndProject
Project("{8BC9CEB8-8B4A-11D0-8D11-00A0C91BC942}") = "AmstradDLL", "..\AmstradDLL\AmstradDLL.vcxproj", "{02C268A9-6FE3-4B49-B920-0A843454C7D6}"
	ProjectSection(ProjectDependencies) = postProject
		{AB6840C8-A6FC-4360-BD48-A1F026B03930} = {AB6840C8-A6FC-4360-BD48-A1F026B03930}
	EndProjectSection
EndProject
Project("{930C7802-8A8C-48F9-8165-68863BCCD9DD}") = "Installer", "..\SetupProject1\Installer.wixproj", "{A2FE64B5-A00E-404A-AF5E-C5B216D46DC6}"
	ProjectSection(ProjectDependencies) = postProject
		{D0DDBF0F-314F-4923-AAF2-175920918E4E} = {D0DDBF0F-314F-4923-AAF2-175920918E4E}
	EndProjectSection
EndProject
Project("{8BC9CEB8-8B4A-11D0-8D11-00A0C91BC942}") = "TZXConfig", "..\TZXConfig\TZXConfig.vcxproj", "{AB6840C8-A6FC-4360-BD48-A1F026B03930}"
EndProject
Project("{8BC9CEB8-8B4A-11D0-8D11-00A0C91BC942}") = "AppleDLL", "..\AppleDLL\AppleDLL.vcxproj", "{D0DDBF0F-314F-4923-AAF2-175920918E4E}"
EndProject
Global
	GlobalSection(SolutionConfigurationPlatforms) = preSolution
		Debug|Mixed Platforms = Debug|Mixed Platforms
		Debug|Win32 = Debug|Win32
		Debug|x64 = Debug|x64
		Debug|x86 = Debug|x86
		DLL ASM Debug|Mixed Platforms = DLL ASM Debug|Mixed Platforms
		DLL ASM Debug|Win32 = DLL ASM Debug|Win32
		DLL ASM Debug|x64 = DLL ASM Debug|x64
		DLL ASM Debug|x86 = DLL ASM Debug|x86
		DLL ASM Release|Mixed Platforms = DLL ASM Release|Mixed Platforms
		DLL ASM Release|Win32 = DLL ASM Release|Win32
		DLL ASM Release|x64 = DLL ASM Release|x64
		DLL ASM Release|x86 = DLL ASM Release|x86
		DLL Debug|Mixed Platforms = DLL Debug|Mixed Platforms
		DLL Debug|Win32 = DLL Debug|Win32
		DLL Debug|x64 = DLL Debug|x64
		DLL Debug|x86 = DLL Debug|x86
		DLL Release|Mixed Platforms = DLL Release|Mixed Platforms
		DLL Release|Win32 = DLL Release|Win32
		DLL Release|x64 = DLL Release|x64
		DLL Release|x86 = DLL Release|x86
		LIB ASM Debug|Mixed Platforms = LIB ASM Debug|Mixed Platforms
		LIB ASM Debug|Win32 = LIB ASM Debug|Win32
		LIB ASM Debug|x64 = LIB ASM Debug|x64
		LIB ASM Debug|x86 = LIB ASM Debug|x86
		LIB ASM Release|Mixed Platforms = LIB ASM Release|Mixed Platforms
		LIB ASM Release|Win32 = LIB ASM Release|Win32
		LIB ASM Release|x64 = LIB ASM Release|x64
		LIB ASM Release|x86 = LIB ASM Release|x86
		LIB Debug|Mixed Platforms = LIB Debug|Mixed Platforms
		LIB Debug|Win32 = LIB Debug|Win32
		LIB Debug|x64 = LIB Debug|x64
		LIB Debug|x86 = LIB Debug|x86
		LIB Release|Mixed Platforms = LIB Release|Mixed Platforms
		LIB Release|Win32 = LIB Release|Win32
		LIB Release|x64 = LIB Release|x64
		LIB Release|x86 = LIB Release|x86
		MinSizeRel|Mixed Platforms = MinSizeRel|Mixed Platforms
		MinSizeRel|Win32 = MinSizeRel|Win32
		MinSizeRel|x64 = MinSizeRel|x64
		MinSizeRel|x86 = MinSizeRel|x86
		Release|Mixed Platforms = Release|Mixed Platforms
		Release|Win32 = Release|Win32
		Release|x64 = Release|x64
		Release|x86 = Release|x86
		RelWithDebInfo|Mixed Platforms = RelWithDebInfo|Mixed Platforms
		RelWithDebInfo|Win32 = RelWithDebInfo|Win32
		RelWithDebInfo|x64 = RelWithDebInfo|x64
		RelWithDebInfo|x86 = RelWithDebInfo|x86
	EndGlobalSection
	GlobalSection(ProjectConfigurationPlatforms) = postSolution
		{D0670178-BE3B-4B70-A3B8-3861B10B04C6}.Debug|Mixed Platforms.ActiveCfg = Debug|x64
		{D0670178-BE3B-4B70-A3B8-3861B10B04C6}.Debug|Mixed Platforms.Build.0 = Debug|x64
		{D0670178-BE3B-4B70-A3B8-3861B10B04C6}.Debug|Win32.ActiveCfg = Debug|Win32
		{D0670178-BE3B-4B70-A3B8-3861B10B04C6}.Debug|Win32.Build.0 = Debug|Win32
		{D0670178-BE3B-4B70-A3B8-3861B10B04C6}.Debug|x64.ActiveCfg = Debug|x64
		{D0670178-BE3B-4B70-A3B8-3861B10B04C6}.Debug|x64.Build.0 = Debug|x64
		{D0670178-BE3B-4B70-A3B8-3861B10B04C6}.Debug|x86.ActiveCfg = Debug|x64
		{D0670178-BE3B-4B70-A3B8-3861B10B04C6}.DLL ASM Debug|Mixed Platforms.ActiveCfg = Debug|x64
		{D0670178-BE3B-4B70-A3B8-3861B10B04C6}.DLL ASM Debug|Mixed Platforms.Build.0 = Debug|x64
		{D0670178-BE3B-4B70-A3B8-3861B10B04C6}.DLL ASM Debug|Win32.ActiveCfg = Debug|Win32
		{D0670178-BE3B-4B70-A3B8-3861B10B04C6}.DLL ASM Debug|Win32.Build.0 = Debug|Win32
		{D0670178-BE3B-4B70-A3B8-3861B10B04C6}.DLL ASM Debug|x64.ActiveCfg = Debug|x64
		{D0670178-BE3B-4B70-A3B8-3861B10B04C6}.DLL ASM Debug|x64.Build.0 = Debug|x64
		{D0670178-BE3B-4B70-A3B8-3861B10B04C6}.DLL ASM Debug|x86.ActiveCfg = Debug|x64
		{D0670178-BE3B-4B70-A3B8-3861B10B04C6}.DLL ASM Release|Mixed Platforms.ActiveCfg = Release|x64
		{D0670178-BE3B-4B70-A3B8-3861B10B04C6}.DLL ASM Release|Mixed Platforms.Build.0 = Release|x64
		{D0670178-BE3B-4B70-A3B8-3861B10B04C6}.DLL ASM Release|Win32.ActiveCfg = Release|Win32
		{D0670178-BE3B-4B70-A3B8-3861B10B04C6}.DLL ASM Release|Win32.Build.0 = Release|Win32
		{D0670178-BE3B-4B70-A3B8-3861B10B04C6}.DLL ASM Release|x64.ActiveCfg = Release|x64
		{D0670178-BE3B-4B70-A3B8-3861B10B04C6}.DLL ASM Release|x64.Build.0 = Release|x64
		{D0670178-BE3B-4B70-A3B8-3861B10B04C6}.DLL ASM Release|x86.ActiveCfg = Release|x64
		{D0670178-BE3B-4B70-A3B8-3861B10B04C6}.DLL Debug|Mixed Platforms.ActiveCfg = Debug|x64
		{D0670178-BE3B-4B70-A3B8-3861B10B04C6}.DLL Debug|Mixed Platforms.Build.0 = Debug|x64
		{D0670178-BE3B-4B70-A3B8-3861B10B04C6}.DLL Debug|Win32.ActiveCfg = Debug|Win32
		{D0670178-BE3B-4B70-A3B8-3861B10B04C6}.DLL Debug|Win32.Build.0 = Debug|Win32
		{D0670178-BE3B-4B70-A3B8-3861B10B04C6}.DLL Debug|x64.ActiveCfg = Debug|x64
		{D0670178-BE3B-4B70-A3B8-3861B10B04C6}.DLL Debug|x64.Build.0 = Debug|x64
		{D0670178-BE3B-4B70-A3B8-3861B10B04C6}.DLL Debug|x86.ActiveCfg = Debug|x64
		{D0670178-BE3B-4B70-A3B8-3861B10B04C6}.DLL Release|Mixed Platforms.ActiveCfg = Release|x64
		{D0670178-BE3B-4B70-A3B8-3861B10B04C6}.DLL Release|Mixed Platforms.Build.0 = Release|x64
		{D0670178-BE3B-4B70-A3B8-3861B10B04C6}.DLL Release|Win32.ActiveCfg = Release|Win32
		{D0670178-BE3B-4B70-A3B8-3861B10B04C6}.DLL Release|Win32.Build.0 = Release|Win32
		{D0670178-BE3B-4B70-A3B8-3861B10B04C6}.DLL Release|x64.ActiveCfg = Release|x64
		{D0670178-BE3B-4B70-A3B8-3861B10B04C6}.DLL Release|x64.Build.0 = Release|x64
		{D0670178-BE3B-4B70-A3B8-3861B10B04C6}.DLL Release|x86.ActiveCfg = Release|x64
		{D0670178-BE3B-4B70-A3B8-3861B10B04C6}.LIB ASM Debug|Mixed Platforms.ActiveCfg = Debug|x64
		{D0670178-BE3B-4B70-A3B8-3861B10B04C6}.LIB ASM Debug|Mixed Platforms.Build.0 = Debug|x64
		{D0670178-BE3B-4B70-A3B8-3861B10B04C6}.LIB ASM Debug|Win32.ActiveCfg = Debug|Win32
		{D0670178-BE3B-4B70-A3B8-3861B10B04C6}.LIB ASM Debug|Win32.Build.0 = Debug|Win32
		{D0670178-BE3B-4B70-A3B8-3861B10B04C6}.LIB ASM Debug|x64.ActiveCfg = Debug|x64
		{D0670178-BE3B-4B70-A3B8-3861B10B04C6}.LIB ASM Debug|x64.Build.0 = Debug|x64
		{D0670178-BE3B-4B70-A3B8-3861B10B04C6}.LIB ASM Debug|x86.ActiveCfg = Debug|x64
		{D0670178-BE3B-4B70-A3B8-3861B10B04C6}.LIB ASM Release|Mixed Platforms.ActiveCfg = Release|x64
		{D0670178-BE3B-4B70-A3B8-3861B10B04C6}.LIB ASM Release|Mixed Platforms.Build.0 = Release|x64
		{D0670178-BE3B-4B70-A3B8-3861B10B04C6}.LIB ASM Release|Win32.ActiveCfg = Release|Win32
		{D0670178-BE3B-4B70-A3B8-3861B10B04C6}.LIB ASM Release|Win32.Build.0 = Release|Win32
		{D0670178-BE3B-4B70-A3B8-3861B10B04C6}.LIB ASM Release|x64.ActiveCfg = Release|x64
		{D0670178-BE3B-4B70-A3B8-3861B10B04C6}.LIB ASM Release|x64.Build.0 = Release|x64
		{D0670178-BE3B-4B70-A3B8-3861B10B04C6}.LIB ASM Release|x86.ActiveCfg = Release|x64
		{D0670178-BE3B-4B70-A3B8-3861B10B04C6}.LIB Debug|Mixed Platforms.ActiveCfg = Debug|x64
		{D0670178-BE3B-4B70-A3B8-3861B10B04C6}.LIB Debug|Mixed Platforms.Build.0 = Debug|x64
		{D0670178-BE3B-4B70-A3B8-3861B10B04C6}.LIB Debug|Win32.ActiveCfg = Debug|Win32
		{D0670178-BE3B-4B70-A3B8-3861B10B04C6}.LIB Debug|Win32.Build.0 = Debug|Win32
		{D0670178-BE3B-4B70-A3B8-3861B10B04C6}.LIB Debug|x64.ActiveCfg = Debug|x64
		{D0670178-BE3B-4B70-A3B8-3861B10B04C6}.LIB Debug|x64.Build.0 = Debug|x64
		{D0670178-BE3B-4B70-A3B8-3861B10B04C6}.LIB Debug|x86.ActiveCfg = Debug|x64
		{D0670178-BE3B-4B70-A3B8-3861B10B04C6}.LIB Release|Mixed Platforms.ActiveCfg = Release|x64
		{D0670178-BE3B-4B70-A3B8-3861B10B04C6}.LIB Release|Mixed Platforms.Build.0 = Release|x64
		{D0670178-BE3B-4B70-A3B8-3861B10B04C6}.LIB Release|Win32.ActiveCfg = Release|Win32
		{D0670178-BE3B-4B70-A3B8-3861B10B04C6}.LIB Release|Win32.Build.0 = Release|Win32
		{D0670178-BE3B-4B70-A3B8-3861B10B04C6}.LIB Release|x64.ActiveCfg = Release|x64
		{D0670178-BE3B-4B70-A3B8-3861B10B04C6}.LIB Release|x64.Build.0 = Release|x64
		{D0670178-BE3B-4B70-A3B8-3861B10B04C6}.LIB Release|x86.ActiveCfg = Release|x64
		{D0670178-BE3B-4B70-A3B8-3861B10B04C6}.MinSizeRel|Mixed Platforms.ActiveCfg = Release|x64
		{D0670178-BE3B-4B70-A3B8-3861B10B04C6}.MinSizeRel|Mixed Platforms.Build.0 = Release|x64
		{D0670178-BE3B-4B70-A3B8-3861B10B04C6}.MinSizeRel|Win32.ActiveCfg = Release|x64
		{D0670178-BE3B-4B70-A3B8-3861B10B04C6}.MinSizeRel|x64.ActiveCfg = Release|x64
		{D0670178-BE3B-4B70-A3B8-3861B10B04C6}.MinSizeRel|x64.Build.0 = Release|x64
		{D0670178-BE3B-4B70-A3B8-3861B10B04C6}.MinSizeRel|x86.ActiveCfg = Release|x64
		{D0670178-BE3B-4B70-A3B8-3861B10B04C6}.Release|Mixed Platforms.ActiveCfg = Release|x64
		{D0670178-BE3B-4B70-A3B8-3861B10B04C6}.Release|Mixed Platforms.Build.0 = Release|x64
		{D0670178-BE3B-4B70-A3B8-3861B10B04C6}.Release|Win32.ActiveCfg = Release|Win32
		{D0670178-BE3B-4B70-A3B8-3861B10B04C6}.Release|Win32.Build.0 = Release|Win32
		{D0670178-BE3B-4B70-A3B8-3861B10B04C6}.Release|x64.ActiveCfg = Release|x64
		{D0670178-BE3B-4B70-A3B8-3861B10B04C6}.Release|x64.Build.0 = Release|x64
		{D0670178-BE3B-4B70-A3B8-3861B10B04C6}.Release|x86.ActiveCfg = Release|x64
		{D0670178-BE3B-4B70-A3B8-3861B10B04C6}.RelWithDebInfo|Mixed Platforms.ActiveCfg = Release|x64
		{D0670178-BE3B-4B70-A3B8-3861B10B04C6}.RelWithDebInfo|Mixed Platforms.Build.0 = Release|x64
		{D0670178-BE3B-4B70-A3B8-3861B10B04C6}.RelWithDebInfo|Win32.ActiveCfg = Release|x64
		{D0670178-BE3B-4B70-A3B8-3861B10B04C6}.RelWithDebInfo|x64.ActiveCfg = Release|x64
		{D0670178-BE3B-4B70-A3B8-3861B10B04C6}.RelWithDebInfo|x64.Build.0 = Release|x64
		{D0670178-BE3B-4B70-A3B8-3861B10B04C6}.RelWithDebInfo|x86.ActiveCfg = Release|x64
		{31D245BE-388B-4818-8959-E7C0BD197BDF}.Debug|Mixed Platforms.ActiveCfg = Debug|x64
		{31D245BE-388B-4818-8959-E7C0BD197BDF}.Debug|Mixed Platforms.Build.0 = Debug|x64
		{31D245BE-388B-4818-8959-E7C0BD197BDF}.Debug|Win32.ActiveCfg = Debug|Win32
		{31D245BE-388B-4818-8959-E7C0BD197BDF}.Debug|Win32.Build.0 = Debug|Win32
		{31D245BE-388B-4818-8959-E7C0BD197BDF}.Debug|x64.ActiveCfg = Debug|x64
		{31D245BE-388B-4818-8959-E7C0BD197BDF}.Debug|x64.Build.0 = Debug|x64
		{31D245BE-388B-4818-8959-E7C0BD197BDF}.Debug|x86.ActiveCfg = Debug|x64
		{31D245BE-388B-4818-8959-E7C0BD197BDF}.DLL ASM Debug|Mixed Platforms.ActiveCfg = Debug|x64
		{31D245BE-388B-4818-8959-E7C0BD197BDF}.DLL ASM Debug|Mixed Platforms.Build.0 = Debug|x64
		{31D245BE-388B-4818-8959-E7C0BD197BDF}.DLL ASM Debug|Win32.ActiveCfg = Debug|Win32
		{31D245BE-388B-4818-8959-E7C0BD197BDF}.DLL ASM Debug|Win32.Build.0 = Debug|Win32
		{31D245BE-388B-4818-8959-E7C0BD197BDF}.DLL ASM Debug|x64.ActiveCfg = Debug|x64
		{31D245BE-388B-4818-8959-E7C0BD197BDF}.DLL ASM Debug|x64.Build.0 = Debug|x64
		{31D245BE-388B-4818-8959-E7C0BD197BDF}.DLL ASM Debug|x86.ActiveCfg = Debug|x64
		{31D245BE-388B-4818-8959-E7C0BD197BDF}.DLL ASM Release|Mixed Platforms.ActiveCfg = Release|x64
		{31D245BE-388B-4818-8959-E7C0BD197BDF}.DLL ASM Release|Mixed Platforms.Build.0 = Release|x64
		{31D245BE-388B-4818-8959-E7C0BD197BDF}.DLL ASM Release|Win32.ActiveCfg = Release|Win32
		{31D245BE-388B-4818-8959-E7C0BD197BDF}.DLL ASM Release|Win32.Build.0 = Release|Win32
		{31D245BE-388B-4818-8959-E7C0BD197BDF}.DLL ASM Release|x64.ActiveCfg = Release|x64
		{31D245BE-388B-4818-8959-E7C0BD197BDF}.DLL ASM Release|x64.Build.0 = Release|x64
		{31D245BE-388B-4818-8959-E7C0BD197BDF}.DLL ASM Release|x86.ActiveCfg = Release|x64
		{31D245BE-388B-4818-8959-E7C0BD197BDF}.DLL Debug|Mixed Platforms.ActiveCfg = Debug|x64
		{31D245BE-388B-4818-8959-E7C0BD197BDF}.DLL Debug|Mixed Platforms.Build.0 = Debug|x64
		{31D245BE-388B-4818-8959-E7C0BD197BDF}.DLL Debug|Win32.ActiveCfg = Debug|Win32
		{31D245BE-388B-4818-8959-E7C0BD197BDF}.DLL Debug|Win32.Build.0 = Debug|Win32
		{31D245BE-388B-4818-8959-E7C0BD197BDF}.DLL Debug|x64.ActiveCfg = Debug|x64
		{31D245BE-388B-4818-8959-E7C0BD197BDF}.DLL Debug|x64.Build.0 = Debug|x64
		{31D245BE-388B-4818-8959-E7C0BD197BDF}.DLL Debug|x86.ActiveCfg = Debug|x64
		{31D245BE-388B-4818-8959-E7C0BD197BDF}.DLL Release|Mixed Platforms.ActiveCfg = Release|x64
		{31D245BE-388B-4818-8959-E7C0BD197BDF}.DLL Release|Mixed Platforms.Build.0 = Release|x64
		{31D245BE-388B-4818-8959-E7C0BD197BDF}.DLL Release|Win32.ActiveCfg = Release|Win32
		{31D245BE-388B-4818-8959-E7C0BD197BDF}.DLL Release|Win32.Build.0 = Release|Win32
		{31D245BE-388B-4818-8959-E7C0BD197BDF}.DLL Release|x64.ActiveCfg = Release|x64
		{31D245BE-388B-4818-8959-E7C0BD197BDF}.DLL Release|x64.Build.0 = Release|x64
		{31D245BE-388B-4818-8959-E7C0BD197BDF}.DLL Release|x86.ActiveCfg = Release|x64
		{31D245BE-388B-4818-8959-E7C0BD197BDF}.LIB ASM Debug|Mixed Platforms.ActiveCfg = Debug|x64
		{31D245BE-388B-4818-8959-E7C0BD197BDF}.LIB ASM Debug|Mixed Platforms.Build.0 = Debug|x64
		{31D245BE-388B-4818-8959-E7C0BD197BDF}.LIB ASM Debug|Win32.ActiveCfg = Debug|Win32
		{31D245BE-388B-4818-8959-E7C0BD197BDF}.LIB ASM Debug|Win32.Build.0 = Debug|Win32
		{31D245BE-388B-4818-8959-E7C0BD197BDF}.LIB ASM Debug|x64.ActiveCfg = Debug|x64
		{31D245BE-388B-4818-8959-E7C0BD197BDF}.LIB ASM Debug|x64.Build.0 = Debug|x64
		{31D245BE-388B-4818-8959-E7C0BD197BDF}.LIB ASM Debug|x86.ActiveCfg = Debug|x64
		{31D245BE-388B-4818-8959-E7C0BD197BDF}.LIB ASM Release|Mixed Platforms.ActiveCfg = Release|x64
		{31D245BE-388B-4818-8959-E7C0BD197BDF}.LIB ASM Release|Mixed Platforms.Build.0 = Release|x64
		{31D245BE-388B-4818-8959-E7C0BD197BDF}.LIB ASM Release|Win32.ActiveCfg = Release|Win32
		{31D245BE-388B-4818-8959-E7C0BD197BDF}.LIB ASM Release|Win32.Build.0 = Release|Win32
		{31D245BE-388B-4818-8959-E7C0BD197BDF}.LIB ASM Release|x64.ActiveCfg = Release|x64
		{31D245BE-388B-4818-8959-E7C0BD197BDF}.LIB ASM Release|x64.Build.0 = Release|x64
		{31D245BE-388B-4818-8959-E7C0BD197BDF}.LIB ASM Release|x86.ActiveCfg = Release|x64
		{31D245BE-388B-4818-8959-E7C0BD197BDF}.LIB Debug|Mixed Platforms.ActiveCfg = Debug|x64
		{31D245BE-388B-4818-8959-E7C0BD197BDF}.LIB Debug|Mixed Platforms.Build.0 = Debug|x64
		{31D245BE-388B-4818-8959-E7C0BD197BDF}.LIB Debug|Win32.ActiveCfg = Debug|Win32
		{31D245BE-388B-4818-8959-E7C0BD197BDF}.LIB Debug|Win32.Build.0 = Debug|Win32
		{31D245BE-388B-4818-8959-E7C0BD197BDF}.LIB Debug|x64.ActiveCfg = Debug|x64
		{31D245BE-388B-4818-8959-E7C0BD197BDF}.LIB Debug|x64.Build.0 = Debug|x64
		{31D245BE-388B-4818-8959-E7C0BD197BDF}.LIB Debug|x86.ActiveCfg = Debug|x64
		{31D245BE-388B-4818-8959-E7C0BD197BDF}.LIB Release|Mixed Platforms.ActiveCfg = Release|x64
		{31D245BE-388B-4818-8959-E7C0BD197BDF}.LIB Release|Mixed Platforms.Build.0 = Release|x64
		{31D245BE-388B-4818-8959-E7C0BD197BDF}.LIB Release|Win32.ActiveCfg = Release|Win32
		{31D245BE-388B-4818-8959-E7C0BD197BDF}.LIB Release|Win32.Build.0 = Release|Win32
		{31D245BE-388B-4818-8959-E7C0BD197BDF}.LIB Release|x64.ActiveCfg = Release|x64
		{31D245BE-388B-4818-8959-E7C0BD197BDF}.LIB Release|x64.Build.0 = Release|x64
		{31D245BE-388B-4818-8959-E7C0BD197BDF}.LIB Release|x86.ActiveCfg = Release|x64
		{31D245BE-388B-4818-8959-E7C0BD197BDF}.MinSizeRel|Mixed Platforms.ActiveCfg = Release|x64
		{31D245BE-388B-4818-8959-E7C0BD197BDF}.MinSizeRel|Mixed Platforms.Build.0 = Release|x64
		{31D245BE-388B-4818-8959-E7C0BD197BDF}.MinSizeRel|Win32.ActiveCfg = Release|x64
		{31D245BE-388B-4818-8959-E7C0BD197BDF}.MinSizeRel|x64.ActiveCfg = Release|x64
		{31D245BE-388B-4818-8959-E7C0BD197BDF}.MinSizeRel|x64.Build.0 = Release|x64
		{31D245BE-388B-4818-8959-E7C0BD197BDF}.MinSizeRel|x86.ActiveCfg = Release|x64
		{31D245BE-388B-4818-8959-E7C0BD197BDF}.Release|Mixed Platforms.ActiveCfg = Release|x64
		{31D245BE-388B-4818-8959-E7C0BD197BDF}.Release|Mixed Platforms.Build.0 = Release|x64
		{31D245BE-388B-4818-8959-E7C0BD197BDF}.Release|Win32.ActiveCfg = Release|Win32
		{31D245BE-388B-4818-8959-E7C0BD197BDF}.Release|Win32.Build.0 = Release|Win32
		{31D245BE-388B-4818-8959-E7C0BD197BDF}.Release|x64.ActiveCfg = Release|x64
		{31D245BE-388B-4818-8959-E7C0BD197BDF}.Release|x64.Build.0 = Release|x64
		{31D245BE-388B-4818-8959-E7C0BD197BDF}.Release|x86.ActiveCfg = Release|x64
		{31D245BE-388B-4818-8959-E7C0BD197BDF}.RelWithDebInfo|Mixed Platforms.ActiveCfg = Release|x64
		{31D245BE-388B-4818-8959-E7C0BD197BDF}.RelWithDebInfo|Mixed Platforms.Build.0 = Release|x64
		{31D245BE-388B-4818-8959-E7C0BD197BDF}.RelWithDebInfo|Win32.ActiveCfg = Release|x64
		{31D245BE-388B-4818-8959-E7C0BD197BDF}.RelWithDebInfo|x64.ActiveCfg = Release|x64
		{31D245BE-388B-4818-8959-E7C0BD197BDF}.RelWithDebInfo|x64.Build.0 = Release|x64
		{31D245BE-388B-4818-8959-E7C0BD197BDF}.RelWithDebInfo|x86.ActiveCfg = Release|x64
		{74E247C7-AC26-42E2-AC75-8B6F19ECB287}.Debug|Mixed Platforms.ActiveCfg = Debug|x64
		{74E247C7-AC26-42E2-AC75-8B6F19ECB287}.Debug|Mixed Platforms.Build.0 = Debug|x64
		{74E247C7-AC26-42E2-AC75-8B6F19ECB287}.Debug|Win32.ActiveCfg = Debug|Win32
		{74E247C7-AC26-42E2-AC75-8B6F19ECB287}.Debug|Win32.Build.0 = Debug|Win32
		{74E247C7-AC26-42E2-AC75-8B6F19ECB287}.Debug|x64.ActiveCfg = Debug|x64
		{74E247C7-AC26-42E2-AC75-8B6F19ECB287}.Debug|x64.Build.0 = Debug|x64
		{74E247C7-AC26-42E2-AC75-8B6F19ECB287}.Debug|x86.ActiveCfg = Debug|x64
		{74E247C7-AC26-42E2-AC75-8B6F19ECB287}.DLL ASM Debug|Mixed Platforms.ActiveCfg = Debug|x64
		{74E247C7-AC26-42E2-AC75-8B6F19ECB287}.DLL ASM Debug|Mixed Platforms.Build.0 = Debug|x64
		{74E247C7-AC26-42E2-AC75-8B6F19ECB287}.DLL ASM Debug|Win32.ActiveCfg = Debug|Win32
		{74E247C7-AC26-42E2-AC75-8B6F19ECB287}.DLL ASM Debug|Win32.Build.0 = Debug|Win32
		{74E247C7-AC26-42E2-AC75-8B6F19ECB287}.DLL ASM Debug|x64.ActiveCfg = Debug|x64
		{74E247C7-AC26-42E2-AC75-8B6F19ECB287}.DLL ASM Debug|x64.Build.0 = Debug|x64
		{74E247C7-AC26-42E2-AC75-8B6F19ECB287}.DLL ASM Debug|x86.ActiveCfg = Debug|x64
		{74E247C7-AC26-42E2-AC75-8B6F19ECB287}.DLL ASM Release|Mixed Platforms.ActiveCfg = Release|x64
		{74E247C7-AC26-42E2-AC75-8B6F19ECB287}.DLL ASM Release|Mixed Platforms.Build.0 = Release|x64
		{74E247C7-AC26-42E2-AC75-8B6F19ECB287}.DLL ASM Release|Win32.ActiveCfg = Release|Win32
		{74E247C7-AC26-42E2-AC75-8B6F19ECB287}.DLL ASM Release|Win32.Build.0 = Release|Win32
		{74E247C7-AC26-42E2-AC75-8B6F19ECB287}.DLL ASM Release|x64.ActiveCfg = Release|x64
		{74E247C7-AC26-42E2-AC75-8B6F19ECB287}.DLL ASM Release|x64.Build.0 = Release|x64
		{74E247C7-AC26-42E2-AC75-8B6F19ECB287}.DLL ASM Release|x86.ActiveCfg = Release|x64
		{74E247C7-AC26-42E2-AC75-8B6F19ECB287}.DLL Debug|Mixed Platforms.ActiveCfg = Debug|x64
		{74E247C7-AC26-42E2-AC75-8B6F19ECB287}.DLL Debug|Mixed Platforms.Build.0 = Debug|x64
		{74E247C7-AC26-42E2-AC75-8B6F19ECB287}.DLL Debug|Win32.ActiveCfg = Debug|Win32
		{74E247C7-AC26-42E2-AC75-8B6F19ECB287}.DLL Debug|Win32.Build.0 = Debug|Win32
		{74E247C7-AC26-42E2-AC75-8B6F19ECB287}.DLL Debug|x64.ActiveCfg = Debug|x64
		{74E247C7-AC26-42E2-AC75-8B6F19ECB287}.DLL Debug|x64.Build.0 = Debug|x64
		{74E247C7-AC26-42E2-AC75-8B6F19ECB287}.DLL Debug|x86.ActiveCfg = Debug|x64
		{74E247C7-AC26-42E2-AC75-8B6F19ECB287}.DLL Release|Mixed Platforms.ActiveCfg = Release|x64
		{74E247C7-AC26-42E2-AC75-8B6F19ECB287}.DLL Release|Mixed Platforms.Build.0 = Release|x64
		{74E247C7-AC26-42E2-AC75-8B6F19ECB287}.DLL Release|Win32.ActiveCfg = Release|Win32
		{74E247C7-AC26-42E2-AC75-8B6F19ECB287}.DLL Release|Win32.Build.0 = Release|Win32
		{74E247C7-AC26-42E2-AC75-8B6F19ECB287}.DLL Release|x64.ActiveCfg = Release|x64
		{74E247C7-AC26-42E2-AC75-8B6F19ECB287}.DLL Release|x64.Build.0 = Release|x64
		{74E247C7-AC26-42E2-AC75-8B6F19ECB287}.DLL Release|x86.ActiveCfg = Release|x64
		{74E247C7-AC26-42E2-AC75-8B6F19ECB287}.LIB ASM Debug|Mixed Platforms.ActiveCfg = Debug|x64
		{74E247C7-AC26-42E2-AC75-8B6F19ECB287}.LIB ASM Debug|Mixed Platforms.Build.0 = Debug|x64
		{74E247C7-AC26-42E2-AC75-8B6F19ECB287}.LIB ASM Debug|Win32.ActiveCfg = Debug|Win32
		{74E247C7-AC26-42E2-AC75-8B6F19ECB287}.LIB ASM Debug|Win32.Build.0 = Debug|Win32
		{74E247C7-AC26-42E2-AC75-8B6F19ECB287}.LIB ASM Debug|x64.ActiveCfg = Debug|x64
		{74E247C7-AC26-42E2-AC75-8B6F19ECB287}.LIB ASM Debug|x64.Build.0 = Debug|x64
		{74E247C7-AC26-42E2-AC75-8B6F19ECB287}.LIB ASM Debug|x86.ActiveCfg = Debug|x64
		{74E247C7-AC26-42E2-AC75-8B6F19ECB287}.LIB ASM Release|Mixed Platforms.ActiveCfg = Release|x64
		{74E247C7-AC26-42E2-AC75-8B6F19ECB287}.LIB ASM Release|Mixed Platforms.Build.0 = Release|x64
		{74E247C7-AC26-42E2-AC75-8B6F19ECB287}.LIB ASM Release|Win32.ActiveCfg = Release|Win32
		{74E247C7-AC26-42E2-AC75-8B6F19ECB287}.LIB ASM Release|Win32.Build.0 = Release|Win32
		{74E247C7-AC26-42E2-AC75-8B6F19ECB287}.LIB ASM Release|x64.ActiveCfg = Release|x64
		{74E247C7-AC26-42E2-AC75-8B6F19ECB287}.LIB ASM Release|x64.Build.0 = Release|x64
		{74E247C7-AC26-42E2-AC75-8B6F19ECB287}.LIB ASM Release|x86.ActiveCfg = Release|x64
		{74E247C7-AC26-42E2-AC75-8B6F19ECB287}.LIB Debug|Mixed Platforms.ActiveCfg = Debug|x64
		{74E247C7-AC26-42E2-AC75-8B6F19ECB287}.LIB Debug|Mixed Platforms.Build.0 = Debug|x64
		{74E247C7-AC26-42E2-AC75-8B6F19ECB287}.LIB Debug|Win32.ActiveCfg = Debug|Win32
		{74E247C7-AC26-42E2-AC75-8B6F19ECB287}.LIB Debug|Win32.Build.0 = Debug|Win32
		{74E247C7-AC26-42E2-AC75-8B6F19ECB287}.LIB Debug|x64.ActiveCfg = Debug|x64
		{74E247C7-AC26-42E2-AC75-8B6F19ECB287}.LIB Debug|x64.Build.0 = Debug|x64
		{74E247C7-AC26-42E2-AC75-8B6F19ECB287}.LIB Debug|x86.ActiveCfg = Debug|x64
		{74E247C7-AC26-42E2-AC75-8B6F19ECB287}.LIB Release|Mixed Platforms.ActiveCfg = Release|x64
		{74E247C7-AC26-42E2-AC75-8B6F19ECB287}.LIB Release|Mixed Platforms.Build.0 = Release|x64
		{74E247C7-AC26-42E2-AC75-8B6F19ECB287}.LIB Release|Win32.ActiveCfg = Release|Win32
		{74E247C7-AC26-42E2-AC75-8B6F19ECB287}.LIB Release|Win32.Build.0 = Release|Win32
		{74E247C7-AC26-42E2-AC75-8B6F19ECB287}.LIB Release|x64.ActiveCfg = Release|x64
		{74E247C7-AC26-42E2-AC75-8B6F19ECB287}.LIB Release|x64.Build.0 = Release|x64
		{74E247C7-AC26-42E2-AC75-8B6F19ECB287}.LIB Release|x86.ActiveCfg = Release|x64
		{74E247C7-AC26-42E2-AC75-8B6F19ECB287}.MinSizeRel|Mixed Platforms.ActiveCfg = Release|x64
		{74E247C7-AC26-42E2-AC75-8B6F19ECB287}.MinSizeRel|Mixed Platforms.Build.0 = Release|x64
		{74E247C7-AC26-42E2-AC75-8B6F19ECB287}.MinSizeRel|Win32.ActiveCfg = Release|x64
		{74E247C7-AC26-42E2-AC75-8B6F19ECB287}.MinSizeRel|x64.ActiveCfg = Release|x64
		{74E247C7-AC26-42E2-AC75-8B6F19ECB287}.MinSizeRel|x64.Build.0 = Release|x64
		{74E247C7-AC26-42E2-AC75-8B6F19ECB287}.MinSizeRel|x86.ActiveCfg = Release|x64
		{74E247C7-AC26-42E2-AC75-8B6F19ECB287}.Release|Mixed Platforms.ActiveCfg = Release|x64
		{74E247C7-AC26-42E2-AC75-8B6F19ECB287}.Release|Mixed Platforms.Build.0 = Release|x64
		{74E247C7-AC26-42E2-AC75-8B6F19ECB287}.Release|Win32.ActiveCfg = Release|Win32
		{74E247C7-AC26-42E2-AC75-8B6F19ECB287}.Release|Win32.Build.0 = Release|Win32
		{74E247C7-AC26-42E2-AC75-8B6F19ECB287}.Release|x64.ActiveCfg = Release|x64
		{74E247C7-AC26-42E2-AC75-8B6F19ECB287}.Release|x64.Build.0 = Release|x64
		{74E247C7-AC26-42E2-AC75-8B6F19ECB287}.Release|x86.ActiveCfg = Release|x64
		{74E247C7-AC26-42E2-AC75-8B6F19ECB287}.RelWithDebInfo|Mixed Platforms.ActiveCfg = Release|x64
		{74E247C7-AC26-42E2-AC75-8B6F19ECB287}.RelWithDebInfo|Mixed Platforms.Build.0 = Release|x64
		{74E247C7-AC26-42E2-AC75-8B6F19ECB287}.RelWithDebInfo|Win32.ActiveCfg = Release|x64
		{74E247C7-AC26-42E2-AC75-8B6F19ECB287}.RelWithDebInfo|x64.ActiveCfg = Release|x64
		{74E247C7-AC26-42E2-AC75-8B6F19ECB287}.RelWithDebInfo|x64.Build.0 = Release|x64
		{74E247C7-AC26-42E2-AC75-8B6F19ECB287}.RelWithDebInfo|x86.ActiveCfg = Release|x64
		{9B5B2DC2-2D96-4FD0-8295-EAC43216754C}.Debug|Mixed Platforms.ActiveCfg = Debug|x64
		{9B5B2DC2-2D96-4FD0-8295-EAC43216754C}.Debug|Mixed Platforms.Build.0 = Debug|x64
		{9B5B2DC2-2D96-4FD0-8295-EAC43216754C}.Debug|Win32.ActiveCfg = Debug|Win32
		{9B5B2DC2-2D96-4FD0-8295-EAC43216754C}.Debug|Win32.Build.0 = Debug|Win32
		{9B5B2DC2-2D96-4FD0-8295-EAC43216754C}.Debug|x64.ActiveCfg = Debug|x64
		{9B5B2DC2-2D96-4FD0-8295-EAC43216754C}.Debug|x64.Build.0 = Debug|x64
		{9B5B2DC2-2D96-4FD0-8295-EAC43216754C}.Debug|x86.ActiveCfg = Debug|x64
		{9B5B2DC2-2D96-4FD0-8295-EAC43216754C}.DLL ASM Debug|Mixed Platforms.ActiveCfg = Debug|x64
		{9B5B2DC2-2D96-4FD0-8295-EAC43216754C}.DLL ASM Debug|Mixed Platforms.Build.0 = Debug|x64
		{9B5B2DC2-2D96-4FD0-8295-EAC43216754C}.DLL ASM Debug|Win32.ActiveCfg = Debug|Win32
		{9B5B2DC2-2D96-4FD0-8295-EAC43216754C}.DLL ASM Debug|Win32.Build.0 = Debug|Win32
		{9B5B2DC2-2D96-4FD0-8295-EAC43216754C}.DLL ASM Debug|x64.ActiveCfg = Debug|x64
		{9B5B2DC2-2D96-4FD0-8295-EAC43216754C}.DLL ASM Debug|x64.Build.0 = Debug|x64
		{9B5B2DC2-2D96-4FD0-8295-EAC43216754C}.DLL ASM Debug|x86.ActiveCfg = Debug|x64
		{9B5B2DC2-2D96-4FD0-8295-EAC43216754C}.DLL ASM Release|Mixed Platforms.ActiveCfg = Release|x64
		{9B5B2DC2-2D96-4FD0-8295-EAC43216754C}.DLL ASM Release|Mixed Platforms.Build.0 = Release|x64
		{9B5B2DC2-2D96-4FD0-8295-EAC43216754C}.DLL ASM Release|Win32.ActiveCfg = Release|Win32
		{9B5B2DC2-2D96-4FD0-8295-EAC43216754C}.DLL ASM Release|Win32.Build.0 = Release|Win32
		{9B5B2DC2-2D96-4FD0-8295-EAC43216754C}.DLL ASM Release|x64.ActiveCfg = Release|x64
		{9B5B2DC2-2D96-4FD0-8295-EAC43216754C}.DLL ASM Release|x64.Build.0 = Release|x64
		{9B5B2DC2-2D96-4FD0-8295-EAC43216754C}.DLL ASM Release|x86.ActiveCfg = Release|x64
		{9B5B2DC2-2D96-4FD0-8295-EAC43216754C}.DLL Debug|Mixed Platforms.ActiveCfg = Debug|x64
		{9B5B2DC2-2D96-4FD0-8295-EAC43216754C}.DLL Debug|Mixed Platforms.Build.0 = Debug|x64
		{9B5B2DC2-2D96-4FD0-8295-EAC43216754C}.DLL Debug|Win32.ActiveCfg = Debug|Win32
		{9B5B2DC2-2D96-4FD0-8295-EAC43216754C}.DLL Debug|Win32.Build.0 = Debug|Win32
		{9B5B2DC2-2D96-4FD0-8295-EAC43216754C}.DLL Debug|x64.ActiveCfg = Debug|x64
		{9B5B2DC2-2D96-4FD0-8295-EAC43216754C}.DLL Debug|x64.Build.0 = Debug|x64
		{9B5B2DC2-2D96-4FD0-8295-EAC43216754C}.DLL Debug|x86.ActiveCfg = Debug|x64
		{9B5B2DC2-2D96-4FD0-8295-EAC43216754C}.DLL Release|Mixed Platforms.ActiveCfg = Release|x64
		{9B5B2DC2-2D96-4FD0-8295-EAC43216754C}.DLL Release|Mixed Platforms.Build.0 = Release|x64
		{9B5B2DC2-2D96-4FD0-8295-EAC43216754C}.DLL Release|Win32.ActiveCfg = Release|Win32
		{9B5B2DC2-2D96-4FD0-8295-EAC43216754C}.DLL Release|Win32.Build.0 = Release|Win32
		{9B5B2DC2-2D96-4FD0-8295-EAC43216754C}.DLL Release|x64.ActiveCfg = Release|x64
		{9B5B2DC2-2D96-4FD0-8295-EAC43216754C}.DLL Release|x64.Build.0 = Release|x64
		{9B5B2DC2-2D96-4FD0-8295-EAC43216754C}.DLL Release|x86.ActiveCfg = Release|x64
		{9B5B2DC2-2D96-4FD0-8295-EAC43216754C}.LIB ASM Debug|Mixed Platforms.ActiveCfg = Debug|x64
		{9B5B2DC2-2D96-4FD0-8295-EAC43216754C}.LIB ASM Debug|Mixed Platforms.Build.0 = Debug|x64
		{9B5B2DC2-2D96-4FD0-8295-EAC43216754C}.LIB ASM Debug|Win32.ActiveCfg = Debug|Win32
		{9B5B2DC2-2D96-4FD0-8295-EAC43216754C}.LIB ASM Debug|Win32.Build.0 = Debug|Win32
		{9B5B2DC2-2D96-4FD0-8295-EAC43216754C}.LIB ASM Debug|x64.ActiveCfg = Debug|x64
		{9B5B2DC2-2D96-4FD0-8295-EAC43216754C}.LIB ASM Debug|x64.Build.0 = Debug|x64
		{9B5B2DC2-2D96-4FD0-8295-EAC43216754C}.LIB ASM Debug|x86.ActiveCfg = Debug|x64
		{9B5B2DC2-2D96-4FD0-8295-EAC43216754C}.LIB ASM Release|Mixed Platforms.ActiveCfg = Release|x64
		{9B5B2DC2-2D96-4FD0-8295-EAC43216754C}.LIB ASM Release|Mixed Platforms.Build.0 = Release|x64
		{9B5B2DC2-2D96-4FD0-8295-EAC43216754C}.LIB ASM Release|Win32.ActiveCfg = Release|Win32
		{9B5B2DC2-2D96-4FD0-8295-EAC43216754C}.LIB ASM Release|Win32.Build.0 = Release|Win32
		{9B5B2DC2-2D96-4FD0-8295-EAC43216754C}.LIB ASM Release|x64.ActiveCfg = Release|x64
		{9B5B2DC2-2D96-4FD0-8295-EAC43216754C}.LIB ASM Release|x64.Build.0 = Release|x64
		{9B5B2DC2-2D96-4FD0-8295-EAC43216754C}.LIB ASM Release|x86.ActiveCfg = Release|x64
		{9B5B2DC2-2D96-4FD0-8295-EAC43216754C}.LIB Debug|Mixed Platforms.ActiveCfg = Debug|x64
		{9B5B2DC2-2D96-4FD0-8295-EAC43216754C}.LIB Debug|Mixed Platforms.Build.0 = Debug|x64
		{9B5B2DC2-2D96-4FD0-8295-EAC43216754C}.LIB Debug|Win32.ActiveCfg = Debug|Win32
		{9B5B2DC2-2D96-4FD0-8295-EAC43216754C}.LIB Debug|Win32.Build.0 = Debug|Win32
		{9B5B2DC2-2D96-4FD0-8295-EAC43216754C}.LIB Debug|x64.ActiveCfg = Debug|x64
		{9B5B2DC2-2D96-4FD0-8295-EAC43216754C}.LIB Debug|x64.Build.0 = Debug|x64
		{9B5B2DC2-2D96-4FD0-8295-EAC43216754C}.LIB Debug|x86.ActiveCfg = Debug|x64
		{9B5B2DC2-2D96-4FD0-8295-EAC43216754C}.LIB Release|Mixed Platforms.ActiveCfg = Release|x64
		{9B5B2DC2-2D96-4FD0-8295-EAC43216754C}.LIB Release|Mixed Platforms.Build.0 = Release|x64
		{9B5B2DC2-2D96-4FD0-8295-EAC43216754C}.LIB Release|Win32.ActiveCfg = Release|Win32
		{9B5B2DC2-2D96-4FD0-8295-EAC43216754C}.LIB Release|Win32.Build.0 = Release|Win32
		{9B5B2DC2-2D96-4FD0-8295-EAC43216754C}.LIB Release|x64.ActiveCfg = Release|x64
		{9B5B2DC2-2D96-4FD0-8295-EAC43216754C}.LIB Release|x64.Build.0 = Release|x64
		{9B5B2DC2-2D96-4FD0-8295-EAC43216754C}.LIB Release|x86.ActiveCfg = Release|x64
		{9B5B2DC2-2D96-4FD0-8295-EAC43216754C}.MinSizeRel|Mixed Platforms.ActiveCfg = Release|x64
		{9B5B2DC2-2D96-4FD0-8295-EAC43216754C}.MinSizeRel|Mixed Platforms.Build.0 = Release|x64
		{9B5B2DC2-2D96-4FD0-8295-EAC43216754C}.MinSizeRel|Win32.ActiveCfg = Release|x64
		{9B5B2DC2-2D96-4FD0-8295-EAC43216754C}.MinSizeRel|x64.ActiveCfg = Release|x64
		{9B5B2DC2-2D96-4FD0-8295-EAC43216754C}.MinSizeRel|x64.Build.0 = Release|x64
		{9B5B2DC2-2D96-4FD0-8295-EAC43216754C}.MinSizeRel|x86.ActiveCfg = Release|x64
		{9B5B2DC2-2D96-4FD0-8295-EAC43216754C}.Release|Mixed Platforms.ActiveCfg = Release|x64
		{9B5B2DC2-2D96-4FD0-8295-EAC43216754C}.Release|Mixed Platforms.Build.0 = Release|x64
		{9B5B2DC2-2D96-4FD0-8295-EAC43216754C}.Release|Win32.ActiveCfg = Release|Win32
		{9B5B2DC2-2D96-4FD0-8295-EAC43216754C}.Release|Win32.Build.0 = Release|Win32
		{9B5B2DC2-2D96-4FD0-8295-EAC43216754C}.Release|x64.ActiveCfg = Release|x64
		{9B5B2DC2-2D96-4FD0-8295-EAC43216754C}.Release|x64.Build.0 = Release|x64
		{9B5B2DC2-2D96-4FD0-8295-EAC43216754C}.Release|x86.ActiveCfg = Release|x64
		{9B5B2DC2-2D96-4FD0-8295-EAC43216754C}.RelWithDebInfo|Mixed Platforms.ActiveCfg = Release|x64
		{9B5B2DC2-2D96-4FD0-8295-EAC43216754C}.RelWithDebInfo|Mixed Platforms.Build.0 = Release|x64
		{9B5B2DC2-2D96-4FD0-8295-EAC43216754C}.RelWithDebInfo|Win32.ActiveCfg = Release|x64
		{9B5B2DC2-2D96-4FD0-8295-EAC43216754C}.RelWithDebInfo|x64.ActiveCfg = Release|x64
		{9B5B2DC2-2D96-4FD0-8295-EAC43216754C}.RelWithDebInfo|x64.Build.0 = Release|x64
		{9B5B2DC2-2D96-4FD0-8295-EAC43216754C}.RelWithDebInfo|x86.ActiveCfg = Release|x64
		{E3FA5BC5-B08E-457B-AED9-8CC639519496}.Debug|Mixed Platforms.ActiveCfg = Debug|x64
		{E3FA5BC5-B08E-457B-AED9-8CC639519496}.Debug|Mixed Platforms.Build.0 = Debug|x64
		{E3FA5BC5-B08E-457B-AED9-8CC639519496}.Debug|Win32.ActiveCfg = Debug|Win32
		{E3FA5BC5-B08E-457B-AED9-8CC639519496}.Debug|Win32.Build.0 = Debug|Win32
		{E3FA5BC5-B08E-457B-AED9-8CC639519496}.Debug|x64.ActiveCfg = Debug|x64
		{E3FA5BC5-B08E-457B-AED9-8CC639519496}.Debug|x64.Build.0 = Debug|x64
		{E3FA5BC5-B08E-457B-AED9-8CC639519496}.Debug|x86.ActiveCfg = Debug|x64
		{E3FA5BC5-B08E-457B-AED9-8CC639519496}.DLL ASM Debug|Mixed Platforms.ActiveCfg = Debug|x64
		{E3FA5BC5-B08E-457B-AED9-8CC639519496}.DLL ASM Debug|Mixed Platforms.Build.0 = Debug|x64
		{E3FA5BC5-B08E-457B-AED9-8CC639519496}.DLL ASM Debug|Win32.ActiveCfg = Debug|Win32
		{E3FA5BC5-B08E-457B-AED9-8CC639519496}.DLL ASM Debug|Win32.Build.0 = Debug|Win32
		{E3FA5BC5-B08E-457B-AED9-8CC639519496}.DLL ASM Debug|x64.ActiveCfg = Debug|x64
		{E3FA5BC5-B08E-457B-AED9-8CC639519496}.DLL ASM Debug|x64.Build.0 = Debug|x64
		{E3FA5BC5-B08E-457B-AED9-8CC639519496}.DLL ASM Debug|x86.ActiveCfg = Debug|x64
		{E3FA5BC5-B08E-457B-AED9-8CC639519496}.DLL ASM Release|Mixed Platforms.ActiveCfg = Release|x64
		{E3FA5BC5-B08E-457B-AED9-8CC639519496}.DLL ASM Release|Mixed Platforms.Build.0 = Release|x64
		{E3FA5BC5-B08E-457B-AED9-8CC639519496}.DLL ASM Release|Win32.ActiveCfg = Release|Win32
		{E3FA5BC5-B08E-457B-AED9-8CC639519496}.DLL ASM Release|Win32.Build.0 = Release|Win32
		{E3FA5BC5-B08E-457B-AED9-8CC639519496}.DLL ASM Release|x64.ActiveCfg = Release|x64
		{E3FA5BC5-B08E-457B-AED9-8CC639519496}.DLL ASM Release|x64.Build.0 = Release|x64
		{E3FA5BC5-B08E-457B-AED9-8CC639519496}.DLL ASM Release|x86.ActiveCfg = Release|x64
		{E3FA5BC5-B08E-457B-AED9-8CC639519496}.DLL Debug|Mixed Platforms.ActiveCfg = Debug|x64
		{E3FA5BC5-B08E-457B-AED9-8CC639519496}.DLL Debug|Mixed Platforms.Build.0 = Debug|x64
		{E3FA5BC5-B08E-457B-AED9-8CC639519496}.DLL Debug|Win32.ActiveCfg = Debug|Win32
		{E3FA5BC5-B08E-457B-AED9-8CC639519496}.DLL Debug|Win32.Build.0 = Debug|Win32
		{E3FA5BC5-B08E-457B-AED9-8CC639519496}.DLL Debug|x64.ActiveCfg = Debug|x64
		{E3FA5BC5-B08E-457B-AED9-8CC639519496}.DLL Debug|x64.Build.0 = Debug|x64
		{E3FA5BC5-B08E-457B-AED9-8CC639519496}.DLL Debug|x86.ActiveCfg = Debug|x64
		{E3FA5BC5-B08E-457B-AED9-8CC639519496}.DLL Release|Mixed Platforms.ActiveCfg = Release|x64
		{E3FA5BC5-B08E-457B-AED9-8CC639519496}.DLL Release|Mixed Platforms.Build.0 = Release|x64
		{E3FA5BC5-B08E-457B-AED9-8CC639519496}.DLL Release|Win32.ActiveCfg = Release|Win32
		{E3FA5BC5-B08E-457B-AED9-8CC639519496}.DLL Release|Win32.Build.0 = Release|Win32
		{E3FA5BC5-B08E-457B-AED9-8CC639519496}.DLL Release|x64.ActiveCfg = Release|x64
		{E3FA5BC5-B08E-457B-AED9-8CC639519496}.DLL Release|x64.Build.0 = Release|x64
		{E3FA5BC5-B08E-457B-AED9-8CC639519496}.DLL Release|x86.ActiveCfg = Release|x64
		{E3FA5BC5-B08E-457B-AED9-8CC639519496}.LIB ASM Debug|Mixed Platforms.ActiveCfg = Debug|x64
		{E3FA5BC5-B08E-457B-AED9-8CC639519496}.LIB ASM Debug|Mixed Platforms.Build.0 = Debug|x64
		{E3FA5BC5-B08E-457B-AED9-8CC639519496}.LIB ASM Debug|Win32.ActiveCfg = Debug|Win32
		{E3FA5BC5-B08E-457B-AED9-8CC639519496}.LIB ASM Debug|Win32.Build.0 = Debug|Win32
		{E3FA5BC5-B08E-457B-AED9-8CC639519496}.LIB ASM Debug|x64.ActiveCfg = Debug|x64
		{E3FA5BC5-B08E-457B-AED9-8CC639519496}.LIB ASM Debug|x64.Build.0 = Debug|x64
		{E3FA5BC5-B08E-457B-AED9-8CC639519496}.LIB ASM Debug|x86.ActiveCfg = Debug|x64
		{E3FA5BC5-B08E-457B-AED9-8CC639519496}.LIB ASM Release|Mixed Platforms.ActiveCfg = Release|x64
		{E3FA5BC5-B08E-457B-AED9-8CC639519496}.LIB ASM Release|Mixed Platforms.Build.0 = Release|x64
		{E3FA5BC5-B08E-457B-AED9-8CC639519496}.LIB ASM Release|Win32.ActiveCfg = Release|Win32
		{E3FA5BC5-B08E-457B-AED9-8CC639519496}.LIB ASM Release|Win32.Build.0 = Release|Win32
		{E3FA5BC5-B08E-457B-AED9-8CC639519496}.LIB ASM Release|x64.ActiveCfg = Release|x64
		{E3FA5BC5-B08E-457B-AED9-8CC639519496}.LIB ASM Release|x64.Build.0 = Release|x64
		{E3FA5BC5-B08E-457B-AED9-8CC639519496}.LIB ASM Release|x86.ActiveCfg = Release|x64
		{E3FA5BC5-B08E-457B-AED9-8CC639519496}.LIB Debug|Mixed Platforms.ActiveCfg = Debug|x64
		{E3FA5BC5-B08E-457B-AED9-8CC639519496}.LIB Debug|Mixed Platforms.Build.0 = Debug|x64
		{E3FA5BC5-B08E-457B-AED9-8CC639519496}.LIB Debug|Win32.ActiveCfg = Debug|Win32
		{E3FA5BC5-B08E-457B-AED9-8CC639519496}.LIB Debug|Win32.Build.0 = Debug|Win32
		{E3FA5BC5-B08E-457B-AED9-8CC639519496}.LIB Debug|x64.ActiveCfg = Debug|x64
		{E3FA5BC5-B08E-457B-AED9-8CC639519496}.LIB Debug|x64.Build.0 = Debug|x64
		{E3FA5BC5-B08E-457B-AED9-8CC639519496}.LIB Debug|x86.ActiveCfg = Debug|x64
		{E3FA5BC5-B08E-457B-AED9-8CC639519496}.LIB Release|Mixed Platforms.ActiveCfg = Release|x64
		{E3FA5BC5-B08E-457B-AED9-8CC639519496}.LIB Release|Mixed Platforms.Build.0 = Release|x64
		{E3FA5BC5-B08E-457B-AED9-8CC639519496}.LIB Release|Win32.ActiveCfg = Release|Win32
		{E3FA5BC5-B08E-457B-AED9-8CC639519496}.LIB Release|Win32.Build.0 = Release|Win32
		{E3FA5BC5-B08E-457B-AED9-8CC639519496}.LIB Release|x64.ActiveCfg = Release|x64
		{E3FA5BC5-B08E-457B-AED9-8CC639519496}.LIB Release|x64.Build.0 = Release|x64
		{E3FA5BC5-B08E-457B-AED9-8CC639519496}.LIB Release|x86.ActiveCfg = Release|x64
		{E3FA5BC5-B08E-457B-AED9-8CC639519496}.MinSizeRel|Mixed Platforms.ActiveCfg = Release|x64
		{E3FA5BC5-B08E-457B-AED9-8CC639519496}.MinSizeRel|Mixed Platforms.Build.0 = Release|x64
		{E3FA5BC5-B08E-457B-AED9-8CC639519496}.MinSizeRel|Win32.ActiveCfg = Release|x64
		{E3FA5BC5-B08E-457B-AED9-8CC639519496}.MinSizeRel|x64.ActiveCfg = Release|x64
		{E3FA5BC5-B08E-457B-AED9-8CC639519496}.MinSizeRel|x64.Build.0 = Release|x64
		{E3FA5BC5-B08E-457B-AED9-8CC639519496}.MinSizeRel|x86.ActiveCfg = Release|x64
		{E3FA5BC5-B08E-457B-AED9-8CC639519496}.Release|Mixed Platforms.ActiveCfg = Release|x64
		{E3FA5BC5-B08E-457B-AED9-8CC639519496}.Release|Mixed Platforms.Build.0 = Release|x64
		{E3FA5BC5-B08E-457B-AED9-8CC639519496}.Release|Win32.ActiveCfg = Release|Win32
		{E3FA5BC5-B08E-457B-AED9-8CC639519496}.Release|Win32.Build.0 = Release|Win32
		{E3FA5BC5-B08E-457B-AED9-8CC639519496}.Release|x64.ActiveCfg = Release|x64
		{E3FA5BC5-B08E-457B-AED9-8CC639519496}.Release|x64.Build.0 = Release|x64
		{E3FA5BC5-B08E-457B-AED9-8CC639519496}.Release|x86.ActiveCfg = Release|x64
		{E3FA5BC5-B08E-457B-AED9-8CC639519496}.RelWithDebInfo|Mixed Platforms.ActiveCfg = Release|x64
		{E3FA5BC5-B08E-457B-AED9-8CC639519496}.RelWithDebInfo|Mixed Platforms.Build.0 = Release|x64
		{E3FA5BC5-B08E-457B-AED9-8CC639519496}.RelWithDebInfo|Win32.ActiveCfg = Release|x64
		{E3FA5BC5-B08E-457B-AED9-8CC639519496}.RelWithDebInfo|x64.ActiveCfg = Release|x64
		{E3FA5BC5-B08E-457B-AED9-8CC639519496}.RelWithDebInfo|x64.Build.0 = Release|x64
		{E3FA5BC5-B08E-457B-AED9-8CC639519496}.RelWithDebInfo|x86.ActiveCfg = Release|x64
		{778F702C-01A5-3643-9CA3-554202E321ED}.Debug|Mixed Platforms.ActiveCfg = Debug|x64
		{778F702C-01A5-3643-9CA3-554202E321ED}.Debug|Mixed Platforms.Build.0 = Debug|x64
		{778F702C-01A5-3643-9CA3-554202E321ED}.Debug|Win32.ActiveCfg = Debug|Win32
		{778F702C-01A5-3643-9CA3-554202E321ED}.Debug|Win32.Build.0 = Debug|Win32
		{778F702C-01A5-3643-9CA3-554202E321ED}.Debug|x64.ActiveCfg = Debug|x64
		{778F702C-01A5-3643-9CA3-554202E321ED}.Debug|x64.Build.0 = Debug|x64
		{778F702C-01A5-3643-9CA3-554202E321ED}.Debug|x86.ActiveCfg = Debug|x64
		{778F702C-01A5-3643-9CA3-554202E321ED}.DLL ASM Debug|Mixed Platforms.ActiveCfg = Debug|x64
		{778F702C-01A5-3643-9CA3-554202E321ED}.DLL ASM Debug|Mixed Platforms.Build.0 = Debug|x64
		{778F702C-01A5-3643-9CA3-554202E321ED}.DLL ASM Debug|Win32.ActiveCfg = Debug|Win32
		{778F702C-01A5-3643-9CA3-554202E321ED}.DLL ASM Debug|Win32.Build.0 = Debug|Win32
		{778F702C-01A5-3643-9CA3-554202E321ED}.DLL ASM Debug|x64.ActiveCfg = Debug|x64
		{778F702C-01A5-3643-9CA3-554202E321ED}.DLL ASM Debug|x64.Build.0 = Debug|x64
		{778F702C-01A5-3643-9CA3-554202E321ED}.DLL ASM Debug|x86.ActiveCfg = Debug|x64
		{778F702C-01A5-3643-9CA3-554202E321ED}.DLL ASM Release|Mixed Platforms.ActiveCfg = Release|x64
		{778F702C-01A5-3643-9CA3-554202E321ED}.DLL ASM Release|Mixed Platforms.Build.0 = Release|x64
		{778F702C-01A5-3643-9CA3-554202E321ED}.DLL ASM Release|Win32.ActiveCfg = Release|Win32
		{778F702C-01A5-3643-9CA3-554202E321ED}.DLL ASM Release|Win32.Build.0 = Release|Win32
		{778F702C-01A5-3643-9CA3-554202E321ED}.DLL ASM Release|x64.ActiveCfg = Release|x64
		{778F702C-01A5-3643-9CA3-554202E321ED}.DLL ASM Release|x64.Build.0 = Release|x64
		{778F702C-01A5-3643-9CA3-554202E321ED}.DLL ASM Release|x86.ActiveCfg = Release|x64
		{778F702C-01A5-3643-9CA3-554202E321ED}.DLL Debug|Mixed Platforms.ActiveCfg = Debug|x64
		{778F702C-01A5-3643-9CA3-554202E321ED}.DLL Debug|Mixed Platforms.Build.0 = Debug|x64
		{778F702C-01A5-3643-9CA3-554202E321ED}.DLL Debug|Win32.ActiveCfg = Debug|Win32
		{778F702C-01A5-3643-9CA3-554202E321ED}.DLL Debug|Win32.Build.0 = Debug|Win32
		{778F702C-01A5-3643-9CA3-554202E321ED}.DLL Debug|x64.ActiveCfg = Debug|x64
		{778F702C-01A5-3643-9CA3-554202E321ED}.DLL Debug|x64.Build.0 = Debug|x64
		{778F702C-01A5-3643-9CA3-554202E321ED}.DLL Debug|x86.ActiveCfg = Debug|x64
		{778F702C-01A5-3643-9CA3-554202E321ED}.DLL Release|Mixed Platforms.ActiveCfg = Release|x64
		{778F702C-01A5-3643-9CA3-554202E321ED}.DLL Release|Mixed Platforms.Build.0 = Release|x64
		{778F702C-01A5-3643-9CA3-554202E321ED}.DLL Release|Win32.ActiveCfg = Release|Win32
		{778F702C-01A5-3643-9CA3-554202E321ED}.DLL Release|Win32.Build.0 = Release|Win32
		{778F702C-01A5-3643-9CA3-554202E321ED}.DLL Release|x64.ActiveCfg = Release|x64
		{778F702C-01A5-3643-9CA3-554202E321ED}.DLL Release|x64.Build.0 = Release|x64
		{778F702C-01A5-3643-9CA3-554202E321ED}.DLL Release|x86.ActiveCfg = Release|x64
		{778F702C-01A5-3643-9CA3-554202E321ED}.LIB ASM Debug|Mixed Platforms.ActiveCfg = Debug|x64
		{778F702C-01A5-3643-9CA3-554202E321ED}.LIB ASM Debug|Mixed Platforms.Build.0 = Debug|x64
		{778F702C-01A5-3643-9CA3-554202E321ED}.LIB ASM Debug|Win32.ActiveCfg = Debug|Win32
		{778F702C-01A5-3643-9CA3-554202E321ED}.LIB ASM Debug|Win32.Build.0 = Debug|Win32
		{778F702C-01A5-3643-9CA3-554202E321ED}.LIB ASM Debug|x64.ActiveCfg = Debug|x64
		{778F702C-01A5-3643-9CA3-554202E321ED}.LIB ASM Debug|x64.Build.0 = Debug|x64
		{778F702C-01A5-3643-9CA3-554202E321ED}.LIB ASM Debug|x86.ActiveCfg = Debug|x64
		{778F702C-01A5-3643-9CA3-554202E321ED}.LIB ASM Release|Mixed Platforms.ActiveCfg = Release|x64
		{778F702C-01A5-3643-9CA3-554202E321ED}.LIB ASM Release|Mixed Platforms.Build.0 = Release|x64
		{778F702C-01A5-3643-9CA3-554202E321ED}.LIB ASM Release|Win32.ActiveCfg = Release|Win32
		{778F702C-01A5-3643-9CA3-554202E321ED}.LIB ASM Release|Win32.Build.0 = Release|Win32
		{778F702C-01A5-3643-9CA3-554202E321ED}.LIB ASM Release|x64.ActiveCfg = Release|x64
		{778F702C-01A5-3643-9CA3-554202E321ED}.LIB ASM Release|x64.Build.0 = Release|x64
		{778F702C-01A5-3643-9CA3-554202E321ED}.LIB ASM Release|x86.ActiveCfg = Release|x64
		{778F702C-01A5-3643-9CA3-554202E321ED}.LIB Debug|Mixed Platforms.ActiveCfg = Debug|x64
		{778F702C-01A5-3643-9CA3-554202E321ED}.LIB Debug|Mixed Platforms.Build.0 = Debug|x64
		{778F702C-01A5-3643-9CA3-554202E321ED}.LIB Debug|Win32.ActiveCfg = Debug|Win32
		{778F702C-01A5-3643-9CA3-554202E321ED}.LIB Debug|Win32.Build.0 = Debug|Win32
		{778F702C-01A5-3643-9CA3-554202E321ED}.LIB Debug|x64.ActiveCfg = Debug|x64
		{778F702C-01A5-3643-9CA3-554202E321ED}.LIB Debug|x64.Build.0 = Debug|x64
		{778F702C-01A5-3643-9CA3-554202E321ED}.LIB Debug|x86.ActiveCfg = Debug|x64
		{778F702C-01A5-3643-9CA3-554202E321ED}.LIB Release|Mixed Platforms.ActiveCfg = Release|x64
		{778F702C-01A5-3643-9CA3-554202E321ED}.LIB Release|Mixed Platforms.Build.0 = Release|x64
		{778F702C-01A5-3643-9CA3-554202E321ED}.LIB Release|Win32.ActiveCfg = Release|Win32
		{778F702C-01A5-3643-9CA3-554202E321ED}.LIB Release|Win32.Build.0 = Release|Win32
		{778F702C-01A5-3643-9CA3-554202E321ED}.LIB Release|x64.ActiveCfg = Release|x64
		{778F702C-01A5-3643-9CA3-554202E321ED}.LIB Release|x64.Build.0 = Release|x64
		{778F702C-01A5-3643-9CA3-554202E321ED}.LIB Release|x86.ActiveCfg = Release|x64
		{778F702C-01A5-3643-9CA3-554202E321ED}.MinSizeRel|Mixed Platforms.ActiveCfg = MinSizeRel|Win32
		{778F702C-01A5-3643-9CA3-554202E321ED}.MinSizeRel|Mixed Platforms.Build.0 = MinSizeRel|Win32
		{778F702C-01A5-3643-9CA3-554202E321ED}.MinSizeRel|Win32.ActiveCfg = MinSizeRel|Win32
		{778F702C-01A5-3643-9CA3-554202E321ED}.MinSizeRel|Win32.Build.0 = MinSizeRel|Win32
		{778F702C-01A5-3643-9CA3-554202E321ED}.MinSizeRel|x64.ActiveCfg = MinSizeRel|Win32
		{778F702C-01A5-3643-9CA3-554202E321ED}.MinSizeRel|x86.ActiveCfg = MinSizeRel|x64
		{778F702C-01A5-3643-9CA3-554202E321ED}.Release|Mixed Platforms.ActiveCfg = Release|x64
		{778F702C-01A5-3643-9CA3-554202E321ED}.Release|Mixed Platforms.Build.0 = Release|x64
		{778F702C-01A5-3643-9CA3-554202E321ED}.Release|Win32.ActiveCfg = Release|Win32
		{778F702C-01A5-3643-9CA3-554202E321ED}.Release|Win32.Build.0 = Release|Win32
		{778F702C-01A5-3643-9CA3-554202E321ED}.Release|x64.ActiveCfg = Release|x64
		{778F702C-01A5-3643-9CA3-554202E321ED}.Release|x64.Build.0 = Release|x64
		{778F702C-01A5-3643-9CA3-554202E321ED}.Release|x86.ActiveCfg = Release|x64
		{778F702C-01A5-3643-9CA3-554202E321ED}.RelWithDebInfo|Mixed Platforms.ActiveCfg = RelWithDebInfo|x64
		{778F702C-01A5-3643-9CA3-554202E321ED}.RelWithDebInfo|Mixed Platforms.Build.0 = RelWithDebInfo|x64
		{778F702C-01A5-3643-9CA3-554202E321ED}.RelWithDebInfo|Win32.ActiveCfg = RelWithDebInfo|Win32
		{778F702C-01A5-3643-9CA3-554202E321ED}.RelWithDebInfo|Win32.Build.0 = RelWithDebInfo|Win32
		{778F702C-01A5-3643-9CA3-554202E321ED}.RelWithDebInfo|x64.ActiveCfg = RelWithDebInfo|Win32
		{778F702C-01A5-3643-9CA3-554202E321ED}.RelWithDebInfo|x86.ActiveCfg = RelWithDebInfo|x64
		{C2BA9F23-E697-29DC-3D5A-8A787920F081}.Debug|Mixed Platforms.ActiveCfg = DLL Release|x64
		{C2BA9F23-E697-29DC-3D5A-8A787920F081}.Debug|Mixed Platforms.Build.0 = DLL Release|x64
		{C2BA9F23-E697-29DC-3D5A-8A787920F081}.Debug|Win32.ActiveCfg = LIB Debug|Win32
		{C2BA9F23-E697-29DC-3D5A-8A787920F081}.Debug|Win32.Build.0 = LIB Debug|Win32
		{C2BA9F23-E697-29DC-3D5A-8A787920F081}.Debug|x64.ActiveCfg = LIB Debug|x64
		{C2BA9F23-E697-29DC-3D5A-8A787920F081}.Debug|x64.Build.0 = LIB Debug|x64
		{C2BA9F23-E697-29DC-3D5A-8A787920F081}.Debug|x86.ActiveCfg = DLL Release|x64
		{C2BA9F23-E697-29DC-3D5A-8A787920F081}.DLL ASM Debug|Mixed Platforms.ActiveCfg = DLL ASM Debug|x64
		{C2BA9F23-E697-29DC-3D5A-8A787920F081}.DLL ASM Debug|Mixed Platforms.Build.0 = DLL ASM Debug|x64
		{C2BA9F23-E697-29DC-3D5A-8A787920F081}.DLL ASM Debug|Win32.ActiveCfg = DLL ASM Debug|Win32
		{C2BA9F23-E697-29DC-3D5A-8A787920F081}.DLL ASM Debug|Win32.Build.0 = DLL ASM Debug|Win32
		{C2BA9F23-E697-29DC-3D5A-8A787920F081}.DLL ASM Debug|x64.ActiveCfg = DLL ASM Debug|Win32
		{C2BA9F23-E697-29DC-3D5A-8A787920F081}.DLL ASM Debug|x86.ActiveCfg = DLL ASM Debug|x64
		{C2BA9F23-E697-29DC-3D5A-8A787920F081}.DLL ASM Release|Mixed Platforms.ActiveCfg = DLL ASM Release|x64
		{C2BA9F23-E697-29DC-3D5A-8A787920F081}.DLL ASM Release|Mixed Platforms.Build.0 = DLL ASM Release|x64
		{C2BA9F23-E697-29DC-3D5A-8A787920F081}.DLL ASM Release|Win32.ActiveCfg = DLL ASM Release|Win32
		{C2BA9F23-E697-29DC-3D5A-8A787920F081}.DLL ASM Release|Win32.Build.0 = DLL ASM Release|Win32
		{C2BA9F23-E697-29DC-3D5A-8A787920F081}.DLL ASM Release|x64.ActiveCfg = DLL ASM Release|Win32
		{C2BA9F23-E697-29DC-3D5A-8A787920F081}.DLL ASM Release|x86.ActiveCfg = DLL ASM Release|x64
		{C2BA9F23-E697-29DC-3D5A-8A787920F081}.DLL Debug|Mixed Platforms.ActiveCfg = DLL Debug|x64
		{C2BA9F23-E697-29DC-3D5A-8A787920F081}.DLL Debug|Mixed Platforms.Build.0 = DLL Debug|x64
		{C2BA9F23-E697-29DC-3D5A-8A787920F081}.DLL Debug|Win32.ActiveCfg = DLL Debug|Win32
		{C2BA9F23-E697-29DC-3D5A-8A787920F081}.DLL Debug|Win32.Build.0 = DLL Debug|Win32
		{C2BA9F23-E697-29DC-3D5A-8A787920F081}.DLL Debug|x64.ActiveCfg = DLL Debug|Win32
		{C2BA9F23-E697-29DC-3D5A-8A787920F081}.DLL Debug|x86.ActiveCfg = DLL Debug|x64
		{C2BA9F23-E697-29DC-3D5A-8A787920F081}.DLL Release|Mixed Platforms.ActiveCfg = DLL Release|x64
		{C2BA9F23-E697-29DC-3D5A-8A787920F081}.DLL Release|Mixed Platforms.Build.0 = DLL Release|x64
		{C2BA9F23-E697-29DC-3D5A-8A787920F081}.DLL Release|Win32.ActiveCfg = DLL Release|Win32
		{C2BA9F23-E697-29DC-3D5A-8A787920F081}.DLL Release|Win32.Build.0 = DLL Release|Win32
		{C2BA9F23-E697-29DC-3D5A-8A787920F081}.DLL Release|x64.ActiveCfg = DLL Release|Win32
		{C2BA9F23-E697-29DC-3D5A-8A787920F081}.DLL Release|x86.ActiveCfg = DLL Release|x64
		{C2BA9F23-E697-29DC-3D5A-8A787920F081}.LIB ASM Debug|Mixed Platforms.ActiveCfg = LIB ASM Debug|x64
		{C2BA9F23-E697-29DC-3D5A-8A787920F081}.LIB ASM Debug|Mixed Platforms.Build.0 = LIB ASM Debug|x64
		{C2BA9F23-E697-29DC-3D5A-8A787920F081}.LIB ASM Debug|Win32.ActiveCfg = LIB ASM Debug|Win32
		{C2BA9F23-E697-29DC-3D5A-8A787920F081}.LIB ASM Debug|Win32.Build.0 = LIB ASM Debug|Win32
		{C2BA9F23-E697-29DC-3D5A-8A787920F081}.LIB ASM Debug|x64.ActiveCfg = LIB ASM Debug|Win32
		{C2BA9F23-E697-29DC-3D5A-8A787920F081}.LIB ASM Debug|x86.ActiveCfg = LIB ASM Debug|x64
		{C2BA9F23-E697-29DC-3D5A-8A787920F081}.LIB ASM Release|Mixed Platforms.ActiveCfg = LIB ASM Release|x64
		{C2BA9F23-E697-29DC-3D5A-8A787920F081}.LIB ASM Release|Mixed Platforms.Build.0 = LIB ASM Release|x64
		{C2BA9F23-E697-29DC-3D5A-8A787920F081}.LIB ASM Release|Win32.ActiveCfg = LIB ASM Release|Win32
		{C2BA9F23-E697-29DC-3D5A-8A787920F081}.LIB ASM Release|Win32.Build.0 = LIB ASM Release|Win32
		{C2BA9F23-E697-29DC-3D5A-8A787920F081}.LIB ASM Release|x64.ActiveCfg = LIB ASM Release|Win32
		{C2BA9F23-E697-29DC-3D5A-8A787920F081}.LIB ASM Release|x86.ActiveCfg = LIB ASM Release|x64
		{C2BA9F23-E697-29DC-3D5A-8A787920F081}.LIB Debug|Mixed Platforms.ActiveCfg = LIB Debug|x64
		{C2BA9F23-E697-29DC-3D5A-8A787920F081}.LIB Debug|Mixed Platforms.Build.0 = LIB Debug|x64
		{C2BA9F23-E697-29DC-3D5A-8A787920F081}.LIB Debug|Win32.ActiveCfg = LIB Debug|Win32
		{C2BA9F23-E697-29DC-3D5A-8A787920F081}.LIB Debug|Win32.Build.0 = LIB Debug|Win32
		{C2BA9F23-E697-29DC-3D5A-8A787920F081}.LIB Debug|x64.ActiveCfg = LIB Debug|Win32
		{C2BA9F23-E697-29DC-3D5A-8A787920F081}.LIB Debug|x86.ActiveCfg = LIB Debug|x64
		{C2BA9F23-E697-29DC-3D5A-8A787920F081}.LIB Release|Mixed Platforms.ActiveCfg = LIB Release|x64
		{C2BA9F23-E697-29DC-3D5A-8A787920F081}.LIB Release|Mixed Platforms.Build.0 = LIB Release|x64
		{C2BA9F23-E697-29DC-3D5A-8A787920F081}.LIB Release|Win32.ActiveCfg = LIB Release|Win32
		{C2BA9F23-E697-29DC-3D5A-8A787920F081}.LIB Release|Win32.Build.0 = LIB Release|Win32
		{C2BA9F23-E697-29DC-3D5A-8A787920F081}.LIB Release|x64.ActiveCfg = LIB Release|Win32
		{C2BA9F23-E697-29DC-3D5A-8A787920F081}.LIB Release|x86.ActiveCfg = LIB Release|x64
		{C2BA9F23-E697-29DC-3D5A-8A787920F081}.MinSizeRel|Mixed Platforms.ActiveCfg = LIB Release|x64
		{C2BA9F23-E697-29DC-3D5A-8A787920F081}.MinSizeRel|Mixed Platforms.Build.0 = LIB Release|x64
		{C2BA9F23-E697-29DC-3D5A-8A787920F081}.MinSizeRel|Win32.ActiveCfg = LIB Release|Win32
		{C2BA9F23-E697-29DC-3D5A-8A787920F081}.MinSizeRel|Win32.Build.0 = LIB Release|Win32
		{C2BA9F23-E697-29DC-3D5A-8A787920F081}.MinSizeRel|x64.ActiveCfg = LIB Release|Win32
		{C2BA9F23-E697-29DC-3D5A-8A787920F081}.MinSizeRel|x86.ActiveCfg = LIB Release|x64
		{C2BA9F23-E697-29DC-3D5A-8A787920F081}.Release|Mixed Platforms.ActiveCfg = LIB Release|x64
		{C2BA9F23-E697-29DC-3D5A-8A787920F081}.Release|Mixed Platforms.Build.0 = LIB Release|x64
		{C2BA9F23-E697-29DC-3D5A-8A787920F081}.Release|Win32.ActiveCfg = LIB Release|Win32
		{C2BA9F23-E697-29DC-3D5A-8A787920F081}.Release|Win32.Build.0 = LIB Release|Win32
		{C2BA9F23-E697-29DC-3D5A-8A787920F081}.Release|x64.ActiveCfg = LIB Release|x64
		{C2BA9F23-E697-29DC-3D5A-8A787920F081}.Release|x64.Build.0 = LIB Release|x64
		{C2BA9F23-E697-29DC-3D5A-8A787920F081}.Release|x86.ActiveCfg = LIB Release|x64
		{C2BA9F23-E697-29DC-3D5A-8A787920F081}.RelWithDebInfo|Mixed Platforms.ActiveCfg = LIB Release|x64
		{C2BA9F23-E697-29DC-3D5A-8A787920F081}.RelWithDebInfo|Mixed Platforms.Build.0 = LIB Release|x64
		{C2BA9F23-E697-29DC-3D5A-8A787920F081}.RelWithDebInfo|Win32.ActiveCfg = LIB Release|Win32
		{C2BA9F23-E697-29DC-3D5A-8A787920F081}.RelWithDebInfo|Win32.Build.0 = LIB Release|Win32
		{C2BA9F23-E697-29DC-3D5A-8A787920F081}.RelWithDebInfo|x64.ActiveCfg = LIB Release|Win32
		{C2BA9F23-E697-29DC-3D5A-8A787920F081}.RelWithDebInfo|x86.ActiveCfg = LIB Release|x64
		{C490F8C7-D8E8-43C9-8D09-9BC8AB705098}.Debug|Mixed Platforms.ActiveCfg = Debug|x64
		{C490F8C7-D8E8-43C9-8D09-9BC8AB705098}.Debug|Mixed Platforms.Build.0 = Debug|x64
		{C490F8C7-D8E8-43C9-8D09-9BC8AB705098}.Debug|Win32.ActiveCfg = Debug|Win32
		{C490F8C7-D8E8-43C9-8D09-9BC8AB705098}.Debug|Win32.Build.0 = Debug|Win32
		{C490F8C7-D8E8-43C9-8D09-9BC8AB705098}.Debug|x64.ActiveCfg = Debug|x64
		{C490F8C7-D8E8-43C9-8D09-9BC8AB705098}.Debug|x64.Build.0 = Debug|x64
		{C490F8C7-D8E8-43C9-8D09-9BC8AB705098}.Debug|x86.ActiveCfg = Debug|x64
		{C490F8C7-D8E8-43C9-8D09-9BC8AB705098}.DLL ASM Debug|Mixed Platforms.ActiveCfg = Debug|x64
		{C490F8C7-D8E8-43C9-8D09-9BC8AB705098}.DLL ASM Debug|Mixed Platforms.Build.0 = Debug|x64
		{C490F8C7-D8E8-43C9-8D09-9BC8AB705098}.DLL ASM Debug|Win32.ActiveCfg = Debug|Win32
		{C490F8C7-D8E8-43C9-8D09-9BC8AB705098}.DLL ASM Debug|Win32.Build.0 = Debug|Win32
		{C490F8C7-D8E8-43C9-8D09-9BC8AB705098}.DLL ASM Debug|x64.ActiveCfg = Debug|x64
		{C490F8C7-D8E8-43C9-8D09-9BC8AB705098}.DLL ASM Debug|x64.Build.0 = Debug|x64
		{C490F8C7-D8E8-43C9-8D09-9BC8AB705098}.DLL ASM Debug|x86.ActiveCfg = Debug|x64
		{C490F8C7-D8E8-43C9-8D09-9BC8AB705098}.DLL ASM Release|Mixed Platforms.ActiveCfg = Release|x64
		{C490F8C7-D8E8-43C9-8D09-9BC8AB705098}.DLL ASM Release|Mixed Platforms.Build.0 = Release|x64
		{C490F8C7-D8E8-43C9-8D09-9BC8AB705098}.DLL ASM Release|Win32.ActiveCfg = Release|Win32
		{C490F8C7-D8E8-43C9-8D09-9BC8AB705098}.DLL ASM Release|Win32.Build.0 = Release|Win32
		{C490F8C7-D8E8-43C9-8D09-9BC8AB705098}.DLL ASM Release|x64.ActiveCfg = Release|x64
		{C490F8C7-D8E8-43C9-8D09-9BC8AB705098}.DLL ASM Release|x64.Build.0 = Release|x64
		{C490F8C7-D8E8-43C9-8D09-9BC8AB705098}.DLL ASM Release|x86.ActiveCfg = Release|x64
		{C490F8C7-D8E8-43C9-8D09-9BC8AB705098}.DLL Debug|Mixed Platforms.ActiveCfg = Debug|x64
		{C490F8C7-D8E8-43C9-8D09-9BC8AB705098}.DLL Debug|Mixed Platforms.Build.0 = Debug|x64
		{C490F8C7-D8E8-43C9-8D09-9BC8AB705098}.DLL Debug|Win32.ActiveCfg = Debug|Win32
		{C490F8C7-D8E8-43C9-8D09-9BC8AB705098}.DLL Debug|Win32.Build.0 = Debug|Win32
		{C490F8C7-D8E8-43C9-8D09-9BC8AB705098}.DLL Debug|x64.ActiveCfg = Debug|x64
		{C490F8C7-D8E8-43C9-8D09-9BC8AB705098}.DLL Debug|x64.Build.0 = Debug|x64
		{C490F8C7-D8E8-43C9-8D09-9BC8AB705098}.DLL Debug|x86.ActiveCfg = Debug|x64
		{C490F8C7-D8E8-43C9-8D09-9BC8AB705098}.DLL Release|Mixed Platforms.ActiveCfg = Release|x64
		{C490F8C7-D8E8-43C9-8D09-9BC8AB705098}.DLL Release|Mixed Platforms.Build.0 = Release|x64
		{C490F8C7-D8E8-43C9-8D09-9BC8AB705098}.DLL Release|Win32.ActiveCfg = Release|Win32
		{C490F8C7-D8E8-43C9-8D09-9BC8AB705098}.DLL Release|Win32.Build.0 = Release|Win32
		{C490F8C7-D8E8-43C9-8D09-9BC8AB705098}.DLL Release|x64.ActiveCfg = Release|x64
		{C490F8C7-D8E8-43C9-8D09-9BC8AB705098}.DLL Release|x64.Build.0 = Release|x64
		{C490F8C7-D8E8-43C9-8D09-9BC8AB705098}.DLL Release|x86.ActiveCfg = Release|x64
		{C490F8C7-D8E8-43C9-8D09-9BC8AB705098}.LIB ASM Debug|Mixed Platforms.ActiveCfg = Debug|x64
		{C490F8C7-D8E8-43C9-8D09-9BC8AB705098}.LIB ASM Debug|Mixed Platforms.Build.0 = Debug|x64
		{C490F8C7-D8E8-43C9-8D09-9BC8AB705098}.LIB ASM Debug|Win32.ActiveCfg = Debug|Win32
		{C490F8C7-D8E8-43C9-8D09-9BC8AB705098}.LIB ASM Debug|Win32.Build.0 = Debug|Win32
		{C490F8C7-D8E8-43C9-8D09-9BC8AB705098}.LIB ASM Debug|x64.ActiveCfg = Debug|x64
		{C490F8C7-D8E8-43C9-8D09-9BC8AB705098}.LIB ASM Debug|x64.Build.0 = Debug|x64
		{C490F8C7-D8E8-43C9-8D09-9BC8AB705098}.LIB ASM Debug|x86.ActiveCfg = Debug|x64
		{C490F8C7-D8E8-43C9-8D09-9BC8AB705098}.LIB ASM Release|Mixed Platforms.ActiveCfg = Release|x64
		{C490F8C7-D8E8-43C9-8D09-9BC8AB705098}.LIB ASM Release|Mixed Platforms.Build.0 = Release|x64
		{C490F8C7-D8E8-43C9-8D09-9BC8AB705098}.LIB ASM Release|Win32.ActiveCfg = Release|Win32
		{C490F8C7-D8E8-43C9-8D09-9BC8AB705098}.LIB ASM Release|Win32.Build.0 = Release|Win32
		{C490F8C7-D8E8-43C9-8D09-9BC8AB705098}.LIB ASM Release|x64.ActiveCfg = Release|x64
		{C490F8C7-D8E8-43C9-8D09-9BC8AB705098}.LIB ASM Release|x64.Build.0 = Release|x64
		{C490F8C7-D8E8-43C9-8D09-9BC8AB705098}.LIB ASM Release|x86.ActiveCfg = Release|x64
		{C490F8C7-D8E8-43C9-8D09-9BC8AB705098}.LIB Debug|Mixed Platforms.ActiveCfg = Debug|x64
		{C490F8C7-D8E8-43C9-8D09-9BC8AB705098}.LIB Debug|Mixed Platforms.Build.0 = Debug|x64
		{C490F8C7-D8E8-43C9-8D09-9BC8AB705098}.LIB Debug|Win32.ActiveCfg = Debug|Win32
		{C490F8C7-D8E8-43C9-8D09-9BC8AB705098}.LIB Debug|Win32.Build.0 = Debug|Win32
		{C490F8C7-D8E8-43C9-8D09-9BC8AB705098}.LIB Debug|x64.ActiveCfg = Debug|x64
		{C490F8C7-D8E8-43C9-8D09-9BC8AB705098}.LIB Debug|x64.Build.0 = Debug|x64
		{C490F8C7-D8E8-43C9-8D09-9BC8AB705098}.LIB Debug|x86.ActiveCfg = Debug|x64
		{C490F8C7-D8E8-43C9-8D09-9BC8AB705098}.LIB Release|Mixed Platforms.ActiveCfg = Release|x64
		{C490F8C7-D8E8-43C9-8D09-9BC8AB705098}.LIB Release|Mixed Platforms.Build.0 = Release|x64
		{C490F8C7-D8E8-43C9-8D09-9BC8AB705098}.LIB Release|Win32.ActiveCfg = Release|Win32
		{C490F8C7-D8E8-43C9-8D09-9BC8AB705098}.LIB Release|Win32.Build.0 = Release|Win32
		{C490F8C7-D8E8-43C9-8D09-9BC8AB705098}.LIB Release|x64.ActiveCfg = Release|x64
		{C490F8C7-D8E8-43C9-8D09-9BC8AB705098}.LIB Release|x64.Build.0 = Release|x64
		{C490F8C7-D8E8-43C9-8D09-9BC8AB705098}.LIB Release|x86.ActiveCfg = Release|x64
		{C490F8C7-D8E8-43C9-8D09-9BC8AB705098}.MinSizeRel|Mixed Platforms.ActiveCfg = Release|x64
		{C490F8C7-D8E8-43C9-8D09-9BC8AB705098}.MinSizeRel|Mixed Platforms.Build.0 = Release|x64
		{C490F8C7-D8E8-43C9-8D09-9BC8AB705098}.MinSizeRel|Win32.ActiveCfg = Release|x64
		{C490F8C7-D8E8-43C9-8D09-9BC8AB705098}.MinSizeRel|x64.ActiveCfg = Release|x64
		{C490F8C7-D8E8-43C9-8D09-9BC8AB705098}.MinSizeRel|x64.Build.0 = Release|x64
		{C490F8C7-D8E8-43C9-8D09-9BC8AB705098}.MinSizeRel|x86.ActiveCfg = Release|x64
		{C490F8C7-D8E8-43C9-8D09-9BC8AB705098}.Release|Mixed Platforms.ActiveCfg = Release|x64
		{C490F8C7-D8E8-43C9-8D09-9BC8AB705098}.Release|Mixed Platforms.Build.0 = Release|x64
		{C490F8C7-D8E8-43C9-8D09-9BC8AB705098}.Release|Win32.ActiveCfg = Release|Win32
		{C490F8C7-D8E8-43C9-8D09-9BC8AB705098}.Release|Win32.Build.0 = Release|Win32
		{C490F8C7-D8E8-43C9-8D09-9BC8AB705098}.Release|x64.ActiveCfg = Release|x64
		{C490F8C7-D8E8-43C9-8D09-9BC8AB705098}.Release|x64.Build.0 = Release|x64
		{C490F8C7-D8E8-43C9-8D09-9BC8AB705098}.Release|x86.ActiveCfg = Release|x64
		{C490F8C7-D8E8-43C9-8D09-9BC8AB705098}.RelWithDebInfo|Mixed Platforms.ActiveCfg = Release|x64
		{C490F8C7-D8E8-43C9-8D09-9BC8AB705098}.RelWithDebInfo|Mixed Platforms.Build.0 = Release|x64
		{C490F8C7-D8E8-43C9-8D09-9BC8AB705098}.RelWithDebInfo|Win32.ActiveCfg = Release|x64
		{C490F8C7-D8E8-43C9-8D09-9BC8AB705098}.RelWithDebInfo|x64.ActiveCfg = Release|x64
		{C490F8C7-D8E8-43C9-8D09-9BC8AB705098}.RelWithDebInfo|x64.Build.0 = Release|x64
		{C490F8C7-D8E8-43C9-8D09-9BC8AB705098}.RelWithDebInfo|x86.ActiveCfg = Release|x64
		{02C268A9-6FE3-4B49-B920-0A843454C7D6}.Debug|Mixed Platforms.ActiveCfg = Debug|x64
		{02C268A9-6FE3-4B49-B920-0A843454C7D6}.Debug|Mixed Platforms.Build.0 = Debug|x64
		{02C268A9-6FE3-4B49-B920-0A843454C7D6}.Debug|Win32.ActiveCfg = Debug|Win32
		{02C268A9-6FE3-4B49-B920-0A843454C7D6}.Debug|Win32.Build.0 = Debug|Win32
		{02C268A9-6FE3-4B49-B920-0A843454C7D6}.Debug|x64.ActiveCfg = Debug|x64
		{02C268A9-6FE3-4B49-B920-0A843454C7D6}.Debug|x64.Build.0 = Debug|x64
		{02C268A9-6FE3-4B49-B920-0A843454C7D6}.Debug|x86.ActiveCfg = Debug|x64
		{02C268A9-6FE3-4B49-B920-0A843454C7D6}.DLL ASM Debug|Mixed Platforms.ActiveCfg = Debug|x64
		{02C268A9-6FE3-4B49-B920-0A843454C7D6}.DLL ASM Debug|Mixed Platforms.Build.0 = Debug|x64
		{02C268A9-6FE3-4B49-B920-0A843454C7D6}.DLL ASM Debug|Win32.ActiveCfg = Debug|Win32
		{02C268A9-6FE3-4B49-B920-0A843454C7D6}.DLL ASM Debug|Win32.Build.0 = Debug|Win32
		{02C268A9-6FE3-4B49-B920-0A843454C7D6}.DLL ASM Debug|x64.ActiveCfg = Debug|Win32
		{02C268A9-6FE3-4B49-B920-0A843454C7D6}.DLL ASM Debug|x86.ActiveCfg = Debug|x64
		{02C268A9-6FE3-4B49-B920-0A843454C7D6}.DLL ASM Release|Mixed Platforms.ActiveCfg = Release|x64
		{02C268A9-6FE3-4B49-B920-0A843454C7D6}.DLL ASM Release|Mixed Platforms.Build.0 = Release|x64
		{02C268A9-6FE3-4B49-B920-0A843454C7D6}.DLL ASM Release|Win32.ActiveCfg = Release|Win32
		{02C268A9-6FE3-4B49-B920-0A843454C7D6}.DLL ASM Release|Win32.Build.0 = Release|Win32
		{02C268A9-6FE3-4B49-B920-0A843454C7D6}.DLL ASM Release|x64.ActiveCfg = Release|Win32
		{02C268A9-6FE3-4B49-B920-0A843454C7D6}.DLL ASM Release|x86.ActiveCfg = Release|x64
		{02C268A9-6FE3-4B49-B920-0A843454C7D6}.DLL Debug|Mixed Platforms.ActiveCfg = Debug|x64
		{02C268A9-6FE3-4B49-B920-0A843454C7D6}.DLL Debug|Mixed Platforms.Build.0 = Debug|x64
		{02C268A9-6FE3-4B49-B920-0A843454C7D6}.DLL Debug|Win32.ActiveCfg = Debug|Win32
		{02C268A9-6FE3-4B49-B920-0A843454C7D6}.DLL Debug|Win32.Build.0 = Debug|Win32
		{02C268A9-6FE3-4B49-B920-0A843454C7D6}.DLL Debug|x64.ActiveCfg = Debug|Win32
		{02C268A9-6FE3-4B49-B920-0A843454C7D6}.DLL Debug|x86.ActiveCfg = Debug|x64
		{02C268A9-6FE3-4B49-B920-0A843454C7D6}.DLL Release|Mixed Platforms.ActiveCfg = Release|x64
		{02C268A9-6FE3-4B49-B920-0A843454C7D6}.DLL Release|Mixed Platforms.Build.0 = Release|x64
		{02C268A9-6FE3-4B49-B920-0A843454C7D6}.DLL Release|Win32.ActiveCfg = Release|Win32
		{02C268A9-6FE3-4B49-B920-0A843454C7D6}.DLL Release|Win32.Build.0 = Release|Win32
		{02C268A9-6FE3-4B49-B920-0A843454C7D6}.DLL Release|x64.ActiveCfg = Release|Win32
		{02C268A9-6FE3-4B49-B920-0A843454C7D6}.DLL Release|x86.ActiveCfg = Release|x64
		{02C268A9-6FE3-4B49-B920-0A843454C7D6}.LIB ASM Debug|Mixed Platforms.ActiveCfg = Debug|x64
		{02C268A9-6FE3-4B49-B920-0A843454C7D6}.LIB ASM Debug|Mixed Platforms.Build.0 = Debug|x64
		{02C268A9-6FE3-4B49-B920-0A843454C7D6}.LIB ASM Debug|Win32.ActiveCfg = Debug|Win32
		{02C268A9-6FE3-4B49-B920-0A843454C7D6}.LIB ASM Debug|Win32.Build.0 = Debug|Win32
		{02C268A9-6FE3-4B49-B920-0A843454C7D6}.LIB ASM Debug|x64.ActiveCfg = Debug|Win32
		{02C268A9-6FE3-4B49-B920-0A843454C7D6}.LIB ASM Debug|x86.ActiveCfg = Debug|x64
		{02C268A9-6FE3-4B49-B920-0A843454C7D6}.LIB ASM Release|Mixed Platforms.ActiveCfg = Release|x64
		{02C268A9-6FE3-4B49-B920-0A843454C7D6}.LIB ASM Release|Mixed Platforms.Build.0 = Release|x64
		{02C268A9-6FE3-4B49-B920-0A843454C7D6}.LIB ASM Release|Win32.ActiveCfg = Release|Win32
		{02C268A9-6FE3-4B49-B920-0A843454C7D6}.LIB ASM Release|Win32.Build.0 = Release|Win32
		{02C268A9-6FE3-4B49-B920-0A843454C7D6}.LIB ASM Release|x64.ActiveCfg = Release|Win32
		{02C268A9-6FE3-4B49-B920-0A843454C7D6}.LIB ASM Release|x86.ActiveCfg = Release|x64
		{02C268A9-6FE3-4B49-B920-0A843454C7D6}.LIB Debug|Mixed Platforms.ActiveCfg = Debug|x64
		{02C268A9-6FE3-4B49-B920-0A843454C7D6}.LIB Debug|Mixed Platforms.Build.0 = Debug|x64
		{02C268A9-6FE3-4B49-B920-0A843454C7D6}.LIB Debug|Win32.ActiveCfg = Debug|Win32
		{02C268A9-6FE3-4B49-B920-0A843454C7D6}.LIB Debug|Win32.Build.0 = Debug|Win32
		{02C268A9-6FE3-4B49-B920-0A843454C7D6}.LIB Debug|x64.ActiveCfg = Debug|Win32
		{02C268A9-6FE3-4B49-B920-0A843454C7D6}.LIB Debug|x86.ActiveCfg = Debug|x64
		{02C268A9-6FE3-4B49-B920-0A843454C7D6}.LIB Release|Mixed Platforms.ActiveCfg = Release|x64
		{02C268A9-6FE3-4B49-B920-0A843454C7D6}.LIB Release|Mixed Platforms.Build.0 = Release|x64
		{02C268A9-6FE3-4B49-B920-0A843454C7D6}.LIB Release|Win32.ActiveCfg = Release|Win32
		{02C268A9-6FE3-4B49-B920-0A843454C7D6}.LIB Release|Win32.Build.0 = Release|Win32
		{02C268A9-6FE3-4B49-B920-0A843454C7D6}.LIB Release|x64.ActiveCfg = Release|Win32
		{02C268A9-6FE3-4B49-B920-0A843454C7D6}.LIB Release|x86.ActiveCfg = Release|x64
		{02C268A9-6FE3-4B49-B920-0A843454C7D6}.MinSizeRel|Mixed Platforms.ActiveCfg = Release|x64
		{02C268A9-6FE3-4B49-B920-0A843454C7D6}.MinSizeRel|Mixed Platforms.Build.0 = Release|x64
		{02C268A9-6FE3-4B49-B920-0A843454C7D6}.MinSizeRel|Win32.ActiveCfg = Release|Win32
		{02C268A9-6FE3-4B49-B920-0A843454C7D6}.MinSizeRel|Win32.Build.0 = Release|Win32
		{02C268A9-6FE3-4B49-B920-0A843454C7D6}.MinSizeRel|x64.ActiveCfg = Release|Win32
		{02C268A9-6FE3-4B49-B920-0A843454C7D6}.MinSizeRel|x86.ActiveCfg = Release|x64
		{02C268A9-6FE3-4B49-B920-0A843454C7D6}.Release|Mixed Platforms.ActiveCfg = Release|x64
		{02C268A9-6FE3-4B49-B920-0A843454C7D6}.Release|Mixed Platforms.Build.0 = Release|x64
		{02C268A9-6FE3-4B49-B920-0A843454C7D6}.Release|Win32.ActiveCfg = Release|Win32
		{02C268A9-6FE3-4B49-B920-0A843454C7D6}.Release|Win32.Build.0 = Release|Win32
		{02C268A9-6FE3-4B49-B920-0A843454C7D6}.Release|x64.ActiveCfg = Release|x64
		{02C268A9-6FE3-4B49-B920-0A843454C7D6}.Release|x64.Build.0 = Release|x64
		{02C268A9-6FE3-4B49-B920-0A843454C7D6}.Release|x86.ActiveCfg = Release|x64
		{02C268A9-6FE3-4B49-B920-0A843454C7D6}.RelWithDebInfo|Mixed Platforms.ActiveCfg = Release|x64
		{02C268A9-6FE3-4B49-B920-0A843454C7D6}.RelWithDebInfo|Mixed Platforms.Build.0 = Release|x64
		{02C268A9-6FE3-4B49-B920-0A843454C7D6}.RelWithDebInfo|Win32.ActiveCfg = Release|Win32
		{02C268A9-6FE3-4B49-B920-0A843454C7D6}.RelWithDebInfo|Win32.Build.0 = Release|Win32
		{02C268A9-6FE3-4B49-B920-0A843454C7D6}.RelWithDebInfo|x64.ActiveCfg = Release|Win32
		{02C268A9-6FE3-4B49-B920-0A843454C7D6}.RelWithDebInfo|x86.ActiveCfg = Release|x64
		{A2FE64B5-A00E-404A-AF5E-C5B216D46DC6}.Debug|Mixed Platforms.ActiveCfg = Debug|x86
		{A2FE64B5-A00E-404A-AF5E-C5B216D46DC6}.Debug|Win32.ActiveCfg = Debug|x86
		{A2FE64B5-A00E-404A-AF5E-C5B216D46DC6}.Debug|x64.ActiveCfg = Debug|x86
		{A2FE64B5-A00E-404A-AF5E-C5B216D46DC6}.Debug|x86.ActiveCfg = Debug|x86
		{A2FE64B5-A00E-404A-AF5E-C5B216D46DC6}.Debug|x86.Build.0 = Debug|x86
		{A2FE64B5-A00E-404A-AF5E-C5B216D46DC6}.DLL ASM Debug|Mixed Platforms.ActiveCfg = Debug|x86
		{A2FE64B5-A00E-404A-AF5E-C5B216D46DC6}.DLL ASM Debug|Mixed Platforms.Build.0 = Debug|x86
		{A2FE64B5-A00E-404A-AF5E-C5B216D46DC6}.DLL ASM Debug|Win32.ActiveCfg = Debug|x86
		{A2FE64B5-A00E-404A-AF5E-C5B216D46DC6}.DLL ASM Debug|x64.ActiveCfg = Debug|x86
		{A2FE64B5-A00E-404A-AF5E-C5B216D46DC6}.DLL ASM Debug|x86.ActiveCfg = Debug|x86
		{A2FE64B5-A00E-404A-AF5E-C5B216D46DC6}.DLL ASM Debug|x86.Build.0 = Debug|x86
		{A2FE64B5-A00E-404A-AF5E-C5B216D46DC6}.DLL ASM Release|Mixed Platforms.ActiveCfg = Release|x86
		{A2FE64B5-A00E-404A-AF5E-C5B216D46DC6}.DLL ASM Release|Mixed Platforms.Build.0 = Release|x86
		{A2FE64B5-A00E-404A-AF5E-C5B216D46DC6}.DLL ASM Release|Win32.ActiveCfg = Release|x86
		{A2FE64B5-A00E-404A-AF5E-C5B216D46DC6}.DLL ASM Release|x64.ActiveCfg = Release|x86
		{A2FE64B5-A00E-404A-AF5E-C5B216D46DC6}.DLL ASM Release|x86.ActiveCfg = Release|x86
		{A2FE64B5-A00E-404A-AF5E-C5B216D46DC6}.DLL ASM Release|x86.Build.0 = Release|x86
		{A2FE64B5-A00E-404A-AF5E-C5B216D46DC6}.DLL Debug|Mixed Platforms.ActiveCfg = Debug|x86
		{A2FE64B5-A00E-404A-AF5E-C5B216D46DC6}.DLL Debug|Mixed Platforms.Build.0 = Debug|x86
		{A2FE64B5-A00E-404A-AF5E-C5B216D46DC6}.DLL Debug|Win32.ActiveCfg = Debug|x86
		{A2FE64B5-A00E-404A-AF5E-C5B216D46DC6}.DLL Debug|x64.ActiveCfg = Debug|x86
		{A2FE64B5-A00E-404A-AF5E-C5B216D46DC6}.DLL Debug|x86.ActiveCfg = Debug|x86
		{A2FE64B5-A00E-404A-AF5E-C5B216D46DC6}.DLL Debug|x86.Build.0 = Debug|x86
		{A2FE64B5-A00E-404A-AF5E-C5B216D46DC6}.DLL Release|Mixed Platforms.ActiveCfg = Release|x86
		{A2FE64B5-A00E-404A-AF5E-C5B216D46DC6}.DLL Release|Mixed Platforms.Build.0 = Release|x86
		{A2FE64B5-A00E-404A-AF5E-C5B216D46DC6}.DLL Release|Win32.ActiveCfg = Release|x86
		{A2FE64B5-A00E-404A-AF5E-C5B216D46DC6}.DLL Release|x64.ActiveCfg = Release|x86
		{A2FE64B5-A00E-404A-AF5E-C5B216D46DC6}.DLL Release|x86.ActiveCfg = Release|x86
		{A2FE64B5-A00E-404A-AF5E-C5B216D46DC6}.DLL Release|x86.Build.0 = Release|x86
		{A2FE64B5-A00E-404A-AF5E-C5B216D46DC6}.LIB ASM Debug|Mixed Platforms.ActiveCfg = Debug|x86
		{A2FE64B5-A00E-404A-AF5E-C5B216D46DC6}.LIB ASM Debug|Mixed Platforms.Build.0 = Debug|x86
		{A2FE64B5-A00E-404A-AF5E-C5B216D46DC6}.LIB ASM Debug|Win32.ActiveCfg = Debug|x86
		{A2FE64B5-A00E-404A-AF5E-C5B216D46DC6}.LIB ASM Debug|x64.ActiveCfg = Debug|x86
		{A2FE64B5-A00E-404A-AF5E-C5B216D46DC6}.LIB ASM Debug|x86.ActiveCfg = Debug|x86
		{A2FE64B5-A00E-404A-AF5E-C5B216D46DC6}.LIB ASM Debug|x86.Build.0 = Debug|x86
		{A2FE64B5-A00E-404A-AF5E-C5B216D46DC6}.LIB ASM Release|Mixed Platforms.ActiveCfg = Release|x86
		{A2FE64B5-A00E-404A-AF5E-C5B216D46DC6}.LIB ASM Release|Mixed Platforms.Build.0 = Release|x86
		{A2FE64B5-A00E-404A-AF5E-C5B216D46DC6}.LIB ASM Release|Win32.ActiveCfg = Release|x86
		{A2FE64B5-A00E-404A-AF5E-C5B216D46DC6}.LIB ASM Release|x64.ActiveCfg = Release|x86
		{A2FE64B5-A00E-404A-AF5E-C5B216D46DC6}.LIB ASM Release|x86.ActiveCfg = Release|x86
		{A2FE64B5-A00E-404A-AF5E-C5B216D46DC6}.LIB ASM Release|x86.Build.0 = Release|x86
		{A2FE64B5-A00E-404A-AF5E-C5B216D46DC6}.LIB Debug|Mixed Platforms.ActiveCfg = Debug|x86
		{A2FE64B5-A00E-404A-AF5E-C5B216D46DC6}.LIB Debug|Mixed Platforms.Build.0 = Debug|x86
		{A2FE64B5-A00E-404A-AF5E-C5B216D46DC6}.LIB Debug|Win32.ActiveCfg = Debug|x86
		{A2FE64B5-A00E-404A-AF5E-C5B216D46DC6}.LIB Debug|x64.ActiveCfg = Debug|x86
		{A2FE64B5-A00E-404A-AF5E-C5B216D46DC6}.LIB Debug|x86.ActiveCfg = Debug|x86
		{A2FE64B5-A00E-404A-AF5E-C5B216D46DC6}.LIB Debug|x86.Build.0 = Debug|x86
		{A2FE64B5-A00E-404A-AF5E-C5B216D46DC6}.LIB Release|Mixed Platforms.ActiveCfg = Release|x86
		{A2FE64B5-A00E-404A-AF5E-C5B216D46DC6}.LIB Release|Mixed Platforms.Build.0 = Release|x86
		{A2FE64B5-A00E-404A-AF5E-C5B216D46DC6}.LIB Release|Win32.ActiveCfg = Release|x86
		{A2FE64B5-A00E-404A-AF5E-C5B216D46DC6}.LIB Release|x64.ActiveCfg = Release|x86
		{A2FE64B5-A00E-404A-AF5E-C5B216D46DC6}.LIB Release|x86.ActiveCfg = Release|x86
		{A2FE64B5-A00E-404A-AF5E-C5B216D46DC6}.LIB Release|x86.Build.0 = Release|x86
		{A2FE64B5-A00E-404A-AF5E-C5B216D46DC6}.MinSizeRel|Mixed Platforms.ActiveCfg = Release|x86
		{A2FE64B5-A00E-404A-AF5E-C5B216D46DC6}.MinSizeRel|Mixed Platforms.Build.0 = Release|x86
		{A2FE64B5-A00E-404A-AF5E-C5B216D46DC6}.MinSizeRel|Win32.ActiveCfg = Release|x86
		{A2FE64B5-A00E-404A-AF5E-C5B216D46DC6}.MinSizeRel|x64.ActiveCfg = Release|x86
		{A2FE64B5-A00E-404A-AF5E-C5B216D46DC6}.MinSizeRel|x86.ActiveCfg = Release|x86
		{A2FE64B5-A00E-404A-AF5E-C5B216D46DC6}.MinSizeRel|x86.Build.0 = Release|x86
		{A2FE64B5-A00E-404A-AF5E-C5B216D46DC6}.Release|Mixed Platforms.ActiveCfg = Release|x86
		{A2FE64B5-A00E-404A-AF5E-C5B216D46DC6}.Release|Mixed Platforms.Build.0 = Release|x86
		{A2FE64B5-A00E-404A-AF5E-C5B216D46DC6}.Release|Win32.ActiveCfg = Release|x86
		{A2FE64B5-A00E-404A-AF5E-C5B216D46DC6}.Release|x64.ActiveCfg = Release|x86
		{A2FE64B5-A00E-404A-AF5E-C5B216D46DC6}.Release|x86.ActiveCfg = Release|x86
		{A2FE64B5-A00E-404A-AF5E-C5B216D46DC6}.Release|x86.Build.0 = Release|x86
		{A2FE64B5-A00E-404A-AF5E-C5B216D46DC6}.RelWithDebInfo|Mixed Platforms.ActiveCfg = Release|x86
		{A2FE64B5-A00E-404A-AF5E-C5B216D46DC6}.RelWithDebInfo|Mixed Platforms.Build.0 = Release|x86
		{A2FE64B5-A00E-404A-AF5E-C5B216D46DC6}.RelWithDebInfo|Win32.ActiveCfg = Release|x86
		{A2FE64B5-A00E-404A-AF5E-C5B216D46DC6}.RelWithDebInfo|x64.ActiveCfg = Release|x86
		{A2FE64B5-A00E-404A-AF5E-C5B216D46DC6}.RelWithDebInfo|x86.ActiveCfg = Release|x86
		{A2FE64B5-A00E-404A-AF5E-C5B216D46DC6}.RelWithDebInfo|x86.Build.0 = Release|x86
		{AB6840C8-A6FC-4360-BD48-A1F026B03930}.Debug|Mixed Platforms.ActiveCfg = Debug|Win32
		{AB6840C8-A6FC-4360-BD48-A1F026B03930}.Debug|Mixed Platforms.Build.0 = Debug|Win32
		{AB6840C8-A6FC-4360-BD48-A1F026B03930}.Debug|Win32.ActiveCfg = Debug|Win32
		{AB6840C8-A6FC-4360-BD48-A1F026B03930}.Debug|Win32.Build.0 = Debug|Win32
		{AB6840C8-A6FC-4360-BD48-A1F026B03930}.Debug|x64.ActiveCfg = Debug|x64
		{AB6840C8-A6FC-4360-BD48-A1F026B03930}.Debug|x64.Build.0 = Debug|x64
		{AB6840C8-A6FC-4360-BD48-A1F026B03930}.Debug|x86.ActiveCfg = Debug|Win32
		{AB6840C8-A6FC-4360-BD48-A1F026B03930}.DLL ASM Debug|Mixed Platforms.ActiveCfg = Debug|Win32
		{AB6840C8-A6FC-4360-BD48-A1F026B03930}.DLL ASM Debug|Mixed Platforms.Build.0 = Debug|Win32
		{AB6840C8-A6FC-4360-BD48-A1F026B03930}.DLL ASM Debug|Win32.ActiveCfg = Debug|Win32
		{AB6840C8-A6FC-4360-BD48-A1F026B03930}.DLL ASM Debug|Win32.Build.0 = Debug|Win32
		{AB6840C8-A6FC-4360-BD48-A1F026B03930}.DLL ASM Debug|x64.ActiveCfg = Debug|Win32
		{AB6840C8-A6FC-4360-BD48-A1F026B03930}.DLL ASM Debug|x86.ActiveCfg = Debug|Win32
		{AB6840C8-A6FC-4360-BD48-A1F026B03930}.DLL ASM Release|Mixed Platforms.ActiveCfg = Release|Win32
		{AB6840C8-A6FC-4360-BD48-A1F026B03930}.DLL ASM Release|Mixed Platforms.Build.0 = Release|Win32
		{AB6840C8-A6FC-4360-BD48-A1F026B03930}.DLL ASM Release|Win32.ActiveCfg = Release|Win32
		{AB6840C8-A6FC-4360-BD48-A1F026B03930}.DLL ASM Release|Win32.Build.0 = Release|Win32
		{AB6840C8-A6FC-4360-BD48-A1F026B03930}.DLL ASM Release|x64.ActiveCfg = Release|Win32
		{AB6840C8-A6FC-4360-BD48-A1F026B03930}.DLL ASM Release|x86.ActiveCfg = Release|Win32
		{AB6840C8-A6FC-4360-BD48-A1F026B03930}.DLL Debug|Mixed Platforms.ActiveCfg = Debug|Win32
		{AB6840C8-A6FC-4360-BD48-A1F026B03930}.DLL Debug|Mixed Platforms.Build.0 = Debug|Win32
		{AB6840C8-A6FC-4360-BD48-A1F026B03930}.DLL Debug|Win32.ActiveCfg = Debug|Win32
		{AB6840C8-A6FC-4360-BD48-A1F026B03930}.DLL Debug|Win32.Build.0 = Debug|Win32
		{AB6840C8-A6FC-4360-BD48-A1F026B03930}.DLL Debug|x64.ActiveCfg = Debug|Win32
		{AB6840C8-A6FC-4360-BD48-A1F026B03930}.DLL Debug|x86.ActiveCfg = Debug|Win32
		{AB6840C8-A6FC-4360-BD48-A1F026B03930}.DLL Release|Mixed Platforms.ActiveCfg = Release|Win32
		{AB6840C8-A6FC-4360-BD48-A1F026B03930}.DLL Release|Mixed Platforms.Build.0 = Release|Win32
		{AB6840C8-A6FC-4360-BD48-A1F026B03930}.DLL Release|Win32.ActiveCfg = Release|Win32
		{AB6840C8-A6FC-4360-BD48-A1F026B03930}.DLL Release|Win32.Build.0 = Release|Win32
		{AB6840C8-A6FC-4360-BD48-A1F026B03930}.DLL Release|x64.ActiveCfg = Release|Win32
		{AB6840C8-A6FC-4360-BD48-A1F026B03930}.DLL Release|x86.ActiveCfg = Release|Win32
		{AB6840C8-A6FC-4360-BD48-A1F026B03930}.LIB ASM Debug|Mixed Platforms.ActiveCfg = Debug|Win32
		{AB6840C8-A6FC-4360-BD48-A1F026B03930}.LIB ASM Debug|Mixed Platforms.Build.0 = Debug|Win32
		{AB6840C8-A6FC-4360-BD48-A1F026B03930}.LIB ASM Debug|Win32.ActiveCfg = Debug|Win32
		{AB6840C8-A6FC-4360-BD48-A1F026B03930}.LIB ASM Debug|Win32.Build.0 = Debug|Win32
		{AB6840C8-A6FC-4360-BD48-A1F026B03930}.LIB ASM Debug|x64.ActiveCfg = Debug|Win32
		{AB6840C8-A6FC-4360-BD48-A1F026B03930}.LIB ASM Debug|x86.ActiveCfg = Debug|Win32
		{AB6840C8-A6FC-4360-BD48-A1F026B03930}.LIB ASM Release|Mixed Platforms.ActiveCfg = Release|Win32
		{AB6840C8-A6FC-4360-BD48-A1F026B03930}.LIB ASM Release|Mixed Platforms.Build.0 = Release|Win32
		{AB6840C8-A6FC-4360-BD48-A1F026B03930}.LIB ASM Release|Win32.ActiveCfg = Release|Win32
		{AB6840C8-A6FC-4360-BD48-A1F026B03930}.LIB ASM Release|Win32.Build.0 = Release|Win32
		{AB6840C8-A6FC-4360-BD48-A1F026B03930}.LIB ASM Release|x64.ActiveCfg = Release|Win32
		{AB6840C8-A6FC-4360-BD48-A1F026B03930}.LIB ASM Release|x86.ActiveCfg = Release|Win32
		{AB6840C8-A6FC-4360-BD48-A1F026B03930}.LIB Debug|Mixed Platforms.ActiveCfg = Debug|Win32
		{AB6840C8-A6FC-4360-BD48-A1F026B03930}.LIB Debug|Mixed Platforms.Build.0 = Debug|Win32
		{AB6840C8-A6FC-4360-BD48-A1F026B03930}.LIB Debug|Win32.ActiveCfg = Debug|Win32
		{AB6840C8-A6FC-4360-BD48-A1F026B03930}.LIB Debug|Win32.Build.0 = Debug|Win32
		{AB6840C8-A6FC-4360-BD48-A1F026B03930}.LIB Debug|x64.ActiveCfg = Debug|Win32
		{AB6840C8-A6FC-4360-BD48-A1F026B03930}.LIB Debug|x86.ActiveCfg = Debug|Win32
		{AB6840C8-A6FC-4360-BD48-A1F026B03930}.LIB Release|Mixed Platforms.ActiveCfg = Release|Win32
		{AB6840C8-A6FC-4360-BD48-A1F026B03930}.LIB Release|Mixed Platforms.Build.0 = Release|Win32
		{AB6840C8-A6FC-4360-BD48-A1F026B03930}.LIB Release|Win32.ActiveCfg = Release|Win32
		{AB6840C8-A6FC-4360-BD48-A1F026B03930}.LIB Release|Win32.Build.0 = Release|Win32
		{AB6840C8-A6FC-4360-BD48-A1F026B03930}.LIB Release|x64.ActiveCfg = Release|Win32
		{AB6840C8-A6FC-4360-BD48-A1F026B03930}.LIB Release|x86.ActiveCfg = Release|Win32
		{AB6840C8-A6FC-4360-BD48-A1F026B03930}.MinSizeRel|Mixed Platforms.ActiveCfg = Release|Win32
		{AB6840C8-A6FC-4360-BD48-A1F026B03930}.MinSizeRel|Mixed Platforms.Build.0 = Release|Win32
		{AB6840C8-A6FC-4360-BD48-A1F026B03930}.MinSizeRel|Win32.ActiveCfg = Release|Win32
		{AB6840C8-A6FC-4360-BD48-A1F026B03930}.MinSizeRel|Win32.Build.0 = Release|Win32
		{AB6840C8-A6FC-4360-BD48-A1F026B03930}.MinSizeRel|x64.ActiveCfg = Release|Win32
		{AB6840C8-A6FC-4360-BD48-A1F026B03930}.MinSizeRel|x86.ActiveCfg = Release|Win32
		{AB6840C8-A6FC-4360-BD48-A1F026B03930}.Release|Mixed Platforms.ActiveCfg = Release|Win32
		{AB6840C8-A6FC-4360-BD48-A1F026B03930}.Release|Mixed Platforms.Build.0 = Release|Win32
		{AB6840C8-A6FC-4360-BD48-A1F026B03930}.Release|Win32.ActiveCfg = Release|Win32
		{AB6840C8-A6FC-4360-BD48-A1F026B03930}.Release|Win32.Build.0 = Release|Win32
		{AB6840C8-A6FC-4360-BD48-A1F026B03930}.Release|x64.ActiveCfg = Release|x64
		{AB6840C8-A6FC-4360-BD48-A1F026B03930}.Release|x64.Build.0 = Release|x64
		{AB6840C8-A6FC-4360-BD48-A1F026B03930}.Release|x86.ActiveCfg = Release|Win32
		{AB6840C8-A6FC-4360-BD48-A1F026B03930}.RelWithDebInfo|Mixed Platforms.ActiveCfg = Release|Win32
		{AB6840C8-A6FC-4360-BD48-A1F026B03930}.RelWithDebInfo|Mixed Platforms.Build.0 = Release|Win32
		{AB6840C8-A6FC-4360-BD48-A1F026B03930}.RelWithDebInfo|Win32.ActiveCfg = Release|Win32
		{AB6840C8-A6FC-4360-BD48-A1F026B03930}.RelWithDebInfo|Win32.Build.0 = Release|Win32
		{AB6840C8-A6FC-4360-BD48-A1F026B03930}.RelWithDebInfo|x64.ActiveCfg = Release|Win32
		{AB6840C8-A6FC-4360-BD48-A1F026B03930}.RelWithDebInfo|x86.ActiveCfg = Release|Win32
		{D0DDBF0F-314F-4923-AAF2-175920918E4E}.Debug|Mixed Platforms.ActiveCfg = Debug|x64
		{D0DDBF0F-314F-4923-AAF2-175920918E4E}.Debug|Mixed Platforms.Build.0 = Debug|x64
		{D0DDBF0F-314F-4923-AAF2-175920918E4E}.Debug|Win32.ActiveCfg = Debug|Win32
		{D0DDBF0F-314F-4923-AAF2-175920918E4E}.Debug|Win32.Build.0 = Debug|Win32
		{D0DDBF0F-314F-4923-AAF2-175920918E4E}.Debug|x64.ActiveCfg = Debug|x64
		{D0DDBF0F-314F-4923-AAF2-175920918E4E}.Debug|x64.Build.0 = Debug|x64
		{D0DDBF0F-314F-4923-AAF2-175920918E4E}.Debug|x86.ActiveCfg = Debug|x64
		{D0DDBF0F-314F-4923-AAF2-175920918E4E}.DLL ASM Debug|Mixed Platforms.ActiveCfg = Debug|x64
		{D0DDBF0F-314F-4923-AAF2-175920918E4E}.DLL ASM Debug|Mixed Platforms.Build.0 = Debug|x64
		{D0DDBF0F-314F-4923-AAF2-175920918E4E}.DLL ASM Debug|Win32.ActiveCfg = Debug|Win32
		{D0DDBF0F-314F-4923-AAF2-175920918E4E}.DLL ASM Debug|Win32.Build.0 = Debug|Win32
		{D0DDBF0F-314F-4923-AAF2-175920918E4E}.DLL ASM Debug|x64.ActiveCfg = Debug|x64
		{D0DDBF0F-314F-4923-AAF2-175920918E4E}.DLL ASM Debug|x64.Build.0 = Debug|x64
		{D0DDBF0F-314F-4923-AAF2-175920918E4E}.DLL ASM Debug|x86.ActiveCfg = Debug|x64
		{D0DDBF0F-314F-4923-AAF2-175920918E4E}.DLL ASM Release|Mixed Platforms.ActiveCfg = Release|x64
		{D0DDBF0F-314F-4923-AAF2-175920918E4E}.DLL ASM Release|Mixed Platforms.Build.0 = Release|x64
		{D0DDBF0F-314F-4923-AAF2-175920918E4E}.DLL ASM Release|Win32.ActiveCfg = Release|Win32
		{D0DDBF0F-314F-4923-AAF2-175920918E4E}.DLL ASM Release|Win32.Build.0 = Release|Win32
		{D0DDBF0F-314F-4923-AAF2-175920918E4E}.DLL ASM Release|x64.ActiveCfg = Release|x64
		{D0DDBF0F-314F-4923-AAF2-175920918E4E}.DLL ASM Release|x64.Build.0 = Release|x64
		{D0DDBF0F-314F-4923-AAF2-175920918E4E}.DLL ASM Release|x86.ActiveCfg = Release|x64
		{D0DDBF0F-314F-4923-AAF2-175920918E4E}.DLL Debug|Mixed Platforms.ActiveCfg = Debug|x64
		{D0DDBF0F-314F-4923-AAF2-175920918E4E}.DLL Debug|Mixed Platforms.Build.0 = Debug|x64
		{D0DDBF0F-314F-4923-AAF2-175920918E4E}.DLL Debug|Win32.ActiveCfg = Debug|Win32
		{D0DDBF0F-314F-4923-AAF2-175920918E4E}.DLL Debug|Win32.Build.0 = Debug|Win32
		{D0DDBF0F-314F-4923-AAF2-175920918E4E}.DLL Debug|x64.ActiveCfg = Debug|x64
		{D0DDBF0F-314F-4923-AAF2-175920918E4E}.DLL Debug|x64.Build.0 = Debug|x64
		{D0DDBF0F-314F-4923-AAF2-175920918E4E}.DLL Debug|x86.ActiveCfg = Debug|x64
		{D0DDBF0F-314F-4923-AAF2-175920918E4E}.DLL Release|Mixed Platforms.ActiveCfg = Release|x64
		{D0DDBF0F-314F-4923-AAF2-175920918E4E}.DLL Release|Mixed Platforms.Build.0 = Release|x64
		{D0DDBF0F-314F-4923-AAF2-175920918E4E}.DLL Release|Win32.ActiveCfg = Release|Win32
		{D0DDBF0F-314F-4923-AAF2-175920918E4E}.DLL Release|Win32.Build.0 = Release|Win32
		{D0DDBF0F-314F-4923-AAF2-175920918E4E}.DLL Release|x64.ActiveCfg = Release|x64
		{D0DDBF0F-314F-4923-AAF2-175920918E4E}.DLL Release|x64.Build.0 = Release|x64
		{D0DDBF0F-314F-4923-AAF2-175920918E4E}.DLL Release|x86.ActiveCfg = Release|x64
		{D0DDBF0F-314F-4923-AAF2-175920918E4E}.LIB ASM Debug|Mixed Platforms.ActiveCfg = Debug|x64
		{D0DDBF0F-314F-4923-AAF2-175920918E4E}.LIB ASM Debug|Mixed Platforms.Build.0 = Debug|x64
		{D0DDBF0F-314F-4923-AAF2-175920918E4E}.LIB ASM Debug|Win32.ActiveCfg = Debug|Win32
		{D0DDBF0F-314F-4923-AAF2-175920918E4E}.LIB ASM Debug|Win32.Build.0 = Debug|Win32
		{D0DDBF0F-314F-4923-AAF2-175920918E4E}.LIB ASM Debug|x64.ActiveCfg = Debug|x64
		{D0DDBF0F-314F-4923-AAF2-175920918E4E}.LIB ASM Debug|x64.Build.0 = Debug|x64
		{D0DDBF0F-314F-4923-AAF2-175920918E4E}.LIB ASM Debug|x86.ActiveCfg = Debug|x64
		{D0DDBF0F-314F-4923-AAF2-175920918E4E}.LIB ASM Release|Mixed Platforms.ActiveCfg = Release|x64
		{D0DDBF0F-314F-4923-AAF2-175920918E4E}.LIB ASM Release|Mixed Platforms.Build.0 = Release|x64
		{D0DDBF0F-314F-4923-AAF2-175920918E4E}.LIB ASM Release|Win32.ActiveCfg = Release|Win32
		{D0DDBF0F-314F-4923-AAF2-175920918E4E}.LIB ASM Release|Win32.Build.0 = Release|Win32
		{D0DDBF0F-314F-4923-AAF2-175920918E4E}.LIB ASM Release|x64.ActiveCfg = Release|x64
		{D0DDBF0F-314F-4923-AAF2-175920918E4E}.LIB ASM Release|x64.Build.0 = Release|x64
		{D0DDBF0F-314F-4923-AAF2-175920918E4E}.LIB ASM Release|x86.ActiveCfg = Release|x64
		{D0DDBF0F-314F-4923-AAF2-175920918E4E}.LIB Debug|Mixed Platforms.ActiveCfg = Debug|x64
		{D0DDBF0F-314F-4923-AAF2-175920918E4E}.LIB Debug|Mixed Platforms.Build.0 = Debug|x64
		{D0DDBF0F-314F-4923-AAF2-175920918E4E}.LIB Debug|Win32.ActiveCfg = Debug|Win32
		{D0DDBF0F-314F-4923-AAF2-175920918E4E}.LIB Debug|Win32.Build.0 = Debug|Win32
		{D0DDBF0F-314F-4923-AAF2-175920918E4E}.LIB Debug|x64.ActiveCfg = Debug|x64
		{D0DDBF0F-314F-4923-AAF2-175920918E4E}.LIB Debug|x64.Build.0 = Debug|x64
		{D0DDBF0F-314F-4923-AAF2-175920918E4E}.LIB Debug|x86.ActiveCfg = Debug|x64
		{D0DDBF0F-314F-4923-AAF2-175920918E4E}.LIB Release|Mixed Platforms.ActiveCfg = Release|x64
		{D0DDBF0F-314F-4923-AAF2-175920918E4E}.LIB Release|Mixed Platforms.Build.0 = Release|x64
		{D0DDBF0F-314F-4923-AAF2-175920918E4E}.LIB Release|Win32.ActiveCfg = Release|Win32
		{D0DDBF0F-314F-4923-AAF2-175920918E4E}.LIB Release|Win32.Build.0 = Release|Win32
		{D0DDBF0F-314F-4923-AAF2-175920918E4E}.LIB Release|x64.ActiveCfg = Release|x64
		{D0DDBF0F-314F-4923-AAF2-175920918E4E}.LIB Release|x64.Build.0 = Release|x64
		{D0DDBF0F-314F-4923-AAF2-175920918E4E}.LIB Release|x86.ActiveCfg = Release|x64
		{D0DDBF0F-314F-4923-AAF2-175920918E4E}.MinSizeRel|Mixed Platforms.ActiveCfg = Release|x64
		{D0DDBF0F-314F-4923-AAF2-175920918E4E}.MinSizeRel|Mixed Platforms.Build.0 = Release|x64
		{D0DDBF0F-314F-4923-AAF2-175920918E4E}.MinSizeRel|Win32.ActiveCfg = Release|x64
		{D0DDBF0F-314F-4923-AAF2-175920918E4E}.MinSizeRel|x64.ActiveCfg = Release|x64
		{D0DDBF0F-314F-4923-AAF2-175920918E4E}.MinSizeRel|x64.Build.0 = Release|x64
		{D0DDBF0F-314F-4923-AAF2-175920918E4E}.MinSizeRel|x86.ActiveCfg = Release|x64
		{D0DDBF0F-314F-4923-AAF2-175920918E4E}.Release|Mixed Platforms.ActiveCfg = Release|x64
		{D0DDBF0F-314F-4923-AAF2-175920918E4E}.Release|Mixed Platforms.Build.0 = Release|x64
		{D0DDBF0F-314F-4923-AAF2-175920918E4E}.Release|Win32.ActiveCfg = Release|Win32
		{D0DDBF0F-314F-4923-AAF2-175920918E4E}.Release|Win32.Build.0 = Release|Win32
		{D0DDBF0F-314F-4923-AAF2-175920918E4E}.Release|x64.ActiveCfg = Release|x64
		{D0DDBF0F-314F-4923-AAF2-175920918E4E}.Release|x64.Build.0 = Release|x64
		{D0DDBF0F-314F-4923-AAF2-175920918E4E}.Release|x86.ActiveCfg = Release|x64
		{D0DDBF0F-314F-4923-AAF2-175920918E4E}.RelWithDebInfo|Mixed Platforms.ActiveCfg = Release|x64
		{D0DDBF0F-314F-4923-AAF2-175920918E4E}.RelWithDebInfo|Mixed Platforms.Build.0 = Release|x64
		{D0DDBF0F-314F-4923-AAF2-175920918E4E}.RelWithDebInfo|Win32.ActiveCfg = Release|x64
		{D0DDBF0F-314F-4923-AAF2-175920918E4E}.RelWithDebInfo|x64.ActiveCfg = Release|x64
		{D0DDBF0F-314F-4923-AAF2-175920918E4E}.RelWithDebInfo|x64.Build.0 = Release|x64
		{D0DDBF0F-314F-4923-AAF2-175920918E4E}.RelWithDebInfo|x86.ActiveCfg = Release|x64
	EndGlobalSection
	GlobalSection(SolutionProperties) = preSolution
		HideSolutionNode = FALSE
	EndGlobalSection
EndGlobal
