
Microsoft Visual Studio Solution File, Format Version 11.00
# Visual Studio 2010
Project("{8BC9CEB8-8B4A-11D0-8D11-00A0C91BC942}") = "NUTS", "NUTS.vcxproj", "{D0670178-BE3B-4B70-A3B8-3861B10B04C6}"
	ProjectSection(ProjectDependencies) = postProject
		{C2BA9F23-E697-29DC-3D5A-8A787920F081} = {C2BA9F23-E697-29DC-3D5A-8A787920F081}
		{778F702C-01A5-3643-9CA3-554202E321ED} = {778F702C-01A5-3643-9CA3-554202E321ED}
		{C490F8C7-D8E8-43C9-8D09-9BC8AB705098} = {C490F8C7-D8E8-43C9-8D09-9BC8AB705098}
	EndProjectSection
EndProject
Project("{8BC9CEB8-8B4A-11D0-8D11-00A0C91BC942}") = "AcornDLL", "..\AcornDLL\AcornDLL.vcxproj", "{31D245BE-388B-4818-8959-E7C0BD197BDF}"
EndProject
Project("{8BC9CEB8-8B4A-11D0-8D11-00A0C91BC942}") = "CBMDLL", "..\CBMDLL\CBMDLL.vcxproj", "{74E247C7-AC26-42E2-AC75-8B6F19ECB287}"
EndProject
Project("{8BC9CEB8-8B4A-11D0-8D11-00A0C91BC942}") = "SinclairDLL", "..\SinclairDLL\SinclairDLL.vcxproj", "{9B5B2DC2-2D96-4FD0-8295-EAC43216754C}"
EndProject
Project("{8BC9CEB8-8B4A-11D0-8D11-00A0C91BC942}") = "AmigaDLL", "..\AmigaDLL\AmigaDLL.vcxproj", "{E3FA5BC5-B08E-457B-AED9-8CC639519496}"
EndProject
Project("{8BC9CEB8-8B4A-11D0-8D11-00A0C91BC942}") = "archive_static", "..\libarchive-3.4.3\libarchive\archive_static.vcxproj", "{778F702C-01A5-3643-9CA3-554202E321ED}"
	ProjectSection(ProjectDependencies) = postProject
		{C2BA9F23-E697-29DC-3D5A-8A787920F081} = {C2BA9F23-E697-29DC-3D5A-8A787920F081}
	EndProjectSection
EndProject
Project("{8BC9CEB8-8B4A-11D0-8D11-00A0C91BC942}") = "zlib", "..\zlib-1.2.3\projects\visualc6\zlib.vcxproj", "{C2BA9F23-E697-29DC-3D5A-8A787920F081}"
EndProject
Project("{8BC9CEB8-8B4A-11D0-8D11-00A0C91BC942}") = "libzip-static", "..\libzip\build-VS2010\libzip-static\libzip-static.vcxproj", "{C490F8C7-D8E8-43C9-8D09-9BC8AB705098}"
EndProject
Global
	GlobalSection(SolutionConfigurationPlatforms) = preSolution
		Debug|Win32 = Debug|Win32
		Debug|x64 = Debug|x64
		DLL ASM Debug|Win32 = DLL ASM Debug|Win32
		DLL ASM Debug|x64 = DLL ASM Debug|x64
		DLL ASM Release|Win32 = DLL ASM Release|Win32
		DLL ASM Release|x64 = DLL ASM Release|x64
		DLL Debug|Win32 = DLL Debug|Win32
		DLL Debug|x64 = DLL Debug|x64
		DLL Release|Win32 = DLL Release|Win32
		DLL Release|x64 = DLL Release|x64
		LIB ASM Debug|Win32 = LIB ASM Debug|Win32
		LIB ASM Debug|x64 = LIB ASM Debug|x64
		LIB ASM Release|Win32 = LIB ASM Release|Win32
		LIB ASM Release|x64 = LIB ASM Release|x64
		LIB Debug|Win32 = LIB Debug|Win32
		LIB Debug|x64 = LIB Debug|x64
		LIB Release|Win32 = LIB Release|Win32
		LIB Release|x64 = LIB Release|x64
		MinSizeRel|Win32 = MinSizeRel|Win32
		MinSizeRel|x64 = MinSizeRel|x64
		Release|Win32 = Release|Win32
		Release|x64 = Release|x64
		RelWithDebInfo|Win32 = RelWithDebInfo|Win32
		RelWithDebInfo|x64 = RelWithDebInfo|x64
	EndGlobalSection
	GlobalSection(ProjectConfigurationPlatforms) = postSolution
		{D0670178-BE3B-4B70-A3B8-3861B10B04C6}.Debug|Win32.ActiveCfg = Debug|Win32
		{D0670178-BE3B-4B70-A3B8-3861B10B04C6}.Debug|Win32.Build.0 = Debug|Win32
		{D0670178-BE3B-4B70-A3B8-3861B10B04C6}.Debug|x64.ActiveCfg = Debug|x64
		{D0670178-BE3B-4B70-A3B8-3861B10B04C6}.Debug|x64.Build.0 = Debug|x64
		{D0670178-BE3B-4B70-A3B8-3861B10B04C6}.DLL ASM Debug|Win32.ActiveCfg = Debug|Win32
		{D0670178-BE3B-4B70-A3B8-3861B10B04C6}.DLL ASM Debug|Win32.Build.0 = Debug|Win32
		{D0670178-BE3B-4B70-A3B8-3861B10B04C6}.DLL ASM Debug|x64.ActiveCfg = Debug|x64
		{D0670178-BE3B-4B70-A3B8-3861B10B04C6}.DLL ASM Debug|x64.Build.0 = Debug|x64
		{D0670178-BE3B-4B70-A3B8-3861B10B04C6}.DLL ASM Release|Win32.ActiveCfg = Release|Win32
		{D0670178-BE3B-4B70-A3B8-3861B10B04C6}.DLL ASM Release|Win32.Build.0 = Release|Win32
		{D0670178-BE3B-4B70-A3B8-3861B10B04C6}.DLL ASM Release|x64.ActiveCfg = Release|x64
		{D0670178-BE3B-4B70-A3B8-3861B10B04C6}.DLL ASM Release|x64.Build.0 = Release|x64
		{D0670178-BE3B-4B70-A3B8-3861B10B04C6}.DLL Debug|Win32.ActiveCfg = Debug|Win32
		{D0670178-BE3B-4B70-A3B8-3861B10B04C6}.DLL Debug|Win32.Build.0 = Debug|Win32
		{D0670178-BE3B-4B70-A3B8-3861B10B04C6}.DLL Debug|x64.ActiveCfg = Debug|x64
		{D0670178-BE3B-4B70-A3B8-3861B10B04C6}.DLL Debug|x64.Build.0 = Debug|x64
		{D0670178-BE3B-4B70-A3B8-3861B10B04C6}.DLL Release|Win32.ActiveCfg = Release|Win32
		{D0670178-BE3B-4B70-A3B8-3861B10B04C6}.DLL Release|Win32.Build.0 = Release|Win32
		{D0670178-BE3B-4B70-A3B8-3861B10B04C6}.DLL Release|x64.ActiveCfg = Release|x64
		{D0670178-BE3B-4B70-A3B8-3861B10B04C6}.DLL Release|x64.Build.0 = Release|x64
		{D0670178-BE3B-4B70-A3B8-3861B10B04C6}.LIB ASM Debug|Win32.ActiveCfg = Debug|Win32
		{D0670178-BE3B-4B70-A3B8-3861B10B04C6}.LIB ASM Debug|Win32.Build.0 = Debug|Win32
		{D0670178-BE3B-4B70-A3B8-3861B10B04C6}.LIB ASM Debug|x64.ActiveCfg = Debug|x64
		{D0670178-BE3B-4B70-A3B8-3861B10B04C6}.LIB ASM Debug|x64.Build.0 = Debug|x64
		{D0670178-BE3B-4B70-A3B8-3861B10B04C6}.LIB ASM Release|Win32.ActiveCfg = Release|Win32
		{D0670178-BE3B-4B70-A3B8-3861B10B04C6}.LIB ASM Release|Win32.Build.0 = Release|Win32
		{D0670178-BE3B-4B70-A3B8-3861B10B04C6}.LIB ASM Release|x64.ActiveCfg = Release|x64
		{D0670178-BE3B-4B70-A3B8-3861B10B04C6}.LIB ASM Release|x64.Build.0 = Release|x64
		{D0670178-BE3B-4B70-A3B8-3861B10B04C6}.LIB Debug|Win32.ActiveCfg = Debug|Win32
		{D0670178-BE3B-4B70-A3B8-3861B10B04C6}.LIB Debug|Win32.Build.0 = Debug|Win32
		{D0670178-BE3B-4B70-A3B8-3861B10B04C6}.LIB Debug|x64.ActiveCfg = Debug|x64
		{D0670178-BE3B-4B70-A3B8-3861B10B04C6}.LIB Debug|x64.Build.0 = Debug|x64
		{D0670178-BE3B-4B70-A3B8-3861B10B04C6}.LIB Release|Win32.ActiveCfg = Release|Win32
		{D0670178-BE3B-4B70-A3B8-3861B10B04C6}.LIB Release|Win32.Build.0 = Release|Win32
		{D0670178-BE3B-4B70-A3B8-3861B10B04C6}.LIB Release|x64.ActiveCfg = Release|x64
		{D0670178-BE3B-4B70-A3B8-3861B10B04C6}.LIB Release|x64.Build.0 = Release|x64
		{D0670178-BE3B-4B70-A3B8-3861B10B04C6}.MinSizeRel|Win32.ActiveCfg = Release|x64
		{D0670178-BE3B-4B70-A3B8-3861B10B04C6}.MinSizeRel|x64.ActiveCfg = Release|x64
		{D0670178-BE3B-4B70-A3B8-3861B10B04C6}.MinSizeRel|x64.Build.0 = Release|x64
		{D0670178-BE3B-4B70-A3B8-3861B10B04C6}.Release|Win32.ActiveCfg = Release|Win32
		{D0670178-BE3B-4B70-A3B8-3861B10B04C6}.Release|Win32.Build.0 = Release|Win32
		{D0670178-BE3B-4B70-A3B8-3861B10B04C6}.Release|x64.ActiveCfg = Release|x64
		{D0670178-BE3B-4B70-A3B8-3861B10B04C6}.Release|x64.Build.0 = Release|x64
		{D0670178-BE3B-4B70-A3B8-3861B10B04C6}.RelWithDebInfo|Win32.ActiveCfg = Release|x64
		{D0670178-BE3B-4B70-A3B8-3861B10B04C6}.RelWithDebInfo|x64.ActiveCfg = Release|x64
		{D0670178-BE3B-4B70-A3B8-3861B10B04C6}.RelWithDebInfo|x64.Build.0 = Release|x64
		{31D245BE-388B-4818-8959-E7C0BD197BDF}.Debug|Win32.ActiveCfg = Debug|Win32
		{31D245BE-388B-4818-8959-E7C0BD197BDF}.Debug|Win32.Build.0 = Debug|Win32
		{31D245BE-388B-4818-8959-E7C0BD197BDF}.Debug|x64.ActiveCfg = Debug|x64
		{31D245BE-388B-4818-8959-E7C0BD197BDF}.Debug|x64.Build.0 = Debug|x64
		{31D245BE-388B-4818-8959-E7C0BD197BDF}.DLL ASM Debug|Win32.ActiveCfg = Debug|Win32
		{31D245BE-388B-4818-8959-E7C0BD197BDF}.DLL ASM Debug|Win32.Build.0 = Debug|Win32
		{31D245BE-388B-4818-8959-E7C0BD197BDF}.DLL ASM Debug|x64.ActiveCfg = Debug|x64
		{31D245BE-388B-4818-8959-E7C0BD197BDF}.DLL ASM Debug|x64.Build.0 = Debug|x64
		{31D245BE-388B-4818-8959-E7C0BD197BDF}.DLL ASM Release|Win32.ActiveCfg = Release|Win32
		{31D245BE-388B-4818-8959-E7C0BD197BDF}.DLL ASM Release|Win32.Build.0 = Release|Win32
		{31D245BE-388B-4818-8959-E7C0BD197BDF}.DLL ASM Release|x64.ActiveCfg = Release|x64
		{31D245BE-388B-4818-8959-E7C0BD197BDF}.DLL ASM Release|x64.Build.0 = Release|x64
		{31D245BE-388B-4818-8959-E7C0BD197BDF}.DLL Debug|Win32.ActiveCfg = Debug|Win32
		{31D245BE-388B-4818-8959-E7C0BD197BDF}.DLL Debug|Win32.Build.0 = Debug|Win32
		{31D245BE-388B-4818-8959-E7C0BD197BDF}.DLL Debug|x64.ActiveCfg = Debug|x64
		{31D245BE-388B-4818-8959-E7C0BD197BDF}.DLL Debug|x64.Build.0 = Debug|x64
		{31D245BE-388B-4818-8959-E7C0BD197BDF}.DLL Release|Win32.ActiveCfg = Release|Win32
		{31D245BE-388B-4818-8959-E7C0BD197BDF}.DLL Release|Win32.Build.0 = Release|Win32
		{31D245BE-388B-4818-8959-E7C0BD197BDF}.DLL Release|x64.ActiveCfg = Release|x64
		{31D245BE-388B-4818-8959-E7C0BD197BDF}.DLL Release|x64.Build.0 = Release|x64
		{31D245BE-388B-4818-8959-E7C0BD197BDF}.LIB ASM Debug|Win32.ActiveCfg = Debug|Win32
		{31D245BE-388B-4818-8959-E7C0BD197BDF}.LIB ASM Debug|Win32.Build.0 = Debug|Win32
		{31D245BE-388B-4818-8959-E7C0BD197BDF}.LIB ASM Debug|x64.ActiveCfg = Debug|x64
		{31D245BE-388B-4818-8959-E7C0BD197BDF}.LIB ASM Debug|x64.Build.0 = Debug|x64
		{31D245BE-388B-4818-8959-E7C0BD197BDF}.LIB ASM Release|Win32.ActiveCfg = Release|Win32
		{31D245BE-388B-4818-8959-E7C0BD197BDF}.LIB ASM Release|Win32.Build.0 = Release|Win32
		{31D245BE-388B-4818-8959-E7C0BD197BDF}.LIB ASM Release|x64.ActiveCfg = Release|x64
		{31D245BE-388B-4818-8959-E7C0BD197BDF}.LIB ASM Release|x64.Build.0 = Release|x64
		{31D245BE-388B-4818-8959-E7C0BD197BDF}.LIB Debug|Win32.ActiveCfg = Debug|Win32
		{31D245BE-388B-4818-8959-E7C0BD197BDF}.LIB Debug|Win32.Build.0 = Debug|Win32
		{31D245BE-388B-4818-8959-E7C0BD197BDF}.LIB Debug|x64.ActiveCfg = Debug|x64
		{31D245BE-388B-4818-8959-E7C0BD197BDF}.LIB Debug|x64.Build.0 = Debug|x64
		{31D245BE-388B-4818-8959-E7C0BD197BDF}.LIB Release|Win32.ActiveCfg = Release|Win32
		{31D245BE-388B-4818-8959-E7C0BD197BDF}.LIB Release|Win32.Build.0 = Release|Win32
		{31D245BE-388B-4818-8959-E7C0BD197BDF}.LIB Release|x64.ActiveCfg = Release|x64
		{31D245BE-388B-4818-8959-E7C0BD197BDF}.LIB Release|x64.Build.0 = Release|x64
		{31D245BE-388B-4818-8959-E7C0BD197BDF}.MinSizeRel|Win32.ActiveCfg = Release|x64
		{31D245BE-388B-4818-8959-E7C0BD197BDF}.MinSizeRel|x64.ActiveCfg = Release|x64
		{31D245BE-388B-4818-8959-E7C0BD197BDF}.MinSizeRel|x64.Build.0 = Release|x64
		{31D245BE-388B-4818-8959-E7C0BD197BDF}.Release|Win32.ActiveCfg = Release|Win32
		{31D245BE-388B-4818-8959-E7C0BD197BDF}.Release|Win32.Build.0 = Release|Win32
		{31D245BE-388B-4818-8959-E7C0BD197BDF}.Release|x64.ActiveCfg = Release|x64
		{31D245BE-388B-4818-8959-E7C0BD197BDF}.Release|x64.Build.0 = Release|x64
		{31D245BE-388B-4818-8959-E7C0BD197BDF}.RelWithDebInfo|Win32.ActiveCfg = Release|x64
		{31D245BE-388B-4818-8959-E7C0BD197BDF}.RelWithDebInfo|x64.ActiveCfg = Release|x64
		{31D245BE-388B-4818-8959-E7C0BD197BDF}.RelWithDebInfo|x64.Build.0 = Release|x64
		{74E247C7-AC26-42E2-AC75-8B6F19ECB287}.Debug|Win32.ActiveCfg = Debug|Win32
		{74E247C7-AC26-42E2-AC75-8B6F19ECB287}.Debug|Win32.Build.0 = Debug|Win32
		{74E247C7-AC26-42E2-AC75-8B6F19ECB287}.Debug|x64.ActiveCfg = Debug|x64
		{74E247C7-AC26-42E2-AC75-8B6F19ECB287}.Debug|x64.Build.0 = Debug|x64
		{74E247C7-AC26-42E2-AC75-8B6F19ECB287}.DLL ASM Debug|Win32.ActiveCfg = Debug|Win32
		{74E247C7-AC26-42E2-AC75-8B6F19ECB287}.DLL ASM Debug|Win32.Build.0 = Debug|Win32
		{74E247C7-AC26-42E2-AC75-8B6F19ECB287}.DLL ASM Debug|x64.ActiveCfg = Debug|x64
		{74E247C7-AC26-42E2-AC75-8B6F19ECB287}.DLL ASM Debug|x64.Build.0 = Debug|x64
		{74E247C7-AC26-42E2-AC75-8B6F19ECB287}.DLL ASM Release|Win32.ActiveCfg = Release|Win32
		{74E247C7-AC26-42E2-AC75-8B6F19ECB287}.DLL ASM Release|Win32.Build.0 = Release|Win32
		{74E247C7-AC26-42E2-AC75-8B6F19ECB287}.DLL ASM Release|x64.ActiveCfg = Release|x64
		{74E247C7-AC26-42E2-AC75-8B6F19ECB287}.DLL ASM Release|x64.Build.0 = Release|x64
		{74E247C7-AC26-42E2-AC75-8B6F19ECB287}.DLL Debug|Win32.ActiveCfg = Debug|Win32
		{74E247C7-AC26-42E2-AC75-8B6F19ECB287}.DLL Debug|Win32.Build.0 = Debug|Win32
		{74E247C7-AC26-42E2-AC75-8B6F19ECB287}.DLL Debug|x64.ActiveCfg = Debug|x64
		{74E247C7-AC26-42E2-AC75-8B6F19ECB287}.DLL Debug|x64.Build.0 = Debug|x64
		{74E247C7-AC26-42E2-AC75-8B6F19ECB287}.DLL Release|Win32.ActiveCfg = Release|Win32
		{74E247C7-AC26-42E2-AC75-8B6F19ECB287}.DLL Release|Win32.Build.0 = Release|Win32
		{74E247C7-AC26-42E2-AC75-8B6F19ECB287}.DLL Release|x64.ActiveCfg = Release|x64
		{74E247C7-AC26-42E2-AC75-8B6F19ECB287}.DLL Release|x64.Build.0 = Release|x64
		{74E247C7-AC26-42E2-AC75-8B6F19ECB287}.LIB ASM Debug|Win32.ActiveCfg = Debug|Win32
		{74E247C7-AC26-42E2-AC75-8B6F19ECB287}.LIB ASM Debug|Win32.Build.0 = Debug|Win32
		{74E247C7-AC26-42E2-AC75-8B6F19ECB287}.LIB ASM Debug|x64.ActiveCfg = Debug|x64
		{74E247C7-AC26-42E2-AC75-8B6F19ECB287}.LIB ASM Debug|x64.Build.0 = Debug|x64
		{74E247C7-AC26-42E2-AC75-8B6F19ECB287}.LIB ASM Release|Win32.ActiveCfg = Release|Win32
		{74E247C7-AC26-42E2-AC75-8B6F19ECB287}.LIB ASM Release|Win32.Build.0 = Release|Win32
		{74E247C7-AC26-42E2-AC75-8B6F19ECB287}.LIB ASM Release|x64.ActiveCfg = Release|x64
		{74E247C7-AC26-42E2-AC75-8B6F19ECB287}.LIB ASM Release|x64.Build.0 = Release|x64
		{74E247C7-AC26-42E2-AC75-8B6F19ECB287}.LIB Debug|Win32.ActiveCfg = Debug|Win32
		{74E247C7-AC26-42E2-AC75-8B6F19ECB287}.LIB Debug|Win32.Build.0 = Debug|Win32
		{74E247C7-AC26-42E2-AC75-8B6F19ECB287}.LIB Debug|x64.ActiveCfg = Debug|x64
		{74E247C7-AC26-42E2-AC75-8B6F19ECB287}.LIB Debug|x64.Build.0 = Debug|x64
		{74E247C7-AC26-42E2-AC75-8B6F19ECB287}.LIB Release|Win32.ActiveCfg = Release|Win32
		{74E247C7-AC26-42E2-AC75-8B6F19ECB287}.LIB Release|Win32.Build.0 = Release|Win32
		{74E247C7-AC26-42E2-AC75-8B6F19ECB287}.LIB Release|x64.ActiveCfg = Release|x64
		{74E247C7-AC26-42E2-AC75-8B6F19ECB287}.LIB Release|x64.Build.0 = Release|x64
		{74E247C7-AC26-42E2-AC75-8B6F19ECB287}.MinSizeRel|Win32.ActiveCfg = Release|x64
		{74E247C7-AC26-42E2-AC75-8B6F19ECB287}.MinSizeRel|x64.ActiveCfg = Release|x64
		{74E247C7-AC26-42E2-AC75-8B6F19ECB287}.MinSizeRel|x64.Build.0 = Release|x64
		{74E247C7-AC26-42E2-AC75-8B6F19ECB287}.Release|Win32.ActiveCfg = Release|Win32
		{74E247C7-AC26-42E2-AC75-8B6F19ECB287}.Release|Win32.Build.0 = Release|Win32
		{74E247C7-AC26-42E2-AC75-8B6F19ECB287}.Release|x64.ActiveCfg = Release|x64
		{74E247C7-AC26-42E2-AC75-8B6F19ECB287}.Release|x64.Build.0 = Release|x64
		{74E247C7-AC26-42E2-AC75-8B6F19ECB287}.RelWithDebInfo|Win32.ActiveCfg = Release|x64
		{74E247C7-AC26-42E2-AC75-8B6F19ECB287}.RelWithDebInfo|x64.ActiveCfg = Release|x64
		{74E247C7-AC26-42E2-AC75-8B6F19ECB287}.RelWithDebInfo|x64.Build.0 = Release|x64
		{9B5B2DC2-2D96-4FD0-8295-EAC43216754C}.Debug|Win32.ActiveCfg = Debug|Win32
		{9B5B2DC2-2D96-4FD0-8295-EAC43216754C}.Debug|Win32.Build.0 = Debug|Win32
		{9B5B2DC2-2D96-4FD0-8295-EAC43216754C}.Debug|x64.ActiveCfg = Debug|x64
		{9B5B2DC2-2D96-4FD0-8295-EAC43216754C}.Debug|x64.Build.0 = Debug|x64
		{9B5B2DC2-2D96-4FD0-8295-EAC43216754C}.DLL ASM Debug|Win32.ActiveCfg = Debug|Win32
		{9B5B2DC2-2D96-4FD0-8295-EAC43216754C}.DLL ASM Debug|Win32.Build.0 = Debug|Win32
		{9B5B2DC2-2D96-4FD0-8295-EAC43216754C}.DLL ASM Debug|x64.ActiveCfg = Debug|x64
		{9B5B2DC2-2D96-4FD0-8295-EAC43216754C}.DLL ASM Debug|x64.Build.0 = Debug|x64
		{9B5B2DC2-2D96-4FD0-8295-EAC43216754C}.DLL ASM Release|Win32.ActiveCfg = Release|Win32
		{9B5B2DC2-2D96-4FD0-8295-EAC43216754C}.DLL ASM Release|Win32.Build.0 = Release|Win32
		{9B5B2DC2-2D96-4FD0-8295-EAC43216754C}.DLL ASM Release|x64.ActiveCfg = Release|x64
		{9B5B2DC2-2D96-4FD0-8295-EAC43216754C}.DLL ASM Release|x64.Build.0 = Release|x64
		{9B5B2DC2-2D96-4FD0-8295-EAC43216754C}.DLL Debug|Win32.ActiveCfg = Debug|Win32
		{9B5B2DC2-2D96-4FD0-8295-EAC43216754C}.DLL Debug|Win32.Build.0 = Debug|Win32
		{9B5B2DC2-2D96-4FD0-8295-EAC43216754C}.DLL Debug|x64.ActiveCfg = Debug|x64
		{9B5B2DC2-2D96-4FD0-8295-EAC43216754C}.DLL Debug|x64.Build.0 = Debug|x64
		{9B5B2DC2-2D96-4FD0-8295-EAC43216754C}.DLL Release|Win32.ActiveCfg = Release|Win32
		{9B5B2DC2-2D96-4FD0-8295-EAC43216754C}.DLL Release|Win32.Build.0 = Release|Win32
		{9B5B2DC2-2D96-4FD0-8295-EAC43216754C}.DLL Release|x64.ActiveCfg = Release|x64
		{9B5B2DC2-2D96-4FD0-8295-EAC43216754C}.DLL Release|x64.Build.0 = Release|x64
		{9B5B2DC2-2D96-4FD0-8295-EAC43216754C}.LIB ASM Debug|Win32.ActiveCfg = Debug|Win32
		{9B5B2DC2-2D96-4FD0-8295-EAC43216754C}.LIB ASM Debug|Win32.Build.0 = Debug|Win32
		{9B5B2DC2-2D96-4FD0-8295-EAC43216754C}.LIB ASM Debug|x64.ActiveCfg = Debug|x64
		{9B5B2DC2-2D96-4FD0-8295-EAC43216754C}.LIB ASM Debug|x64.Build.0 = Debug|x64
		{9B5B2DC2-2D96-4FD0-8295-EAC43216754C}.LIB ASM Release|Win32.ActiveCfg = Release|Win32
		{9B5B2DC2-2D96-4FD0-8295-EAC43216754C}.LIB ASM Release|Win32.Build.0 = Release|Win32
		{9B5B2DC2-2D96-4FD0-8295-EAC43216754C}.LIB ASM Release|x64.ActiveCfg = Release|x64
		{9B5B2DC2-2D96-4FD0-8295-EAC43216754C}.LIB ASM Release|x64.Build.0 = Release|x64
		{9B5B2DC2-2D96-4FD0-8295-EAC43216754C}.LIB Debug|Win32.ActiveCfg = Debug|Win32
		{9B5B2DC2-2D96-4FD0-8295-EAC43216754C}.LIB Debug|Win32.Build.0 = Debug|Win32
		{9B5B2DC2-2D96-4FD0-8295-EAC43216754C}.LIB Debug|x64.ActiveCfg = Debug|x64
		{9B5B2DC2-2D96-4FD0-8295-EAC43216754C}.LIB Debug|x64.Build.0 = Debug|x64
		{9B5B2DC2-2D96-4FD0-8295-EAC43216754C}.LIB Release|Win32.ActiveCfg = Release|Win32
		{9B5B2DC2-2D96-4FD0-8295-EAC43216754C}.LIB Release|Win32.Build.0 = Release|Win32
		{9B5B2DC2-2D96-4FD0-8295-EAC43216754C}.LIB Release|x64.ActiveCfg = Release|x64
		{9B5B2DC2-2D96-4FD0-8295-EAC43216754C}.LIB Release|x64.Build.0 = Release|x64
		{9B5B2DC2-2D96-4FD0-8295-EAC43216754C}.MinSizeRel|Win32.ActiveCfg = Release|x64
		{9B5B2DC2-2D96-4FD0-8295-EAC43216754C}.MinSizeRel|x64.ActiveCfg = Release|x64
		{9B5B2DC2-2D96-4FD0-8295-EAC43216754C}.MinSizeRel|x64.Build.0 = Release|x64
		{9B5B2DC2-2D96-4FD0-8295-EAC43216754C}.Release|Win32.ActiveCfg = Release|Win32
		{9B5B2DC2-2D96-4FD0-8295-EAC43216754C}.Release|Win32.Build.0 = Release|Win32
		{9B5B2DC2-2D96-4FD0-8295-EAC43216754C}.Release|x64.ActiveCfg = Release|x64
		{9B5B2DC2-2D96-4FD0-8295-EAC43216754C}.Release|x64.Build.0 = Release|x64
		{9B5B2DC2-2D96-4FD0-8295-EAC43216754C}.RelWithDebInfo|Win32.ActiveCfg = Release|x64
		{9B5B2DC2-2D96-4FD0-8295-EAC43216754C}.RelWithDebInfo|x64.ActiveCfg = Release|x64
		{9B5B2DC2-2D96-4FD0-8295-EAC43216754C}.RelWithDebInfo|x64.Build.0 = Release|x64
		{E3FA5BC5-B08E-457B-AED9-8CC639519496}.Debug|Win32.ActiveCfg = Debug|Win32
		{E3FA5BC5-B08E-457B-AED9-8CC639519496}.Debug|Win32.Build.0 = Debug|Win32
		{E3FA5BC5-B08E-457B-AED9-8CC639519496}.Debug|x64.ActiveCfg = Debug|x64
		{E3FA5BC5-B08E-457B-AED9-8CC639519496}.Debug|x64.Build.0 = Debug|x64
		{E3FA5BC5-B08E-457B-AED9-8CC639519496}.DLL ASM Debug|Win32.ActiveCfg = Debug|Win32
		{E3FA5BC5-B08E-457B-AED9-8CC639519496}.DLL ASM Debug|Win32.Build.0 = Debug|Win32
		{E3FA5BC5-B08E-457B-AED9-8CC639519496}.DLL ASM Debug|x64.ActiveCfg = Debug|x64
		{E3FA5BC5-B08E-457B-AED9-8CC639519496}.DLL ASM Debug|x64.Build.0 = Debug|x64
		{E3FA5BC5-B08E-457B-AED9-8CC639519496}.DLL ASM Release|Win32.ActiveCfg = Release|Win32
		{E3FA5BC5-B08E-457B-AED9-8CC639519496}.DLL ASM Release|Win32.Build.0 = Release|Win32
		{E3FA5BC5-B08E-457B-AED9-8CC639519496}.DLL ASM Release|x64.ActiveCfg = Release|x64
		{E3FA5BC5-B08E-457B-AED9-8CC639519496}.DLL ASM Release|x64.Build.0 = Release|x64
		{E3FA5BC5-B08E-457B-AED9-8CC639519496}.DLL Debug|Win32.ActiveCfg = Debug|Win32
		{E3FA5BC5-B08E-457B-AED9-8CC639519496}.DLL Debug|Win32.Build.0 = Debug|Win32
		{E3FA5BC5-B08E-457B-AED9-8CC639519496}.DLL Debug|x64.ActiveCfg = Debug|x64
		{E3FA5BC5-B08E-457B-AED9-8CC639519496}.DLL Debug|x64.Build.0 = Debug|x64
		{E3FA5BC5-B08E-457B-AED9-8CC639519496}.DLL Release|Win32.ActiveCfg = Release|Win32
		{E3FA5BC5-B08E-457B-AED9-8CC639519496}.DLL Release|Win32.Build.0 = Release|Win32
		{E3FA5BC5-B08E-457B-AED9-8CC639519496}.DLL Release|x64.ActiveCfg = Release|x64
		{E3FA5BC5-B08E-457B-AED9-8CC639519496}.DLL Release|x64.Build.0 = Release|x64
		{E3FA5BC5-B08E-457B-AED9-8CC639519496}.LIB ASM Debug|Win32.ActiveCfg = Debug|Win32
		{E3FA5BC5-B08E-457B-AED9-8CC639519496}.LIB ASM Debug|Win32.Build.0 = Debug|Win32
		{E3FA5BC5-B08E-457B-AED9-8CC639519496}.LIB ASM Debug|x64.ActiveCfg = Debug|x64
		{E3FA5BC5-B08E-457B-AED9-8CC639519496}.LIB ASM Debug|x64.Build.0 = Debug|x64
		{E3FA5BC5-B08E-457B-AED9-8CC639519496}.LIB ASM Release|Win32.ActiveCfg = Release|Win32
		{E3FA5BC5-B08E-457B-AED9-8CC639519496}.LIB ASM Release|Win32.Build.0 = Release|Win32
		{E3FA5BC5-B08E-457B-AED9-8CC639519496}.LIB ASM Release|x64.ActiveCfg = Release|x64
		{E3FA5BC5-B08E-457B-AED9-8CC639519496}.LIB ASM Release|x64.Build.0 = Release|x64
		{E3FA5BC5-B08E-457B-AED9-8CC639519496}.LIB Debug|Win32.ActiveCfg = Debug|Win32
		{E3FA5BC5-B08E-457B-AED9-8CC639519496}.LIB Debug|Win32.Build.0 = Debug|Win32
		{E3FA5BC5-B08E-457B-AED9-8CC639519496}.LIB Debug|x64.ActiveCfg = Debug|x64
		{E3FA5BC5-B08E-457B-AED9-8CC639519496}.LIB Debug|x64.Build.0 = Debug|x64
		{E3FA5BC5-B08E-457B-AED9-8CC639519496}.LIB Release|Win32.ActiveCfg = Release|Win32
		{E3FA5BC5-B08E-457B-AED9-8CC639519496}.LIB Release|Win32.Build.0 = Release|Win32
		{E3FA5BC5-B08E-457B-AED9-8CC639519496}.LIB Release|x64.ActiveCfg = Release|x64
		{E3FA5BC5-B08E-457B-AED9-8CC639519496}.LIB Release|x64.Build.0 = Release|x64
		{E3FA5BC5-B08E-457B-AED9-8CC639519496}.MinSizeRel|Win32.ActiveCfg = Release|x64
		{E3FA5BC5-B08E-457B-AED9-8CC639519496}.MinSizeRel|x64.ActiveCfg = Release|x64
		{E3FA5BC5-B08E-457B-AED9-8CC639519496}.MinSizeRel|x64.Build.0 = Release|x64
		{E3FA5BC5-B08E-457B-AED9-8CC639519496}.Release|Win32.ActiveCfg = Release|Win32
		{E3FA5BC5-B08E-457B-AED9-8CC639519496}.Release|Win32.Build.0 = Release|Win32
		{E3FA5BC5-B08E-457B-AED9-8CC639519496}.Release|x64.ActiveCfg = Release|x64
		{E3FA5BC5-B08E-457B-AED9-8CC639519496}.Release|x64.Build.0 = Release|x64
		{E3FA5BC5-B08E-457B-AED9-8CC639519496}.RelWithDebInfo|Win32.ActiveCfg = Release|x64
		{E3FA5BC5-B08E-457B-AED9-8CC639519496}.RelWithDebInfo|x64.ActiveCfg = Release|x64
		{E3FA5BC5-B08E-457B-AED9-8CC639519496}.RelWithDebInfo|x64.Build.0 = Release|x64
		{778F702C-01A5-3643-9CA3-554202E321ED}.Debug|Win32.ActiveCfg = Debug|Win32
		{778F702C-01A5-3643-9CA3-554202E321ED}.Debug|Win32.Build.0 = Debug|Win32
		{778F702C-01A5-3643-9CA3-554202E321ED}.Debug|x64.ActiveCfg = Debug|x64
		{778F702C-01A5-3643-9CA3-554202E321ED}.Debug|x64.Build.0 = Debug|x64
		{778F702C-01A5-3643-9CA3-554202E321ED}.DLL ASM Debug|Win32.ActiveCfg = Debug|Win32
		{778F702C-01A5-3643-9CA3-554202E321ED}.DLL ASM Debug|Win32.Build.0 = Debug|Win32
		{778F702C-01A5-3643-9CA3-554202E321ED}.DLL ASM Debug|x64.ActiveCfg = Debug|x64
		{778F702C-01A5-3643-9CA3-554202E321ED}.DLL ASM Debug|x64.Build.0 = Debug|x64
		{778F702C-01A5-3643-9CA3-554202E321ED}.DLL ASM Release|Win32.ActiveCfg = Release|Win32
		{778F702C-01A5-3643-9CA3-554202E321ED}.DLL ASM Release|Win32.Build.0 = Release|Win32
		{778F702C-01A5-3643-9CA3-554202E321ED}.DLL ASM Release|x64.ActiveCfg = Release|x64
		{778F702C-01A5-3643-9CA3-554202E321ED}.DLL ASM Release|x64.Build.0 = Release|x64
		{778F702C-01A5-3643-9CA3-554202E321ED}.DLL Debug|Win32.ActiveCfg = Debug|Win32
		{778F702C-01A5-3643-9CA3-554202E321ED}.DLL Debug|Win32.Build.0 = Debug|Win32
		{778F702C-01A5-3643-9CA3-554202E321ED}.DLL Debug|x64.ActiveCfg = Debug|x64
		{778F702C-01A5-3643-9CA3-554202E321ED}.DLL Debug|x64.Build.0 = Debug|x64
		{778F702C-01A5-3643-9CA3-554202E321ED}.DLL Release|Win32.ActiveCfg = Release|Win32
		{778F702C-01A5-3643-9CA3-554202E321ED}.DLL Release|Win32.Build.0 = Release|Win32
		{778F702C-01A5-3643-9CA3-554202E321ED}.DLL Release|x64.ActiveCfg = Release|x64
		{778F702C-01A5-3643-9CA3-554202E321ED}.DLL Release|x64.Build.0 = Release|x64
		{778F702C-01A5-3643-9CA3-554202E321ED}.LIB ASM Debug|Win32.ActiveCfg = Debug|Win32
		{778F702C-01A5-3643-9CA3-554202E321ED}.LIB ASM Debug|Win32.Build.0 = Debug|Win32
		{778F702C-01A5-3643-9CA3-554202E321ED}.LIB ASM Debug|x64.ActiveCfg = Debug|x64
		{778F702C-01A5-3643-9CA3-554202E321ED}.LIB ASM Debug|x64.Build.0 = Debug|x64
		{778F702C-01A5-3643-9CA3-554202E321ED}.LIB ASM Release|Win32.ActiveCfg = Release|Win32
		{778F702C-01A5-3643-9CA3-554202E321ED}.LIB ASM Release|Win32.Build.0 = Release|Win32
		{778F702C-01A5-3643-9CA3-554202E321ED}.LIB ASM Release|x64.ActiveCfg = Release|x64
		{778F702C-01A5-3643-9CA3-554202E321ED}.LIB ASM Release|x64.Build.0 = Release|x64
		{778F702C-01A5-3643-9CA3-554202E321ED}.LIB Debug|Win32.ActiveCfg = Debug|Win32
		{778F702C-01A5-3643-9CA3-554202E321ED}.LIB Debug|Win32.Build.0 = Debug|Win32
		{778F702C-01A5-3643-9CA3-554202E321ED}.LIB Debug|x64.ActiveCfg = Debug|x64
		{778F702C-01A5-3643-9CA3-554202E321ED}.LIB Debug|x64.Build.0 = Debug|x64
		{778F702C-01A5-3643-9CA3-554202E321ED}.LIB Release|Win32.ActiveCfg = Release|Win32
		{778F702C-01A5-3643-9CA3-554202E321ED}.LIB Release|Win32.Build.0 = Release|Win32
		{778F702C-01A5-3643-9CA3-554202E321ED}.LIB Release|x64.ActiveCfg = Release|x64
		{778F702C-01A5-3643-9CA3-554202E321ED}.LIB Release|x64.Build.0 = Release|x64
		{778F702C-01A5-3643-9CA3-554202E321ED}.MinSizeRel|Win32.ActiveCfg = MinSizeRel|Win32
		{778F702C-01A5-3643-9CA3-554202E321ED}.MinSizeRel|Win32.Build.0 = MinSizeRel|Win32
		{778F702C-01A5-3643-9CA3-554202E321ED}.MinSizeRel|x64.ActiveCfg = MinSizeRel|Win32
		{778F702C-01A5-3643-9CA3-554202E321ED}.Release|Win32.ActiveCfg = Release|Win32
		{778F702C-01A5-3643-9CA3-554202E321ED}.Release|Win32.Build.0 = Release|Win32
		{778F702C-01A5-3643-9CA3-554202E321ED}.Release|x64.ActiveCfg = Release|Win32
		{778F702C-01A5-3643-9CA3-554202E321ED}.RelWithDebInfo|Win32.ActiveCfg = RelWithDebInfo|Win32
		{778F702C-01A5-3643-9CA3-554202E321ED}.RelWithDebInfo|Win32.Build.0 = RelWithDebInfo|Win32
		{778F702C-01A5-3643-9CA3-554202E321ED}.RelWithDebInfo|x64.ActiveCfg = RelWithDebInfo|Win32
		{C2BA9F23-E697-29DC-3D5A-8A787920F081}.Debug|Win32.ActiveCfg = LIB Debug|Win32
		{C2BA9F23-E697-29DC-3D5A-8A787920F081}.Debug|Win32.Build.0 = LIB Debug|Win32
		{C2BA9F23-E697-29DC-3D5A-8A787920F081}.Debug|x64.ActiveCfg = LIB Debug|x64
		{C2BA9F23-E697-29DC-3D5A-8A787920F081}.Debug|x64.Build.0 = LIB Debug|x64
		{C2BA9F23-E697-29DC-3D5A-8A787920F081}.DLL ASM Debug|Win32.ActiveCfg = DLL ASM Debug|Win32
		{C2BA9F23-E697-29DC-3D5A-8A787920F081}.DLL ASM Debug|Win32.Build.0 = DLL ASM Debug|Win32
		{C2BA9F23-E697-29DC-3D5A-8A787920F081}.DLL ASM Debug|x64.ActiveCfg = DLL ASM Debug|Win32
		{C2BA9F23-E697-29DC-3D5A-8A787920F081}.DLL ASM Release|Win32.ActiveCfg = DLL ASM Release|Win32
		{C2BA9F23-E697-29DC-3D5A-8A787920F081}.DLL ASM Release|Win32.Build.0 = DLL ASM Release|Win32
		{C2BA9F23-E697-29DC-3D5A-8A787920F081}.DLL ASM Release|x64.ActiveCfg = DLL ASM Release|Win32
		{C2BA9F23-E697-29DC-3D5A-8A787920F081}.DLL Debug|Win32.ActiveCfg = DLL Debug|Win32
		{C2BA9F23-E697-29DC-3D5A-8A787920F081}.DLL Debug|Win32.Build.0 = DLL Debug|Win32
		{C2BA9F23-E697-29DC-3D5A-8A787920F081}.DLL Debug|x64.ActiveCfg = DLL Debug|Win32
		{C2BA9F23-E697-29DC-3D5A-8A787920F081}.DLL Release|Win32.ActiveCfg = DLL Release|Win32
		{C2BA9F23-E697-29DC-3D5A-8A787920F081}.DLL Release|Win32.Build.0 = DLL Release|Win32
		{C2BA9F23-E697-29DC-3D5A-8A787920F081}.DLL Release|x64.ActiveCfg = DLL Release|Win32
		{C2BA9F23-E697-29DC-3D5A-8A787920F081}.LIB ASM Debug|Win32.ActiveCfg = LIB ASM Debug|Win32
		{C2BA9F23-E697-29DC-3D5A-8A787920F081}.LIB ASM Debug|Win32.Build.0 = LIB ASM Debug|Win32
		{C2BA9F23-E697-29DC-3D5A-8A787920F081}.LIB ASM Debug|x64.ActiveCfg = LIB ASM Debug|Win32
		{C2BA9F23-E697-29DC-3D5A-8A787920F081}.LIB ASM Release|Win32.ActiveCfg = LIB ASM Release|Win32
		{C2BA9F23-E697-29DC-3D5A-8A787920F081}.LIB ASM Release|Win32.Build.0 = LIB ASM Release|Win32
		{C2BA9F23-E697-29DC-3D5A-8A787920F081}.LIB ASM Release|x64.ActiveCfg = LIB ASM Release|Win32
		{C2BA9F23-E697-29DC-3D5A-8A787920F081}.LIB Debug|Win32.ActiveCfg = LIB Debug|Win32
		{C2BA9F23-E697-29DC-3D5A-8A787920F081}.LIB Debug|Win32.Build.0 = LIB Debug|Win32
		{C2BA9F23-E697-29DC-3D5A-8A787920F081}.LIB Debug|x64.ActiveCfg = LIB Debug|Win32
		{C2BA9F23-E697-29DC-3D5A-8A787920F081}.LIB Release|Win32.ActiveCfg = LIB Release|Win32
		{C2BA9F23-E697-29DC-3D5A-8A787920F081}.LIB Release|Win32.Build.0 = LIB Release|Win32
		{C2BA9F23-E697-29DC-3D5A-8A787920F081}.LIB Release|x64.ActiveCfg = LIB Release|Win32
		{C2BA9F23-E697-29DC-3D5A-8A787920F081}.MinSizeRel|Win32.ActiveCfg = LIB Release|Win32
		{C2BA9F23-E697-29DC-3D5A-8A787920F081}.MinSizeRel|Win32.Build.0 = LIB Release|Win32
		{C2BA9F23-E697-29DC-3D5A-8A787920F081}.MinSizeRel|x64.ActiveCfg = LIB Release|Win32
		{C2BA9F23-E697-29DC-3D5A-8A787920F081}.Release|Win32.ActiveCfg = LIB Release|Win32
		{C2BA9F23-E697-29DC-3D5A-8A787920F081}.Release|Win32.Build.0 = LIB Release|Win32
		{C2BA9F23-E697-29DC-3D5A-8A787920F081}.Release|x64.ActiveCfg = LIB Release|Win32
		{C2BA9F23-E697-29DC-3D5A-8A787920F081}.RelWithDebInfo|Win32.ActiveCfg = LIB Release|Win32
		{C2BA9F23-E697-29DC-3D5A-8A787920F081}.RelWithDebInfo|Win32.Build.0 = LIB Release|Win32
		{C2BA9F23-E697-29DC-3D5A-8A787920F081}.RelWithDebInfo|x64.ActiveCfg = LIB Release|Win32
		{C490F8C7-D8E8-43C9-8D09-9BC8AB705098}.Debug|Win32.ActiveCfg = Debug|Win32
		{C490F8C7-D8E8-43C9-8D09-9BC8AB705098}.Debug|Win32.Build.0 = Debug|Win32
		{C490F8C7-D8E8-43C9-8D09-9BC8AB705098}.Debug|x64.ActiveCfg = Debug|x64
		{C490F8C7-D8E8-43C9-8D09-9BC8AB705098}.Debug|x64.Build.0 = Debug|x64
		{C490F8C7-D8E8-43C9-8D09-9BC8AB705098}.DLL ASM Debug|Win32.ActiveCfg = Debug|Win32
		{C490F8C7-D8E8-43C9-8D09-9BC8AB705098}.DLL ASM Debug|Win32.Build.0 = Debug|Win32
		{C490F8C7-D8E8-43C9-8D09-9BC8AB705098}.DLL ASM Debug|x64.ActiveCfg = Debug|x64
		{C490F8C7-D8E8-43C9-8D09-9BC8AB705098}.DLL ASM Debug|x64.Build.0 = Debug|x64
		{C490F8C7-D8E8-43C9-8D09-9BC8AB705098}.DLL ASM Release|Win32.ActiveCfg = Release|Win32
		{C490F8C7-D8E8-43C9-8D09-9BC8AB705098}.DLL ASM Release|Win32.Build.0 = Release|Win32
		{C490F8C7-D8E8-43C9-8D09-9BC8AB705098}.DLL ASM Release|x64.ActiveCfg = Release|x64
		{C490F8C7-D8E8-43C9-8D09-9BC8AB705098}.DLL ASM Release|x64.Build.0 = Release|x64
		{C490F8C7-D8E8-43C9-8D09-9BC8AB705098}.DLL Debug|Win32.ActiveCfg = Debug|Win32
		{C490F8C7-D8E8-43C9-8D09-9BC8AB705098}.DLL Debug|Win32.Build.0 = Debug|Win32
		{C490F8C7-D8E8-43C9-8D09-9BC8AB705098}.DLL Debug|x64.ActiveCfg = Debug|x64
		{C490F8C7-D8E8-43C9-8D09-9BC8AB705098}.DLL Debug|x64.Build.0 = Debug|x64
		{C490F8C7-D8E8-43C9-8D09-9BC8AB705098}.DLL Release|Win32.ActiveCfg = Release|Win32
		{C490F8C7-D8E8-43C9-8D09-9BC8AB705098}.DLL Release|Win32.Build.0 = Release|Win32
		{C490F8C7-D8E8-43C9-8D09-9BC8AB705098}.DLL Release|x64.ActiveCfg = Release|x64
		{C490F8C7-D8E8-43C9-8D09-9BC8AB705098}.DLL Release|x64.Build.0 = Release|x64
		{C490F8C7-D8E8-43C9-8D09-9BC8AB705098}.LIB ASM Debug|Win32.ActiveCfg = Debug|Win32
		{C490F8C7-D8E8-43C9-8D09-9BC8AB705098}.LIB ASM Debug|Win32.Build.0 = Debug|Win32
		{C490F8C7-D8E8-43C9-8D09-9BC8AB705098}.LIB ASM Debug|x64.ActiveCfg = Debug|x64
		{C490F8C7-D8E8-43C9-8D09-9BC8AB705098}.LIB ASM Debug|x64.Build.0 = Debug|x64
		{C490F8C7-D8E8-43C9-8D09-9BC8AB705098}.LIB ASM Release|Win32.ActiveCfg = Release|Win32
		{C490F8C7-D8E8-43C9-8D09-9BC8AB705098}.LIB ASM Release|Win32.Build.0 = Release|Win32
		{C490F8C7-D8E8-43C9-8D09-9BC8AB705098}.LIB ASM Release|x64.ActiveCfg = Release|x64
		{C490F8C7-D8E8-43C9-8D09-9BC8AB705098}.LIB ASM Release|x64.Build.0 = Release|x64
		{C490F8C7-D8E8-43C9-8D09-9BC8AB705098}.LIB Debug|Win32.ActiveCfg = Debug|Win32
		{C490F8C7-D8E8-43C9-8D09-9BC8AB705098}.LIB Debug|Win32.Build.0 = Debug|Win32
		{C490F8C7-D8E8-43C9-8D09-9BC8AB705098}.LIB Debug|x64.ActiveCfg = Debug|x64
		{C490F8C7-D8E8-43C9-8D09-9BC8AB705098}.LIB Debug|x64.Build.0 = Debug|x64
		{C490F8C7-D8E8-43C9-8D09-9BC8AB705098}.LIB Release|Win32.ActiveCfg = Release|Win32
		{C490F8C7-D8E8-43C9-8D09-9BC8AB705098}.LIB Release|Win32.Build.0 = Release|Win32
		{C490F8C7-D8E8-43C9-8D09-9BC8AB705098}.LIB Release|x64.ActiveCfg = Release|x64
		{C490F8C7-D8E8-43C9-8D09-9BC8AB705098}.LIB Release|x64.Build.0 = Release|x64
		{C490F8C7-D8E8-43C9-8D09-9BC8AB705098}.MinSizeRel|Win32.ActiveCfg = Release|x64
		{C490F8C7-D8E8-43C9-8D09-9BC8AB705098}.MinSizeRel|x64.ActiveCfg = Release|x64
		{C490F8C7-D8E8-43C9-8D09-9BC8AB705098}.MinSizeRel|x64.Build.0 = Release|x64
		{C490F8C7-D8E8-43C9-8D09-9BC8AB705098}.Release|Win32.ActiveCfg = Release|Win32
		{C490F8C7-D8E8-43C9-8D09-9BC8AB705098}.Release|Win32.Build.0 = Release|Win32
		{C490F8C7-D8E8-43C9-8D09-9BC8AB705098}.Release|x64.ActiveCfg = Release|x64
		{C490F8C7-D8E8-43C9-8D09-9BC8AB705098}.Release|x64.Build.0 = Release|x64
		{C490F8C7-D8E8-43C9-8D09-9BC8AB705098}.RelWithDebInfo|Win32.ActiveCfg = Release|x64
		{C490F8C7-D8E8-43C9-8D09-9BC8AB705098}.RelWithDebInfo|x64.ActiveCfg = Release|x64
		{C490F8C7-D8E8-43C9-8D09-9BC8AB705098}.RelWithDebInfo|x64.Build.0 = Release|x64
	EndGlobalSection
	GlobalSection(SolutionProperties) = preSolution
		HideSolutionNode = FALSE
	EndGlobalSection
EndGlobal
