<?xml version="1.0" encoding="utf-8"?>
<Project ToolsVersion="4.0" xmlns="http://schemas.microsoft.com/developer/msbuild/2003">
  <ItemGroup>
    <Filter Include="Source Files">
      <UniqueIdentifier>{4FC737F1-C7A5-4376-A066-2A32D752A2FF}</UniqueIdentifier>
      <Extensions>cpp;c;cc;cxx;def;odl;idl;hpj;bat;asm;asmx</Extensions>
    </Filter>
    <Filter Include="Header Files">
      <UniqueIdentifier>{93995380-89BD-4b04-88EB-625FBE52EBFB}</UniqueIdentifier>
      <Extensions>h;hpp;hxx;hm;inl;inc;xsd</Extensions>
    </Filter>
    <Filter Include="Resource Files">
      <UniqueIdentifier>{67DA6AB6-F800-4c08-8B7A-83BB121AAD01}</UniqueIdentifier>
      <Extensions>rc;ico;cur;bmp;dlg;rc2;rct;bin;rgs;gif;jpg;jpeg;jpe;resx;tiff;tif;png;wav;mfcribbon-ms</Extensions>
    </Filter>
    <Filter Include="Source Files\Imported Source">
      <UniqueIdentifier>{dd18c23d-d4f5-4385-94ee-60035d3d58d0}</UniqueIdentifier>
    </Filter>
  </ItemGroup>
  <ItemGroup>
    <None Include="ReadMe.txt" />
    <None Include="rcdata1.bin">
      <Filter>Resource Files</Filter>
    </None>
    <None Include="SinclairFont.bin">
      <Filter>Resource Files</Filter>
    </None>
    <None Include="bitmap1.bmp">
      <Filter>Resource Files</Filter>
    </None>
    <None Include="..\blank-tzx.bmp">
      <Filter>Resource Files</Filter>
    </None>
    <None Include="Block10.bmp">
      <Filter>Resource Files</Filter>
    </None>
    <None Include="TurboData.bmp">
      <Filter>Resource Files</Filter>
    </None>
    <None Include="PureTone.bmp">
      <Filter>Resource Files</Filter>
    </None>
    <None Include="pulse.bmp">
      <Filter>Resource Files</Filter>
    </None>
    <None Include="PureData.bmp">
      <Filter>Resource Files</Filter>
    </None>
    <None Include="Direct.bmp">
      <Filter>Resource Files</Filter>
    </None>
    <None Include="CSW.bmp">
      <Filter>Resource Files</Filter>
    </None>
    <None Include="general.bmp">
      <Filter>Resource Files</Filter>
    </None>
    <None Include="pause.bmp">
      <Filter>Resource Files</Filter>
    </None>
    <None Include="GroupStart.bmp">
      <Filter>Resource Files</Filter>
    </None>
    <None Include="GroupEnd.bmp">
      <Filter>Resource Files</Filter>
    </None>
    <None Include="jump.bmp">
      <Filter>Resource Files</Filter>
    </None>
    <None Include="LoopStart.bmp">
      <Filter>Resource Files</Filter>
    </None>
    <None Include="LoopEnd.bmp">
      <Filter>Resource Files</Filter>
    </None>
    <None Include="Call.bmp">
      <Filter>Resource Files</Filter>
    </None>
    <None Include="Return.bmp">
      <Filter>Resource Files</Filter>
    </None>
    <None Include="Select.bmp">
      <Filter>Resource Files</Filter>
    </None>
    <None Include="stop48.bmp">
      <Filter>Resource Files</Filter>
    </None>
    <None Include="setsignal.bmp">
      <Filter>Resource Files</Filter>
    </None>
    <None Include="description.bmp">
      <Filter>Resource Files</Filter>
    </None>
    <None Include="message.bmp">
      <Filter>Resource Files</Filter>
    </None>
    <None Include="info.bmp">
      <Filter>Resource Files</Filter>
    </None>
    <None Include="hardware.bmp">
      <Filter>Resource Files</Filter>
    </None>
    <None Include="custom.bmp">
      <Filter>Resource Files</Filter>
    </None>
    <None Include="glue.bmp">
      <Filter>Resource Files</Filter>
    </None>
    <None Include="turboloader.bin">
      <Filter>Resource Files</Filter>
    </None>
  </ItemGroup>
  <ItemGroup>
    <ClInclude Include="stdafx.h">
      <Filter>Header Files</Filter>
    </ClInclude>
    <ClInclude Include="targetver.h">
      <Filter>Header Files</Filter>
    </ClInclude>
    <ClInclude Include="SinclairDLL.h">
      <Filter>Header Files</Filter>
    </ClInclude>
    <ClInclude Include="SinclairDefs.h">
      <Filter>Header Files</Filter>
    </ClInclude>
    <ClInclude Include="resource.h">
      <Filter>Header Files</Filter>
    </ClInclude>
    <ClInclude Include="TAPDirectory.h">
      <Filter>Header Files</Filter>
    </ClInclude>
    <ClInclude Include="TAPFileSystem.h">
      <Filter>Header Files</Filter>
    </ClInclude>
    <ClInclude Include="SpectrumSCREENTranslator.h">
      <Filter>Header Files</Filter>
    </ClInclude>
    <ClInclude Include="SpectrumBASICTranslator.h">
      <Filter>Header Files</Filter>
    </ClInclude>
    <ClInclude Include="DOS3Directory.h">
      <Filter>Header Files</Filter>
    </ClInclude>
    <ClInclude Include="DOS3FileSystem.h">
      <Filter>Header Files</Filter>
    </ClInclude>
    <ClInclude Include="SinclairTZXDirectory.h">
      <Filter>Header Files</Filter>
    </ClInclude>
    <ClInclude Include="SinclairTZXFileSystem.h">
      <Filter>Header Files</Filter>
    </ClInclude>
    <ClInclude Include="TRDFileSystem.h">
      <Filter>Header Files</Filter>
    </ClInclude>
    <ClInclude Include="TRDDirectory.h">
      <Filter>Header Files</Filter>
    </ClInclude>
  </ItemGroup>
  <ItemGroup>
    <ClCompile Include="stdafx.cpp">
      <Filter>Source Files</Filter>
    </ClCompile>
    <ClCompile Include="SinclairDLL.cpp">
      <Filter>Source Files</Filter>
    </ClCompile>
    <ClCompile Include="dllmain.cpp">
      <Filter>Source Files</Filter>
    </ClCompile>
    <ClCompile Include="TAPDirectory.cpp">
      <Filter>Source Files</Filter>
    </ClCompile>
    <ClCompile Include="TAPFileSystem.cpp">
      <Filter>Source Files</Filter>
    </ClCompile>
    <ClCompile Include="SpectrumSCREENTranslator.cpp">
      <Filter>Source Files</Filter>
    </ClCompile>
    <ClCompile Include="..\NUTS\TempFile.cpp">
      <Filter>Source Files\Imported Source</Filter>
    </ClCompile>
    <ClCompile Include="..\NUTS\libfuncs.cpp">
      <Filter>Source Files\Imported Source</Filter>
    </ClCompile>
    <ClCompile Include="..\NUTS\NUTSError.cpp">
      <Filter>Source Files\Imported Source</Filter>
    </ClCompile>
    <ClCompile Include="SpectrumBASICTranslator.cpp">
      <Filter>Source Files</Filter>
    </ClCompile>
    <ClCompile Include="..\NUTS\DataSource.cpp">
      <Filter>Source Files\Imported Source</Filter>
    </ClCompile>
    <ClCompile Include="..\NUTS\ImageDataSource.cpp">
      <Filter>Source Files\Imported Source</Filter>
    </ClCompile>
    <ClCompile Include="..\NUTS\NestedImageSource.cpp">
      <Filter>Source Files\Imported Source</Filter>
    </ClCompile>
    <ClCompile Include="..\NUTS\SourceFunctions.cpp">
      <Filter>Source Files\Imported Source</Filter>
    </ClCompile>
    <ClCompile Include="DOS3Directory.cpp">
      <Filter>Source Files</Filter>
    </ClCompile>
    <ClCompile Include="DOS3FileSystem.cpp">
      <Filter>Source Files</Filter>
    </ClCompile>
    <ClCompile Include="..\NUTS\CPM.cpp">
      <Filter>Source Files\Imported Source</Filter>
    </ClCompile>
    <ClCompile Include="..\NUTS\CPMDirectory.cpp">
      <Filter>Source Files\Imported Source</Filter>
    </ClCompile>
    <ClCompile Include="..\NUTS\Preference.cpp">
      <Filter>Source Files\Imported Source</Filter>
    </ClCompile>
    <ClCompile Include="..\NUTS\TZXIcons.cpp">
      <Filter>Source Files\Imported Source</Filter>
    </ClCompile>
    <ClCompile Include="..\NUTS\TZXDirectory.cpp">
      <Filter>Source Files\Imported Source</Filter>
    </ClCompile>
    <ClCompile Include="..\NUTS\TZXFileSystem.cpp">
      <Filter>Source Files\Imported Source</Filter>
    </ClCompile>
    <ClCompile Include="SinclairTZXDirectory.cpp">
      <Filter>Source Files</Filter>
    </ClCompile>
    <ClCompile Include="SinclairTZXFileSystem.cpp">
      <Filter>Source Files</Filter>
    </ClCompile>
    <ClCompile Include="..\TZXConfig\TZXHardware.cpp">
      <Filter>Source Files\Imported Source</Filter>
    </ClCompile>
    <ClCompile Include="TRDFileSystem.cpp">
      <Filter>Source Files</Filter>
    </ClCompile>
    <ClCompile Include="TRDDirectory.cpp">
      <Filter>Source Files</Filter>
    </ClCompile>
  </ItemGroup>
  <ItemGroup>
    <ResourceCompile Include="SinclairDLL.rc">
      <Filter>Resource Files</Filter>
    </ResourceCompile>
  </ItemGroup>
</Project>