<?xml version="1.0" encoding="utf-8"?>
<Project ToolsVersion="4.0" xmlns="http://schemas.microsoft.com/developer/msbuild/2003">
  <ItemGroup>
    <Filter Include="Source Files">
      <UniqueIdentifier>{4FC737F1-C7A5-4376-A066-2A32D752A2FF}</UniqueIdentifier>
      <Extensions>cpp;c;cc;cxx;def;odl;idl;hpj;bat;asm;asmx</Extensions>
    </Filter>
    <Filter Include="Header Files">
      <UniqueIdentifier>{93995380-89BD-4b04-88EB-625FBE52EBFB}</UniqueIdentifier>
      <Extensions>h;hpp;hxx;hm;inl;inc;xsd</Extensions>
    </Filter>
    <Filter Include="Resource Files">
      <UniqueIdentifier>{67DA6AB6-F800-4c08-8B7A-83BB121AAD01}</UniqueIdentifier>
      <Extensions>rc;ico;cur;bmp;dlg;rc2;rct;bin;rgs;gif;jpg;jpeg;jpe;resx;tiff;tif;png;wav;mfcribbon-ms</Extensions>
    </Filter>
    <Filter Include="Source Files\Imported Source">
      <UniqueIdentifier>{ca78e157-1b79-4e09-b1a6-d3b0fb5cc40c}</UniqueIdentifier>
    </Filter>
  </ItemGroup>
  <ItemGroup>
    <None Include="ReadMe.txt" />
    <None Include="chicago.bin">
      <Filter>Resource Files</Filter>
    </None>
    <None Include="repair.bmp">
      <Filter>Resource Files</Filter>
    </None>
    <None Include="rcdata1.bin">
      <Filter>Resource Files</Filter>
    </None>
    <None Include="mfsboot.bin">
      <Filter>Resource Files</Filter>
    </None>
    <None Include="Apple.bmp">
      <Filter>Resource Files</Filter>
    </None>
    <None Include="appl.bmp">
      <Filter>Resource Files</Filter>
    </None>
    <None Include="doc.bmp">
      <Filter>Resource Files</Filter>
    </None>
    <None Include="blank.bmp">
      <Filter>Resource Files</Filter>
    </None>
    <None Include="bitmap1.bmp">
      <Filter>Resource Files</Filter>
    </None>
    <None Include="pluginbanner.bmp">
      <Filter>Resource Files</Filter>
    </None>
  </ItemGroup>
  <ItemGroup>
    <ClInclude Include="stdafx.h">
      <Filter>Header Files</Filter>
    </ClInclude>
    <ClInclude Include="targetver.h">
      <Filter>Header Files</Filter>
    </ClInclude>
    <ClInclude Include="AppleDLL.h">
      <Filter>Header Files</Filter>
    </ClInclude>
    <ClInclude Include="AppleDefs.h">
      <Filter>Header Files</Filter>
    </ClInclude>
    <ClInclude Include="resource.h">
      <Filter>Header Files</Filter>
    </ClInclude>
    <ClInclude Include="MacintoshMFSFileSystem.h">
      <Filter>Header Files</Filter>
    </ClInclude>
    <ClInclude Include="MacintoshMFSDirectory.h">
      <Filter>Header Files</Filter>
    </ClInclude>
    <ClInclude Include="MFSFAT.h">
      <Filter>Header Files</Filter>
    </ClInclude>
    <ClInclude Include="MacIcon.h">
      <Filter>Header Files</Filter>
    </ClInclude>
  </ItemGroup>
  <ItemGroup>
    <ClCompile Include="stdafx.cpp">
      <Filter>Source Files</Filter>
    </ClCompile>
    <ClCompile Include="AppleDLL.cpp">
      <Filter>Source Files</Filter>
    </ClCompile>
    <ClCompile Include="dllmain.cpp">
      <Filter>Source Files</Filter>
    </ClCompile>
    <ClCompile Include="..\NUTS\DataSource.cpp">
      <Filter>Source Files\Imported Source</Filter>
    </ClCompile>
    <ClCompile Include="..\NUTS\ImageDataSource.cpp">
      <Filter>Source Files\Imported Source</Filter>
    </ClCompile>
    <ClCompile Include="..\NUTS\libfuncs.cpp">
      <Filter>Source Files\Imported Source</Filter>
    </ClCompile>
    <ClCompile Include="..\NUTS\NestedImageSource.cpp">
      <Filter>Source Files\Imported Source</Filter>
    </ClCompile>
    <ClCompile Include="..\NUTS\NUTSError.cpp">
      <Filter>Source Files\Imported Source</Filter>
    </ClCompile>
    <ClCompile Include="..\NUTS\Preference.cpp">
      <Filter>Source Files\Imported Source</Filter>
    </ClCompile>
    <ClCompile Include="..\NUTS\SourceFunctions.cpp">
      <Filter>Source Files\Imported Source</Filter>
    </ClCompile>
    <ClCompile Include="..\NUTS\TempFile.cpp">
      <Filter>Source Files\Imported Source</Filter>
    </ClCompile>
    <ClCompile Include="MacintoshMFSFileSystem.cpp">
      <Filter>Source Files</Filter>
    </ClCompile>
    <ClCompile Include="MacintoshMFSDirectory.cpp">
      <Filter>Source Files</Filter>
    </ClCompile>
    <ClCompile Include="MFSFAT.cpp">
      <Filter>Source Files</Filter>
    </ClCompile>
    <ClCompile Include="..\NUTS\EncodingEdit.cpp">
      <Filter>Source Files\Imported Source</Filter>
    </ClCompile>
    <ClCompile Include="..\NUTS\FontBitmap.cpp">
      <Filter>Source Files\Imported Source</Filter>
    </ClCompile>
    <ClCompile Include="MacIcon.cpp">
      <Filter>Source Files</Filter>
    </ClCompile>
  </ItemGroup>
  <ItemGroup>
    <ResourceCompile Include="AppleDLL.rc">
      <Filter>Resource Files</Filter>
    </ResourceCompile>
  </ItemGroup>
</Project>