
Microsoft Visual Studio Solution File, Format Version 11.00
# Visual Studio 2010
Project("{8BC9CEB8-8B4A-11D0-8D11-00A0C91BC942}") = "ALL_BUILD", "ALL_BUILD.vcxproj", "{F3575C6C-254B-3FEF-A8C7-EA72B3FBBA8B}"
	ProjectSection(ProjectDependencies) = postProject
		{359BEC5F-9E3D-3C9D-8A70-49C47F04896B} = {359BEC5F-9E3D-3C9D-8A70-49C47F04896B}
		{E5407AB8-7166-3F1C-83C9-DD3E340335AF} = {E5407AB8-7166-3F1C-83C9-DD3E340335AF}
		{778F702C-01A5-3643-9CA3-554202E321ED} = {778F702C-01A5-3643-9CA3-554202E321ED}
		{C98162C7-20A4-3BFA-BCA5-4CBED2C45BC5} = {C98162C7-20A4-3BFA-BCA5-4CBED2C45BC5}
		{AD443A07-DAE9-3DAA-9B9F-B267A825383D} = {AD443A07-DAE9-3DAA-9B9F-B267A825383D}
		{3BA17FD4-6ED4-3ECA-A3F4-1B91512CB95A} = {3BA17FD4-6ED4-3ECA-A3F4-1B91512CB95A}
		{398D6FE2-ED16-3521-BA54-81DC4C130D78} = {398D6FE2-ED16-3521-BA54-81DC4C130D78}
		{DE5308A3-09AE-32F8-B945-70D0ECF767AF} = {DE5308A3-09AE-32F8-B945-70D0ECF767AF}
		{5BE5CAB9-E6DF-35BB-836F-A4F86A1E1817} = {5BE5CAB9-E6DF-35BB-836F-A4F86A1E1817}
		{9BEE2E2B-E71D-3E55-821E-F2B6F01A8F14} = {9BEE2E2B-E71D-3E55-821E-F2B6F01A8F14}
	EndProjectSection
EndProject
Project("{8BC9CEB8-8B4A-11D0-8D11-00A0C91BC942}") = "Continuous", "Continuous.vcxproj", "{335FBEDB-6471-3295-B0C8-C2C222F0B4D5}"
	ProjectSection(ProjectDependencies) = postProject
		{359BEC5F-9E3D-3C9D-8A70-49C47F04896B} = {359BEC5F-9E3D-3C9D-8A70-49C47F04896B}
	EndProjectSection
EndProject
Project("{8BC9CEB8-8B4A-11D0-8D11-00A0C91BC942}") = "Experimental", "Experimental.vcxproj", "{96C3672D-7E85-3513-952B-B5DF74F2F328}"
	ProjectSection(ProjectDependencies) = postProject
		{359BEC5F-9E3D-3C9D-8A70-49C47F04896B} = {359BEC5F-9E3D-3C9D-8A70-49C47F04896B}
	EndProjectSection
EndProject
Project("{8BC9CEB8-8B4A-11D0-8D11-00A0C91BC942}") = "INSTALL", "INSTALL.vcxproj", "{6EB63CAE-B5C6-35DE-99B7-EF8301619954}"
	ProjectSection(ProjectDependencies) = postProject
		{F3575C6C-254B-3FEF-A8C7-EA72B3FBBA8B} = {F3575C6C-254B-3FEF-A8C7-EA72B3FBBA8B}
		{359BEC5F-9E3D-3C9D-8A70-49C47F04896B} = {359BEC5F-9E3D-3C9D-8A70-49C47F04896B}
	EndProjectSection
EndProject
Project("{8BC9CEB8-8B4A-11D0-8D11-00A0C91BC942}") = "Nightly", "Nightly.vcxproj", "{929574BF-0FBB-3BD9-A289-3C7F7F540355}"
	ProjectSection(ProjectDependencies) = postProject
		{359BEC5F-9E3D-3C9D-8A70-49C47F04896B} = {359BEC5F-9E3D-3C9D-8A70-49C47F04896B}
	EndProjectSection
EndProject
Project("{8BC9CEB8-8B4A-11D0-8D11-00A0C91BC942}") = "NightlyMemoryCheck", "NightlyMemoryCheck.vcxproj", "{5B0E7895-3673-37AE-AE08-C80BD6F5ECBC}"
	ProjectSection(ProjectDependencies) = postProject
		{359BEC5F-9E3D-3C9D-8A70-49C47F04896B} = {359BEC5F-9E3D-3C9D-8A70-49C47F04896B}
	EndProjectSection
EndProject
Project("{8BC9CEB8-8B4A-11D0-8D11-00A0C91BC942}") = "RUN_TESTS", "RUN_TESTS.vcxproj", "{BBA941E6-A3C5-342B-8BBB-FB16C3F486CA}"
	ProjectSection(ProjectDependencies) = postProject
		{359BEC5F-9E3D-3C9D-8A70-49C47F04896B} = {359BEC5F-9E3D-3C9D-8A70-49C47F04896B}
	EndProjectSection
EndProject
Project("{8BC9CEB8-8B4A-11D0-8D11-00A0C91BC942}") = "ZERO_CHECK", "ZERO_CHECK.vcxproj", "{359BEC5F-9E3D-3C9D-8A70-49C47F04896B}"
	ProjectSection(ProjectDependencies) = postProject
	EndProjectSection
EndProject
Project("{8BC9CEB8-8B4A-11D0-8D11-00A0C91BC942}") = "archive", "libarchive\archive.vcxproj", "{E5407AB8-7166-3F1C-83C9-DD3E340335AF}"
	ProjectSection(ProjectDependencies) = postProject
		{359BEC5F-9E3D-3C9D-8A70-49C47F04896B} = {359BEC5F-9E3D-3C9D-8A70-49C47F04896B}
	EndProjectSection
EndProject
Project("{8BC9CEB8-8B4A-11D0-8D11-00A0C91BC942}") = "archive_static", "libarchive\archive_static.vcxproj", "{778F702C-01A5-3643-9CA3-554202E321ED}"
	ProjectSection(ProjectDependencies) = postProject
		{359BEC5F-9E3D-3C9D-8A70-49C47F04896B} = {359BEC5F-9E3D-3C9D-8A70-49C47F04896B}
	EndProjectSection
EndProject
Project("{8BC9CEB8-8B4A-11D0-8D11-00A0C91BC942}") = "bsdcat", "cat\bsdcat.vcxproj", "{C98162C7-20A4-3BFA-BCA5-4CBED2C45BC5}"
	ProjectSection(ProjectDependencies) = postProject
		{359BEC5F-9E3D-3C9D-8A70-49C47F04896B} = {359BEC5F-9E3D-3C9D-8A70-49C47F04896B}
		{778F702C-01A5-3643-9CA3-554202E321ED} = {778F702C-01A5-3643-9CA3-554202E321ED}
	EndProjectSection
EndProject
Project("{8BC9CEB8-8B4A-11D0-8D11-00A0C91BC942}") = "bsdcat_test", "cat\test\bsdcat_test.vcxproj", "{AD443A07-DAE9-3DAA-9B9F-B267A825383D}"
	ProjectSection(ProjectDependencies) = postProject
		{359BEC5F-9E3D-3C9D-8A70-49C47F04896B} = {359BEC5F-9E3D-3C9D-8A70-49C47F04896B}
	EndProjectSection
EndProject
Project("{8BC9CEB8-8B4A-11D0-8D11-00A0C91BC942}") = "bsdcpio", "cpio\bsdcpio.vcxproj", "{3BA17FD4-6ED4-3ECA-A3F4-1B91512CB95A}"
	ProjectSection(ProjectDependencies) = postProject
		{359BEC5F-9E3D-3C9D-8A70-49C47F04896B} = {359BEC5F-9E3D-3C9D-8A70-49C47F04896B}
		{778F702C-01A5-3643-9CA3-554202E321ED} = {778F702C-01A5-3643-9CA3-554202E321ED}
	EndProjectSection
EndProject
Project("{8BC9CEB8-8B4A-11D0-8D11-00A0C91BC942}") = "bsdcpio_test", "cpio\test\bsdcpio_test.vcxproj", "{398D6FE2-ED16-3521-BA54-81DC4C130D78}"
	ProjectSection(ProjectDependencies) = postProject
		{359BEC5F-9E3D-3C9D-8A70-49C47F04896B} = {359BEC5F-9E3D-3C9D-8A70-49C47F04896B}
	EndProjectSection
EndProject
Project("{8BC9CEB8-8B4A-11D0-8D11-00A0C91BC942}") = "bsdtar", "tar\bsdtar.vcxproj", "{DE5308A3-09AE-32F8-B945-70D0ECF767AF}"
	ProjectSection(ProjectDependencies) = postProject
		{359BEC5F-9E3D-3C9D-8A70-49C47F04896B} = {359BEC5F-9E3D-3C9D-8A70-49C47F04896B}
		{778F702C-01A5-3643-9CA3-554202E321ED} = {778F702C-01A5-3643-9CA3-554202E321ED}
	EndProjectSection
EndProject
Project("{8BC9CEB8-8B4A-11D0-8D11-00A0C91BC942}") = "bsdtar_test", "tar\test\bsdtar_test.vcxproj", "{5BE5CAB9-E6DF-35BB-836F-A4F86A1E1817}"
	ProjectSection(ProjectDependencies) = postProject
		{359BEC5F-9E3D-3C9D-8A70-49C47F04896B} = {359BEC5F-9E3D-3C9D-8A70-49C47F04896B}
	EndProjectSection
EndProject
Project("{8BC9CEB8-8B4A-11D0-8D11-00A0C91BC942}") = "libarchive_test", "libarchive\test\libarchive_test.vcxproj", "{9BEE2E2B-E71D-3E55-821E-F2B6F01A8F14}"
	ProjectSection(ProjectDependencies) = postProject
		{359BEC5F-9E3D-3C9D-8A70-49C47F04896B} = {359BEC5F-9E3D-3C9D-8A70-49C47F04896B}
		{778F702C-01A5-3643-9CA3-554202E321ED} = {778F702C-01A5-3643-9CA3-554202E321ED}
	EndProjectSection
EndProject
Project("{8BC9CEB8-8B4A-11D0-8D11-00A0C91BC942}") = "run_all_tests", "run_all_tests.vcxproj", "{47BB1F18-CB1D-33E9-84E0-66933EF91DBA}"
	ProjectSection(ProjectDependencies) = postProject
		{359BEC5F-9E3D-3C9D-8A70-49C47F04896B} = {359BEC5F-9E3D-3C9D-8A70-49C47F04896B}
		{1080E9FB-A9E9-30A5-9E9E-32837603C001} = {1080E9FB-A9E9-30A5-9E9E-32837603C001}
		{DA84725B-50EF-3E07-9B2B-A2407CF13129} = {DA84725B-50EF-3E07-9B2B-A2407CF13129}
		{536381A8-EC9D-3B17-B2CC-1A115A9681D1} = {536381A8-EC9D-3B17-B2CC-1A115A9681D1}
		{3613143F-4401-392A-A5F3-F26CAE635E77} = {3613143F-4401-392A-A5F3-F26CAE635E77}
	EndProjectSection
EndProject
Project("{8BC9CEB8-8B4A-11D0-8D11-00A0C91BC942}") = "run_bsdcat_test", "cat\test\run_bsdcat_test.vcxproj", "{1080E9FB-A9E9-30A5-9E9E-32837603C001}"
	ProjectSection(ProjectDependencies) = postProject
		{359BEC5F-9E3D-3C9D-8A70-49C47F04896B} = {359BEC5F-9E3D-3C9D-8A70-49C47F04896B}
		{C98162C7-20A4-3BFA-BCA5-4CBED2C45BC5} = {C98162C7-20A4-3BFA-BCA5-4CBED2C45BC5}
		{AD443A07-DAE9-3DAA-9B9F-B267A825383D} = {AD443A07-DAE9-3DAA-9B9F-B267A825383D}
	EndProjectSection
EndProject
Project("{8BC9CEB8-8B4A-11D0-8D11-00A0C91BC942}") = "run_bsdcpio_test", "cpio\test\run_bsdcpio_test.vcxproj", "{DA84725B-50EF-3E07-9B2B-A2407CF13129}"
	ProjectSection(ProjectDependencies) = postProject
		{359BEC5F-9E3D-3C9D-8A70-49C47F04896B} = {359BEC5F-9E3D-3C9D-8A70-49C47F04896B}
		{3BA17FD4-6ED4-3ECA-A3F4-1B91512CB95A} = {3BA17FD4-6ED4-3ECA-A3F4-1B91512CB95A}
		{398D6FE2-ED16-3521-BA54-81DC4C130D78} = {398D6FE2-ED16-3521-BA54-81DC4C130D78}
	EndProjectSection
EndProject
Project("{8BC9CEB8-8B4A-11D0-8D11-00A0C91BC942}") = "run_bsdtar_test", "tar\test\run_bsdtar_test.vcxproj", "{536381A8-EC9D-3B17-B2CC-1A115A9681D1}"
	ProjectSection(ProjectDependencies) = postProject
		{359BEC5F-9E3D-3C9D-8A70-49C47F04896B} = {359BEC5F-9E3D-3C9D-8A70-49C47F04896B}
		{DE5308A3-09AE-32F8-B945-70D0ECF767AF} = {DE5308A3-09AE-32F8-B945-70D0ECF767AF}
		{5BE5CAB9-E6DF-35BB-836F-A4F86A1E1817} = {5BE5CAB9-E6DF-35BB-836F-A4F86A1E1817}
	EndProjectSection
EndProject
Project("{8BC9CEB8-8B4A-11D0-8D11-00A0C91BC942}") = "run_libarchive_test", "libarchive\test\run_libarchive_test.vcxproj", "{3613143F-4401-392A-A5F3-F26CAE635E77}"
	ProjectSection(ProjectDependencies) = postProject
		{359BEC5F-9E3D-3C9D-8A70-49C47F04896B} = {359BEC5F-9E3D-3C9D-8A70-49C47F04896B}
		{9BEE2E2B-E71D-3E55-821E-F2B6F01A8F14} = {9BEE2E2B-E71D-3E55-821E-F2B6F01A8F14}
	EndProjectSection
EndProject
Global
	GlobalSection(SolutionConfigurationPlatforms) = preSolution
		Debug|Win32 = Debug|Win32
		Release|Win32 = Release|Win32
		MinSizeRel|Win32 = MinSizeRel|Win32
		RelWithDebInfo|Win32 = RelWithDebInfo|Win32
	EndGlobalSection
	GlobalSection(ProjectConfigurationPlatforms) = postSolution
		{F3575C6C-254B-3FEF-A8C7-EA72B3FBBA8B}.Debug|Win32.ActiveCfg = Debug|Win32
		{F3575C6C-254B-3FEF-A8C7-EA72B3FBBA8B}.Debug|Win32.Build.0 = Debug|Win32
		{F3575C6C-254B-3FEF-A8C7-EA72B3FBBA8B}.Release|Win32.ActiveCfg = Release|Win32
		{F3575C6C-254B-3FEF-A8C7-EA72B3FBBA8B}.Release|Win32.Build.0 = Release|Win32
		{F3575C6C-254B-3FEF-A8C7-EA72B3FBBA8B}.MinSizeRel|Win32.ActiveCfg = MinSizeRel|Win32
		{F3575C6C-254B-3FEF-A8C7-EA72B3FBBA8B}.MinSizeRel|Win32.Build.0 = MinSizeRel|Win32
		{F3575C6C-254B-3FEF-A8C7-EA72B3FBBA8B}.RelWithDebInfo|Win32.ActiveCfg = RelWithDebInfo|Win32
		{F3575C6C-254B-3FEF-A8C7-EA72B3FBBA8B}.RelWithDebInfo|Win32.Build.0 = RelWithDebInfo|Win32
		{335FBEDB-6471-3295-B0C8-C2C222F0B4D5}.Debug|Win32.ActiveCfg = Debug|Win32
		{335FBEDB-6471-3295-B0C8-C2C222F0B4D5}.Release|Win32.ActiveCfg = Release|Win32
		{335FBEDB-6471-3295-B0C8-C2C222F0B4D5}.MinSizeRel|Win32.ActiveCfg = MinSizeRel|Win32
		{335FBEDB-6471-3295-B0C8-C2C222F0B4D5}.RelWithDebInfo|Win32.ActiveCfg = RelWithDebInfo|Win32
		{96C3672D-7E85-3513-952B-B5DF74F2F328}.Debug|Win32.ActiveCfg = Debug|Win32
		{96C3672D-7E85-3513-952B-B5DF74F2F328}.Release|Win32.ActiveCfg = Release|Win32
		{96C3672D-7E85-3513-952B-B5DF74F2F328}.MinSizeRel|Win32.ActiveCfg = MinSizeRel|Win32
		{96C3672D-7E85-3513-952B-B5DF74F2F328}.RelWithDebInfo|Win32.ActiveCfg = RelWithDebInfo|Win32
		{6EB63CAE-B5C6-35DE-99B7-EF8301619954}.Debug|Win32.ActiveCfg = Debug|Win32
		{6EB63CAE-B5C6-35DE-99B7-EF8301619954}.Release|Win32.ActiveCfg = Release|Win32
		{6EB63CAE-B5C6-35DE-99B7-EF8301619954}.MinSizeRel|Win32.ActiveCfg = MinSizeRel|Win32
		{6EB63CAE-B5C6-35DE-99B7-EF8301619954}.RelWithDebInfo|Win32.ActiveCfg = RelWithDebInfo|Win32
		{929574BF-0FBB-3BD9-A289-3C7F7F540355}.Debug|Win32.ActiveCfg = Debug|Win32
		{929574BF-0FBB-3BD9-A289-3C7F7F540355}.Release|Win32.ActiveCfg = Release|Win32
		{929574BF-0FBB-3BD9-A289-3C7F7F540355}.MinSizeRel|Win32.ActiveCfg = MinSizeRel|Win32
		{929574BF-0FBB-3BD9-A289-3C7F7F540355}.RelWithDebInfo|Win32.ActiveCfg = RelWithDebInfo|Win32
		{5B0E7895-3673-37AE-AE08-C80BD6F5ECBC}.Debug|Win32.ActiveCfg = Debug|Win32
		{5B0E7895-3673-37AE-AE08-C80BD6F5ECBC}.Release|Win32.ActiveCfg = Release|Win32
		{5B0E7895-3673-37AE-AE08-C80BD6F5ECBC}.MinSizeRel|Win32.ActiveCfg = MinSizeRel|Win32
		{5B0E7895-3673-37AE-AE08-C80BD6F5ECBC}.RelWithDebInfo|Win32.ActiveCfg = RelWithDebInfo|Win32
		{BBA941E6-A3C5-342B-8BBB-FB16C3F486CA}.Debug|Win32.ActiveCfg = Debug|Win32
		{BBA941E6-A3C5-342B-8BBB-FB16C3F486CA}.Release|Win32.ActiveCfg = Release|Win32
		{BBA941E6-A3C5-342B-8BBB-FB16C3F486CA}.MinSizeRel|Win32.ActiveCfg = MinSizeRel|Win32
		{BBA941E6-A3C5-342B-8BBB-FB16C3F486CA}.RelWithDebInfo|Win32.ActiveCfg = RelWithDebInfo|Win32
		{359BEC5F-9E3D-3C9D-8A70-49C47F04896B}.Debug|Win32.ActiveCfg = Debug|Win32
		{359BEC5F-9E3D-3C9D-8A70-49C47F04896B}.Debug|Win32.Build.0 = Debug|Win32
		{359BEC5F-9E3D-3C9D-8A70-49C47F04896B}.Release|Win32.ActiveCfg = Release|Win32
		{359BEC5F-9E3D-3C9D-8A70-49C47F04896B}.Release|Win32.Build.0 = Release|Win32
		{359BEC5F-9E3D-3C9D-8A70-49C47F04896B}.MinSizeRel|Win32.ActiveCfg = MinSizeRel|Win32
		{359BEC5F-9E3D-3C9D-8A70-49C47F04896B}.MinSizeRel|Win32.Build.0 = MinSizeRel|Win32
		{359BEC5F-9E3D-3C9D-8A70-49C47F04896B}.RelWithDebInfo|Win32.ActiveCfg = RelWithDebInfo|Win32
		{359BEC5F-9E3D-3C9D-8A70-49C47F04896B}.RelWithDebInfo|Win32.Build.0 = RelWithDebInfo|Win32
		{E5407AB8-7166-3F1C-83C9-DD3E340335AF}.Debug|Win32.ActiveCfg = Debug|Win32
		{E5407AB8-7166-3F1C-83C9-DD3E340335AF}.Debug|Win32.Build.0 = Debug|Win32
		{E5407AB8-7166-3F1C-83C9-DD3E340335AF}.Release|Win32.ActiveCfg = Release|Win32
		{E5407AB8-7166-3F1C-83C9-DD3E340335AF}.Release|Win32.Build.0 = Release|Win32
		{E5407AB8-7166-3F1C-83C9-DD3E340335AF}.MinSizeRel|Win32.ActiveCfg = MinSizeRel|Win32
		{E5407AB8-7166-3F1C-83C9-DD3E340335AF}.MinSizeRel|Win32.Build.0 = MinSizeRel|Win32
		{E5407AB8-7166-3F1C-83C9-DD3E340335AF}.RelWithDebInfo|Win32.ActiveCfg = RelWithDebInfo|Win32
		{E5407AB8-7166-3F1C-83C9-DD3E340335AF}.RelWithDebInfo|Win32.Build.0 = RelWithDebInfo|Win32
		{778F702C-01A5-3643-9CA3-554202E321ED}.Debug|Win32.ActiveCfg = Debug|Win32
		{778F702C-01A5-3643-9CA3-554202E321ED}.Debug|Win32.Build.0 = Debug|Win32
		{778F702C-01A5-3643-9CA3-554202E321ED}.Release|Win32.ActiveCfg = Release|Win32
		{778F702C-01A5-3643-9CA3-554202E321ED}.Release|Win32.Build.0 = Release|Win32
		{778F702C-01A5-3643-9CA3-554202E321ED}.MinSizeRel|Win32.ActiveCfg = MinSizeRel|Win32
		{778F702C-01A5-3643-9CA3-554202E321ED}.MinSizeRel|Win32.Build.0 = MinSizeRel|Win32
		{778F702C-01A5-3643-9CA3-554202E321ED}.RelWithDebInfo|Win32.ActiveCfg = RelWithDebInfo|Win32
		{778F702C-01A5-3643-9CA3-554202E321ED}.RelWithDebInfo|Win32.Build.0 = RelWithDebInfo|Win32
		{C98162C7-20A4-3BFA-BCA5-4CBED2C45BC5}.Debug|Win32.ActiveCfg = Debug|Win32
		{C98162C7-20A4-3BFA-BCA5-4CBED2C45BC5}.Debug|Win32.Build.0 = Debug|Win32
		{C98162C7-20A4-3BFA-BCA5-4CBED2C45BC5}.Release|Win32.ActiveCfg = Release|Win32
		{C98162C7-20A4-3BFA-BCA5-4CBED2C45BC5}.Release|Win32.Build.0 = Release|Win32
		{C98162C7-20A4-3BFA-BCA5-4CBED2C45BC5}.MinSizeRel|Win32.ActiveCfg = MinSizeRel|Win32
		{C98162C7-20A4-3BFA-BCA5-4CBED2C45BC5}.MinSizeRel|Win32.Build.0 = MinSizeRel|Win32
		{C98162C7-20A4-3BFA-BCA5-4CBED2C45BC5}.RelWithDebInfo|Win32.ActiveCfg = RelWithDebInfo|Win32
		{C98162C7-20A4-3BFA-BCA5-4CBED2C45BC5}.RelWithDebInfo|Win32.Build.0 = RelWithDebInfo|Win32
		{AD443A07-DAE9-3DAA-9B9F-B267A825383D}.Debug|Win32.ActiveCfg = Debug|Win32
		{AD443A07-DAE9-3DAA-9B9F-B267A825383D}.Debug|Win32.Build.0 = Debug|Win32
		{AD443A07-DAE9-3DAA-9B9F-B267A825383D}.Release|Win32.ActiveCfg = Release|Win32
		{AD443A07-DAE9-3DAA-9B9F-B267A825383D}.Release|Win32.Build.0 = Release|Win32
		{AD443A07-DAE9-3DAA-9B9F-B267A825383D}.MinSizeRel|Win32.ActiveCfg = MinSizeRel|Win32
		{AD443A07-DAE9-3DAA-9B9F-B267A825383D}.MinSizeRel|Win32.Build.0 = MinSizeRel|Win32
		{AD443A07-DAE9-3DAA-9B9F-B267A825383D}.RelWithDebInfo|Win32.ActiveCfg = RelWithDebInfo|Win32
		{AD443A07-DAE9-3DAA-9B9F-B267A825383D}.RelWithDebInfo|Win32.Build.0 = RelWithDebInfo|Win32
		{3BA17FD4-6ED4-3ECA-A3F4-1B91512CB95A}.Debug|Win32.ActiveCfg = Debug|Win32
		{3BA17FD4-6ED4-3ECA-A3F4-1B91512CB95A}.Debug|Win32.Build.0 = Debug|Win32
		{3BA17FD4-6ED4-3ECA-A3F4-1B91512CB95A}.Release|Win32.ActiveCfg = Release|Win32
		{3BA17FD4-6ED4-3ECA-A3F4-1B91512CB95A}.Release|Win32.Build.0 = Release|Win32
		{3BA17FD4-6ED4-3ECA-A3F4-1B91512CB95A}.MinSizeRel|Win32.ActiveCfg = MinSizeRel|Win32
		{3BA17FD4-6ED4-3ECA-A3F4-1B91512CB95A}.MinSizeRel|Win32.Build.0 = MinSizeRel|Win32
		{3BA17FD4-6ED4-3ECA-A3F4-1B91512CB95A}.RelWithDebInfo|Win32.ActiveCfg = RelWithDebInfo|Win32
		{3BA17FD4-6ED4-3ECA-A3F4-1B91512CB95A}.RelWithDebInfo|Win32.Build.0 = RelWithDebInfo|Win32
		{398D6FE2-ED16-3521-BA54-81DC4C130D78}.Debug|Win32.ActiveCfg = Debug|Win32
		{398D6FE2-ED16-3521-BA54-81DC4C130D78}.Debug|Win32.Build.0 = Debug|Win32
		{398D6FE2-ED16-3521-BA54-81DC4C130D78}.Release|Win32.ActiveCfg = Release|Win32
		{398D6FE2-ED16-3521-BA54-81DC4C130D78}.Release|Win32.Build.0 = Release|Win32
		{398D6FE2-ED16-3521-BA54-81DC4C130D78}.MinSizeRel|Win32.ActiveCfg = MinSizeRel|Win32
		{398D6FE2-ED16-3521-BA54-81DC4C130D78}.MinSizeRel|Win32.Build.0 = MinSizeRel|Win32
		{398D6FE2-ED16-3521-BA54-81DC4C130D78}.RelWithDebInfo|Win32.ActiveCfg = RelWithDebInfo|Win32
		{398D6FE2-ED16-3521-BA54-81DC4C130D78}.RelWithDebInfo|Win32.Build.0 = RelWithDebInfo|Win32
		{DE5308A3-09AE-32F8-B945-70D0ECF767AF}.Debug|Win32.ActiveCfg = Debug|Win32
		{DE5308A3-09AE-32F8-B945-70D0ECF767AF}.Debug|Win32.Build.0 = Debug|Win32
		{DE5308A3-09AE-32F8-B945-70D0ECF767AF}.Release|Win32.ActiveCfg = Release|Win32
		{DE5308A3-09AE-32F8-B945-70D0ECF767AF}.Release|Win32.Build.0 = Release|Win32
		{DE5308A3-09AE-32F8-B945-70D0ECF767AF}.MinSizeRel|Win32.ActiveCfg = MinSizeRel|Win32
		{DE5308A3-09AE-32F8-B945-70D0ECF767AF}.MinSizeRel|Win32.Build.0 = MinSizeRel|Win32
		{DE5308A3-09AE-32F8-B945-70D0ECF767AF}.RelWithDebInfo|Win32.ActiveCfg = RelWithDebInfo|Win32
		{DE5308A3-09AE-32F8-B945-70D0ECF767AF}.RelWithDebInfo|Win32.Build.0 = RelWithDebInfo|Win32
		{5BE5CAB9-E6DF-35BB-836F-A4F86A1E1817}.Debug|Win32.ActiveCfg = Debug|Win32
		{5BE5CAB9-E6DF-35BB-836F-A4F86A1E1817}.Debug|Win32.Build.0 = Debug|Win32
		{5BE5CAB9-E6DF-35BB-836F-A4F86A1E1817}.Release|Win32.ActiveCfg = Release|Win32
		{5BE5CAB9-E6DF-35BB-836F-A4F86A1E1817}.Release|Win32.Build.0 = Release|Win32
		{5BE5CAB9-E6DF-35BB-836F-A4F86A1E1817}.MinSizeRel|Win32.ActiveCfg = MinSizeRel|Win32
		{5BE5CAB9-E6DF-35BB-836F-A4F86A1E1817}.MinSizeRel|Win32.Build.0 = MinSizeRel|Win32
		{5BE5CAB9-E6DF-35BB-836F-A4F86A1E1817}.RelWithDebInfo|Win32.ActiveCfg = RelWithDebInfo|Win32
		{5BE5CAB9-E6DF-35BB-836F-A4F86A1E1817}.RelWithDebInfo|Win32.Build.0 = RelWithDebInfo|Win32
		{9BEE2E2B-E71D-3E55-821E-F2B6F01A8F14}.Debug|Win32.ActiveCfg = Debug|Win32
		{9BEE2E2B-E71D-3E55-821E-F2B6F01A8F14}.Debug|Win32.Build.0 = Debug|Win32
		{9BEE2E2B-E71D-3E55-821E-F2B6F01A8F14}.Release|Win32.ActiveCfg = Release|Win32
		{9BEE2E2B-E71D-3E55-821E-F2B6F01A8F14}.Release|Win32.Build.0 = Release|Win32
		{9BEE2E2B-E71D-3E55-821E-F2B6F01A8F14}.MinSizeRel|Win32.ActiveCfg = MinSizeRel|Win32
		{9BEE2E2B-E71D-3E55-821E-F2B6F01A8F14}.MinSizeRel|Win32.Build.0 = MinSizeRel|Win32
		{9BEE2E2B-E71D-3E55-821E-F2B6F01A8F14}.RelWithDebInfo|Win32.ActiveCfg = RelWithDebInfo|Win32
		{9BEE2E2B-E71D-3E55-821E-F2B6F01A8F14}.RelWithDebInfo|Win32.Build.0 = RelWithDebInfo|Win32
		{47BB1F18-CB1D-33E9-84E0-66933EF91DBA}.Debug|Win32.ActiveCfg = Debug|Win32
		{47BB1F18-CB1D-33E9-84E0-66933EF91DBA}.Release|Win32.ActiveCfg = Release|Win32
		{47BB1F18-CB1D-33E9-84E0-66933EF91DBA}.MinSizeRel|Win32.ActiveCfg = MinSizeRel|Win32
		{47BB1F18-CB1D-33E9-84E0-66933EF91DBA}.RelWithDebInfo|Win32.ActiveCfg = RelWithDebInfo|Win32
		{1080E9FB-A9E9-30A5-9E9E-32837603C001}.Debug|Win32.ActiveCfg = Debug|Win32
		{1080E9FB-A9E9-30A5-9E9E-32837603C001}.Debug|Win32.Build.0 = Debug|Win32
		{1080E9FB-A9E9-30A5-9E9E-32837603C001}.Release|Win32.ActiveCfg = Release|Win32
		{1080E9FB-A9E9-30A5-9E9E-32837603C001}.Release|Win32.Build.0 = Release|Win32
		{1080E9FB-A9E9-30A5-9E9E-32837603C001}.MinSizeRel|Win32.ActiveCfg = MinSizeRel|Win32
		{1080E9FB-A9E9-30A5-9E9E-32837603C001}.MinSizeRel|Win32.Build.0 = MinSizeRel|Win32
		{1080E9FB-A9E9-30A5-9E9E-32837603C001}.RelWithDebInfo|Win32.ActiveCfg = RelWithDebInfo|Win32
		{1080E9FB-A9E9-30A5-9E9E-32837603C001}.RelWithDebInfo|Win32.Build.0 = RelWithDebInfo|Win32
		{DA84725B-50EF-3E07-9B2B-A2407CF13129}.Debug|Win32.ActiveCfg = Debug|Win32
		{DA84725B-50EF-3E07-9B2B-A2407CF13129}.Debug|Win32.Build.0 = Debug|Win32
		{DA84725B-50EF-3E07-9B2B-A2407CF13129}.Release|Win32.ActiveCfg = Release|Win32
		{DA84725B-50EF-3E07-9B2B-A2407CF13129}.Release|Win32.Build.0 = Release|Win32
		{DA84725B-50EF-3E07-9B2B-A2407CF13129}.MinSizeRel|Win32.ActiveCfg = MinSizeRel|Win32
		{DA84725B-50EF-3E07-9B2B-A2407CF13129}.MinSizeRel|Win32.Build.0 = MinSizeRel|Win32
		{DA84725B-50EF-3E07-9B2B-A2407CF13129}.RelWithDebInfo|Win32.ActiveCfg = RelWithDebInfo|Win32
		{DA84725B-50EF-3E07-9B2B-A2407CF13129}.RelWithDebInfo|Win32.Build.0 = RelWithDebInfo|Win32
		{536381A8-EC9D-3B17-B2CC-1A115A9681D1}.Debug|Win32.ActiveCfg = Debug|Win32
		{536381A8-EC9D-3B17-B2CC-1A115A9681D1}.Debug|Win32.Build.0 = Debug|Win32
		{536381A8-EC9D-3B17-B2CC-1A115A9681D1}.Release|Win32.ActiveCfg = Release|Win32
		{536381A8-EC9D-3B17-B2CC-1A115A9681D1}.Release|Win32.Build.0 = Release|Win32
		{536381A8-EC9D-3B17-B2CC-1A115A9681D1}.MinSizeRel|Win32.ActiveCfg = MinSizeRel|Win32
		{536381A8-EC9D-3B17-B2CC-1A115A9681D1}.MinSizeRel|Win32.Build.0 = MinSizeRel|Win32
		{536381A8-EC9D-3B17-B2CC-1A115A9681D1}.RelWithDebInfo|Win32.ActiveCfg = RelWithDebInfo|Win32
		{536381A8-EC9D-3B17-B2CC-1A115A9681D1}.RelWithDebInfo|Win32.Build.0 = RelWithDebInfo|Win32
		{3613143F-4401-392A-A5F3-F26CAE635E77}.Debug|Win32.ActiveCfg = Debug|Win32
		{3613143F-4401-392A-A5F3-F26CAE635E77}.Debug|Win32.Build.0 = Debug|Win32
		{3613143F-4401-392A-A5F3-F26CAE635E77}.Release|Win32.ActiveCfg = Release|Win32
		{3613143F-4401-392A-A5F3-F26CAE635E77}.Release|Win32.Build.0 = Release|Win32
		{3613143F-4401-392A-A5F3-F26CAE635E77}.MinSizeRel|Win32.ActiveCfg = MinSizeRel|Win32
		{3613143F-4401-392A-A5F3-F26CAE635E77}.MinSizeRel|Win32.Build.0 = MinSizeRel|Win32
		{3613143F-4401-392A-A5F3-F26CAE635E77}.RelWithDebInfo|Win32.ActiveCfg = RelWithDebInfo|Win32
		{3613143F-4401-392A-A5F3-F26CAE635E77}.RelWithDebInfo|Win32.Build.0 = RelWithDebInfo|Win32
	EndGlobalSection
	GlobalSection(ExtensibilityGlobals) = postSolution
		SolutionGuid = {4209A749-99F9-3C0D-9DDD-70D03F82C5B8}
	EndGlobalSection
	GlobalSection(ExtensibilityAddIns) = postSolution
	EndGlobalSection
EndGlobal
