<?xml version="1.0" encoding="utf-8"?>
<Project ToolsVersion="4.0" xmlns="http://schemas.microsoft.com/developer/msbuild/2003">
  <ItemGroup>
    <Filter Include="Source Files">
      <UniqueIdentifier>{4FC737F1-C7A5-4376-A066-2A32D752A2FF}</UniqueIdentifier>
      <Extensions>cpp;c;cc;cxx;def;odl;idl;hpj;bat;asm;asmx</Extensions>
    </Filter>
    <Filter Include="Header Files">
      <UniqueIdentifier>{93995380-89BD-4b04-88EB-625FBE52EBFB}</UniqueIdentifier>
      <Extensions>h;hpp;hxx;hm;inl;inc;xsd</Extensions>
    </Filter>
    <Filter Include="Resource Files">
      <UniqueIdentifier>{67DA6AB6-F800-4c08-8B7A-83BB121AAD01}</UniqueIdentifier>
      <Extensions>rc;ico;cur;bmp;dlg;rc2;rct;bin;rgs;gif;jpg;jpeg;jpe;resx;tiff;tif;png;wav;mfcribbon-ms</Extensions>
    </Filter>
    <Filter Include="Imported Source">
      <UniqueIdentifier>{0d8f360e-4348-47aa-b4f3-aebdfca0ae5c}</UniqueIdentifier>
    </Filter>
  </ItemGroup>
  <ItemGroup>
    <None Include="rt_rcdat.bin">
      <Filter>Resource Files</Filter>
    </None>
    <None Include="OricFont.bin">
      <Filter>Resource Files</Filter>
    </None>
    <None Include="rcdata1.bin">
      <Filter>Resource Files</Filter>
    </None>
    <None Include="bitmap1.bmp">
      <Filter>Resource Files</Filter>
    </None>
    <None Include="oric.bmp">
      <Filter>Resource Files</Filter>
    </None>
  </ItemGroup>
  <ItemGroup>
    <ClInclude Include="stdafx.h">
      <Filter>Header Files</Filter>
    </ClInclude>
    <ClInclude Include="targetver.h">
      <Filter>Header Files</Filter>
    </ClInclude>
    <ClInclude Include="OricDLL.h">
      <Filter>Header Files</Filter>
    </ClInclude>
    <ClInclude Include="OricDefs.h">
      <Filter>Header Files</Filter>
    </ClInclude>
    <ClInclude Include="resource.h">
      <Filter>Header Files</Filter>
    </ClInclude>
    <ClInclude Include="MFMDISKWrapper.h">
      <Filter>Header Files</Filter>
    </ClInclude>
    <ClInclude Include="ORICDSKSource.h">
      <Filter>Header Files</Filter>
    </ClInclude>
    <ClInclude Include="OricTAPFileSystem.h">
      <Filter>Header Files</Filter>
    </ClInclude>
    <ClInclude Include="OricTAPDirectory.h">
      <Filter>Header Files</Filter>
    </ClInclude>
  </ItemGroup>
  <ItemGroup>
    <ClCompile Include="stdafx.cpp">
      <Filter>Source Files</Filter>
    </ClCompile>
    <ClCompile Include="OricDLL.cpp">
      <Filter>Source Files</Filter>
    </ClCompile>
    <ClCompile Include="dllmain.cpp">
      <Filter>Source Files</Filter>
    </ClCompile>
    <ClCompile Include="..\NUTS\DataSource.cpp">
      <Filter>Imported Source</Filter>
    </ClCompile>
    <ClCompile Include="..\NUTS\ImageDataSource.cpp">
      <Filter>Imported Source</Filter>
    </ClCompile>
    <ClCompile Include="..\NUTS\libfuncs.cpp">
      <Filter>Imported Source</Filter>
    </ClCompile>
    <ClCompile Include="..\NUTS\NestedImageSource.cpp">
      <Filter>Imported Source</Filter>
    </ClCompile>
    <ClCompile Include="..\NUTS\NUTSError.cpp">
      <Filter>Imported Source</Filter>
    </ClCompile>
    <ClCompile Include="..\NUTS\Preference.cpp">
      <Filter>Imported Source</Filter>
    </ClCompile>
    <ClCompile Include="..\NUTS\SourceFunctions.cpp">
      <Filter>Imported Source</Filter>
    </ClCompile>
    <ClCompile Include="..\NUTS\TempFile.cpp">
      <Filter>Imported Source</Filter>
    </ClCompile>
    <ClCompile Include="MFMDISKWrapper.cpp">
      <Filter>Source Files</Filter>
    </ClCompile>
    <ClCompile Include="..\NUTS\OffsetDataSource.cpp">
      <Filter>Imported Source</Filter>
    </ClCompile>
    <ClCompile Include="ORICDSKSource.cpp">
      <Filter>Source Files</Filter>
    </ClCompile>
    <ClCompile Include="OricTAPFileSystem.cpp">
      <Filter>Source Files</Filter>
    </ClCompile>
    <ClCompile Include="OricTAPDirectory.cpp">
      <Filter>Source Files</Filter>
    </ClCompile>
  </ItemGroup>
  <ItemGroup>
    <ResourceCompile Include="OricDLL.rc">
      <Filter>Resource Files</Filter>
    </ResourceCompile>
  </ItemGroup>
</Project>