<?xml version="1.0" encoding="utf-8"?>
<Project ToolsVersion="4.0" xmlns="http://schemas.microsoft.com/developer/msbuild/2003">
  <ItemGroup>
    <Filter Include="Source Files">
      <UniqueIdentifier>{4FC737F1-C7A5-4376-A066-2A32D752A2FF}</UniqueIdentifier>
      <Extensions>cpp;c;cc;cxx;def;odl;idl;hpj;bat;asm;asmx</Extensions>
    </Filter>
    <Filter Include="Header Files">
      <UniqueIdentifier>{93995380-89BD-4b04-88EB-625FBE52EBFB}</UniqueIdentifier>
      <Extensions>h;hpp;hxx;hm;inl;inc;xsd</Extensions>
    </Filter>
    <Filter Include="Resource Files">
      <UniqueIdentifier>{67DA6AB6-F800-4c08-8B7A-83BB121AAD01}</UniqueIdentifier>
      <Extensions>rc;ico;cur;bmp;dlg;rc2;rct;bin;rgs;gif;jpg;jpeg;jpe;resx;tiff;tif;png;wav;mfcribbon-ms</Extensions>
    </Filter>
    <Filter Include="Source Files\Imported Source">
      <UniqueIdentifier>{e2374f58-d20e-47fd-bb2a-a4b673d7771f}</UniqueIdentifier>
    </Filter>
    <Filter Include="Header Files\OpenCBM">
      <UniqueIdentifier>{0bac9b62-e57a-4a48-ae87-e8bd8f8cdcf0}</UniqueIdentifier>
    </Filter>
  </ItemGroup>
  <ItemGroup>
    <ClInclude Include="stdafx.h">
      <Filter>Header Files</Filter>
    </ClInclude>
    <ClInclude Include="targetver.h">
      <Filter>Header Files</Filter>
    </ClInclude>
    <ClInclude Include="CBMDLL.h">
      <Filter>Header Files</Filter>
    </ClInclude>
    <ClInclude Include="D64Directory.h">
      <Filter>Header Files</Filter>
    </ClInclude>
    <ClInclude Include="D64FileSystem.h">
      <Filter>Header Files</Filter>
    </ClInclude>
    <ClInclude Include="IECATADirectory.h">
      <Filter>Header Files</Filter>
    </ClInclude>
    <ClInclude Include="IECATAFileSystem.h">
      <Filter>Header Files</Filter>
    </ClInclude>
    <ClInclude Include="resource.h">
      <Filter>Header Files</Filter>
    </ClInclude>
    <ClInclude Include="BAM.h">
      <Filter>Header Files</Filter>
    </ClInclude>
    <ClInclude Include="CBMFunctions.h">
      <Filter>Header Files</Filter>
    </ClInclude>
    <ClInclude Include="opencbm-plugin.h">
      <Filter>Header Files\OpenCBM</Filter>
    </ClInclude>
    <ClInclude Include="OpenCBMSource.h">
      <Filter>Header Files</Filter>
    </ClInclude>
    <ClInclude Include="opencbm.h">
      <Filter>Header Files\OpenCBM</Filter>
    </ClInclude>
    <ClInclude Include="OpenCBMPlugin.h">
      <Filter>Header Files</Filter>
    </ClInclude>
  </ItemGroup>
  <ItemGroup>
    <ClCompile Include="stdafx.cpp">
      <Filter>Source Files</Filter>
    </ClCompile>
    <ClCompile Include="CBMDLL.cpp">
      <Filter>Source Files</Filter>
    </ClCompile>
    <ClCompile Include="dllmain.cpp">
      <Filter>Source Files</Filter>
    </ClCompile>
    <ClCompile Include="D64Directory.cpp">
      <Filter>Source Files</Filter>
    </ClCompile>
    <ClCompile Include="D64FileSystem.cpp">
      <Filter>Source Files</Filter>
    </ClCompile>
    <ClCompile Include="IECATADirectory.cpp">
      <Filter>Source Files</Filter>
    </ClCompile>
    <ClCompile Include="IECATAFileSystem.cpp">
      <Filter>Source Files</Filter>
    </ClCompile>
    <ClCompile Include="..\NUTS\libfuncs.cpp">
      <Filter>Source Files\Imported Source</Filter>
    </ClCompile>
    <ClCompile Include="..\NUTS\NUTSError.cpp">
      <Filter>Source Files\Imported Source</Filter>
    </ClCompile>
    <ClCompile Include="..\NUTS\TempFile.cpp">
      <Filter>Source Files\Imported Source</Filter>
    </ClCompile>
    <ClCompile Include="..\NUTS\DataSource.cpp">
      <Filter>Source Files\Imported Source</Filter>
    </ClCompile>
    <ClCompile Include="..\NUTS\ImageDataSource.cpp">
      <Filter>Source Files\Imported Source</Filter>
    </ClCompile>
    <ClCompile Include="..\NUTS\NestedImageSource.cpp">
      <Filter>Source Files\Imported Source</Filter>
    </ClCompile>
    <ClCompile Include="BAM.cpp">
      <Filter>Source Files</Filter>
    </ClCompile>
    <ClCompile Include="CBMFunctions.cpp">
      <Filter>Source Files</Filter>
    </ClCompile>
    <ClCompile Include="OpenCBMSource.cpp">
      <Filter>Source Files</Filter>
    </ClCompile>
    <ClCompile Include="OpenCBMPlugin.cpp">
      <Filter>Source Files</Filter>
    </ClCompile>
    <ClCompile Include="..\NUTS\Preference.cpp">
      <Filter>Source Files\Imported Source</Filter>
    </ClCompile>
  </ItemGroup>
  <ItemGroup>
    <ResourceCompile Include="CBMDLL.rc">
      <Filter>Resource Files</Filter>
    </ResourceCompile>
  </ItemGroup>
  <ItemGroup>
    <None Include="c64.bin">
      <Filter>Resource Files</Filter>
    </None>
    <None Include="repair.bmp">
      <Filter>Resource Files</Filter>
    </None>
    <None Include="bitmap1.bmp">
      <Filter>Resource Files</Filter>
    </None>
    <None Include="serialport.bmp">
      <Filter>Resource Files</Filter>
    </None>
    <None Include="opencbm.bmp">
      <Filter>Resource Files</Filter>
    </None>
  </ItemGroup>
</Project>